{
  "version": 4,
  "terraform_version": "1.2.4",
  "serial": 2552,
  "lineage": "1831fd9d-fcc2-92cd-9299-d9c13e360c68",
  "outputs": {
    "instance_rproxy_id": {
      "value": "i-0d152a465f5c60879",
      "type": "string"
    },
    "instance_rproxy_local_ip": {
      "value": "192.168.0.4",
      "type": "string"
    },
    "instance_rproxy_public_ip": {
      "value": "34.192.11.132",
      "type": "string"
    },
    "region": {
      "value": "us-east-1",
      "type": "string"
    }
  },
  "resources": [
    {
      "mode": "data",
      "type": "aws_ami",
      "name": "ubuntu",
      "provider": "provider[\"registry.terraform.io/hashicorp/aws\"]",
      "instances": [
        {
          "schema_version": 0,
          "attributes": {
            "architecture": "x86_64",
            "arn": "arn:aws:ec2:us-east-1::image/ami-0f136f37138f59e54",
            "block_device_mappings": [
              {
                "device_name": "/dev/sda1",
                "ebs": {
                  "delete_on_termination": "true",
                  "encrypted": "false",
                  "iops": "0",
                  "snapshot_id": "snap-0d577002dce385d88",
                  "throughput": "0",
                  "volume_size": "8",
                  "volume_type": "gp2"
                },
                "no_device": "",
                "virtual_name": ""
              },
              {
                "device_name": "/dev/sdb",
                "ebs": {},
                "no_device": "",
                "virtual_name": "ephemeral0"
              },
              {
                "device_name": "/dev/sdc",
                "ebs": {},
                "no_device": "",
                "virtual_name": "ephemeral1"
              }
            ],
            "creation_date": "2022-10-14T23:58:46.000Z",
            "description": "Canonical, Ubuntu, 20.04 LTS, amd64 focal image build on 2022-10-14",
            "ena_support": true,
            "executable_users": null,
            "filter": [
              {
                "name": "name",
                "values": [
                  "ubuntu/images/hvm-ssd/ubuntu-focal-20.04-amd64-server-*"
                ]
              },
              {
                "name": "virtualization-type",
                "values": [
                  "hvm"
                ]
              }
            ],
            "hypervisor": "xen",
            "id": "ami-0f136f37138f59e54",
            "image_id": "ami-0f136f37138f59e54",
            "image_location": "amazon/ubuntu/images/hvm-ssd/ubuntu-focal-20.04-amd64-server-20221014",
            "image_owner_alias": "amazon",
            "image_type": "machine",
            "kernel_id": null,
            "most_recent": true,
            "name": "ubuntu/images/hvm-ssd/ubuntu-focal-20.04-amd64-server-20221014",
            "name_regex": null,
            "owner_id": "099720109477",
            "owners": [
              "099720109477"
            ],
            "platform": null,
            "platform_details": "Linux/UNIX",
            "product_codes": [],
            "public": true,
            "ramdisk_id": null,
            "root_device_name": "/dev/sda1",
            "root_device_type": "ebs",
            "root_snapshot_id": "snap-0d577002dce385d88",
            "sriov_net_support": "simple",
            "state": "available",
            "state_reason": {
              "code": "UNSET",
              "message": "UNSET"
            },
            "tags": {},
            "usage_operation": "RunInstances",
            "virtualization_type": "hvm"
          },
          "sensitive_attributes": []
        }
      ]
    },
    {
      "mode": "data",
      "type": "aws_region",
      "name": "current",
      "provider": "provider[\"registry.terraform.io/hashicorp/aws\"]",
      "instances": [
        {
          "schema_version": 0,
          "attributes": {
            "description": "US East (N. Virginia)",
            "endpoint": "ec2.us-east-1.amazonaws.com",
            "id": "us-east-1",
            "name": "us-east-1"
          },
          "sensitive_attributes": []
        }
      ]
    },
    {
      "mode": "data",
      "type": "cloudflare_zone",
      "name": "domain-zone",
      "provider": "provider[\"registry.terraform.io/cloudflare/cloudflare\"]",
      "instances": [
        {
          "schema_version": 0,
          "attributes": {
            "account_id": "0224fa3a10066028d16b2f8bf64bab16",
            "id": "8b593594cfe4ab6f759b50457ca69118",
            "name": "citytours.ge",
            "name_servers": [
              "april.ns.cloudflare.com",
              "evan.ns.cloudflare.com"
            ],
            "paused": false,
            "plan": "Free Website",
            "status": "active",
            "vanity_name_servers": [],
            "zone_id": "8b593594cfe4ab6f759b50457ca69118"
          },
          "sensitive_attributes": []
        }
      ]
    },
    {
      "mode": "managed",
      "type": "aws_default_route_table",
      "name": "diplom-default-route-table",
      "provider": "provider[\"registry.terraform.io/hashicorp/aws\"]",
      "instances": [
        {
          "schema_version": 0,
          "attributes": {
            "arn": "arn:aws:ec2:us-east-1:710137062404:route-table/rtb-04d407788d78eb01e",
            "default_route_table_id": "rtb-04d407788d78eb01e",
            "id": "rtb-04d407788d78eb01e",
            "owner_id": "710137062404",
            "propagating_vgws": null,
            "route": [
              {
                "cidr_block": "0.0.0.0/0",
                "destination_prefix_list_id": "",
                "egress_only_gateway_id": "",
                "gateway_id": "igw-0bef54e1fe16a0eff",
                "instance_id": "",
                "ipv6_cidr_block": "",
                "nat_gateway_id": "",
                "network_interface_id": "",
                "transit_gateway_id": "",
                "vpc_endpoint_id": "",
                "vpc_peering_connection_id": ""
              }
            ],
            "tags": {
              "Name": "diplom-default-route-table"
            },
            "tags_all": {
              "Name": "diplom-default-route-table"
            },
            "timeouts": null,
            "vpc_id": "vpc-01474857307648f80"
          },
          "sensitive_attributes": [],
          "private": "eyJlMmJmYjczMC1lY2FhLTExZTYtOGY4OC0zNDM2M2JjN2M0YzAiOnsiY3JlYXRlIjoxMjAwMDAwMDAwMDAsInVwZGF0ZSI6MTIwMDAwMDAwMDAwfX0=",
          "dependencies": [
            "aws_internet_gateway.diplom-igw",
            "aws_vpc.diplom-vpc"
          ]
        }
      ]
    },
    {
      "mode": "managed",
      "type": "aws_eip",
      "name": "diplom-elastic-ip-rproxy",
      "provider": "provider[\"registry.terraform.io/hashicorp/aws\"]",
      "instances": [
        {
          "schema_version": 0,
          "attributes": {
            "address": null,
            "allocation_id": "eipalloc-0d1ce879876fd6528",
            "associate_with_private_ip": "192.168.0.4",
            "association_id": "eipassoc-0af7d57c83ef64f45",
            "carrier_ip": "",
            "customer_owned_ip": "",
            "customer_owned_ipv4_pool": "",
            "domain": "vpc",
            "id": "eipalloc-0d1ce879876fd6528",
            "instance": "",
            "network_border_group": "us-east-1",
            "network_interface": "eni-0a2e8d1251cd0c90c",
            "private_dns": "ip-192-168-0-4.ec2.internal",
            "private_ip": "192.168.0.4",
            "public_dns": "ec2-34-192-11-132.compute-1.amazonaws.com",
            "public_ip": "34.192.11.132",
            "public_ipv4_pool": "amazon",
            "tags": null,
            "tags_all": {},
            "timeouts": null,
            "vpc": true
          },
          "sensitive_attributes": [],
          "private": "eyJlMmJmYjczMC1lY2FhLTExZTYtOGY4OC0zNDM2M2JjN2M0YzAiOnsiZGVsZXRlIjoxODAwMDAwMDAwMDAsInJlYWQiOjkwMDAwMDAwMDAwMCwidXBkYXRlIjozMDAwMDAwMDAwMDB9fQ==",
          "dependencies": [
            "aws_internet_gateway.diplom-igw",
            "aws_network_interface.diplom-public-network_interface-rproxy",
            "aws_security_group.allow_all_output",
            "aws_security_group.allow_internal_traffic",
            "aws_security_group.allow_ping",
            "aws_security_group.allow_ssh",
            "aws_security_group.allow_web",
            "aws_subnet.diplom-public-subnet",
            "aws_vpc.diplom-vpc",
            "null_resource.wait"
          ]
        }
      ]
    },
    {
      "mode": "managed",
      "type": "aws_eip",
      "name": "diplom-elastic-ip_for_nat-gw",
      "provider": "provider[\"registry.terraform.io/hashicorp/aws\"]",
      "instances": [
        {
          "schema_version": 0,
          "attributes": {
            "address": null,
            "allocation_id": "eipalloc-0b0c74a93943284b4",
            "associate_with_private_ip": null,
            "association_id": "",
            "carrier_ip": "",
            "customer_owned_ip": "",
            "customer_owned_ipv4_pool": "",
            "domain": "vpc",
            "id": "eipalloc-0b0c74a93943284b4",
            "instance": "",
            "network_border_group": "us-east-1",
            "network_interface": "",
            "private_dns": null,
            "private_ip": "",
            "public_dns": "ec2-3-227-31-48.compute-1.amazonaws.com",
            "public_ip": "3.227.31.48",
            "public_ipv4_pool": "amazon",
            "tags": {
              "Name": "diplom-elastic-ip_for_nat-gw"
            },
            "tags_all": {
              "Name": "diplom-elastic-ip_for_nat-gw"
            },
            "timeouts": null,
            "vpc": true
          },
          "sensitive_attributes": [],
          "private": "eyJlMmJmYjczMC1lY2FhLTExZTYtOGY4OC0zNDM2M2JjN2M0YzAiOnsiZGVsZXRlIjoxODAwMDAwMDAwMDAsInJlYWQiOjkwMDAwMDAwMDAwMCwidXBkYXRlIjozMDAwMDAwMDAwMDB9fQ=="
        }
      ]
    },
    {
      "mode": "managed",
      "type": "aws_instance",
      "name": "diplom-vm-db_node",
      "provider": "provider[\"registry.terraform.io/hashicorp/aws\"]",
      "instances": [
        {
          "index_key": 0,
          "schema_version": 1,
          "attributes": {
            "ami": "ami-0f136f37138f59e54",
            "arn": "arn:aws:ec2:us-east-1:710137062404:instance/i-076e88e11b4be5442",
            "associate_public_ip_address": false,
            "availability_zone": "us-east-1a",
            "capacity_reservation_specification": [
              {
                "capacity_reservation_preference": "open",
                "capacity_reservation_target": []
              }
            ],
            "cpu_core_count": 1,
            "cpu_threads_per_core": 1,
            "credit_specification": [
              {
                "cpu_credits": "standard"
              }
            ],
            "disable_api_termination": false,
            "ebs_block_device": [],
            "ebs_optimized": false,
            "enclave_options": [
              {
                "enabled": false
              }
            ],
            "ephemeral_block_device": [],
            "get_password_data": false,
            "hibernation": false,
            "host_id": null,
            "iam_instance_profile": "",
            "id": "i-076e88e11b4be5442",
            "instance_initiated_shutdown_behavior": "stop",
            "instance_state": "running",
            "instance_type": "t2.small",
            "ipv6_address_count": 0,
            "ipv6_addresses": [],
            "key_name": "alexander-key-to-aws",
            "launch_template": [],
            "metadata_options": [
              {
                "http_endpoint": "enabled",
                "http_put_response_hop_limit": 1,
                "http_tokens": "optional",
                "instance_metadata_tags": "disabled"
              }
            ],
            "monitoring": false,
            "network_interface": [
              {
                "delete_on_termination": false,
                "device_index": 0,
                "network_interface_id": "eni-0b7f3ba61b540fb0c"
              }
            ],
            "outpost_arn": "",
            "password_data": "",
            "placement_group": "",
            "placement_partition_number": null,
            "primary_network_interface_id": "eni-0b7f3ba61b540fb0c",
            "private_dns": "ip-192-168-1-4.ec2.internal",
            "private_ip": "192.168.1.4",
            "public_dns": "",
            "public_ip": "",
            "root_block_device": [
              {
                "delete_on_termination": true,
                "device_name": "/dev/sda1",
                "encrypted": false,
                "iops": 100,
                "kms_key_id": "",
                "tags": {},
                "throughput": 0,
                "volume_id": "vol-0507352a1b7d82771",
                "volume_size": 8,
                "volume_type": "gp2"
              }
            ],
            "secondary_private_ips": [],
            "security_groups": [],
            "source_dest_check": true,
            "subnet_id": "subnet-0f2108ded0a00bb4b",
            "tags": {
              "Name": "diplom-vm-db_node_1"
            },
            "tags_all": {
              "Name": "diplom-vm-db_node_1"
            },
            "tenancy": "default",
            "timeouts": null,
            "user_data": null,
            "user_data_base64": null,
            "volume_tags": null,
            "vpc_security_group_ids": [
              "sg-099938bb7deff5c7d",
              "sg-0c63a04b66f06293c",
              "sg-0cca2f880f068489d",
              "sg-0df0e69db59bce2a8",
              "sg-0f2585c148b166433"
            ]
          },
          "sensitive_attributes": [],
          "private": "eyJlMmJmYjczMC1lY2FhLTExZTYtOGY4OC0zNDM2M2JjN2M0YzAiOnsiY3JlYXRlIjo2MDAwMDAwMDAwMDAsImRlbGV0ZSI6MTIwMDAwMDAwMDAwMCwidXBkYXRlIjo2MDAwMDAwMDAwMDB9LCJzY2hlbWFfdmVyc2lvbiI6IjEifQ==",
          "dependencies": [
            "aws_key_pair.kp",
            "aws_network_interface.diplom-private-network_interface-db_node",
            "aws_security_group.allow_all_output",
            "aws_security_group.allow_internal_traffic",
            "aws_security_group.allow_ping",
            "aws_security_group.allow_ssh",
            "aws_security_group.allow_web",
            "aws_subnet.diplom-private-subnet-1",
            "aws_vpc.diplom-vpc",
            "data.aws_ami.ubuntu",
            "tls_private_key.pk"
          ]
        },
        {
          "index_key": 1,
          "schema_version": 1,
          "attributes": {
            "ami": "ami-0f136f37138f59e54",
            "arn": "arn:aws:ec2:us-east-1:710137062404:instance/i-05bade1fff89c360f",
            "associate_public_ip_address": false,
            "availability_zone": "us-east-1a",
            "capacity_reservation_specification": [
              {
                "capacity_reservation_preference": "open",
                "capacity_reservation_target": []
              }
            ],
            "cpu_core_count": 1,
            "cpu_threads_per_core": 1,
            "credit_specification": [
              {
                "cpu_credits": "standard"
              }
            ],
            "disable_api_termination": false,
            "ebs_block_device": [],
            "ebs_optimized": false,
            "enclave_options": [
              {
                "enabled": false
              }
            ],
            "ephemeral_block_device": [],
            "get_password_data": false,
            "hibernation": false,
            "host_id": null,
            "iam_instance_profile": "",
            "id": "i-05bade1fff89c360f",
            "instance_initiated_shutdown_behavior": "stop",
            "instance_state": "running",
            "instance_type": "t2.small",
            "ipv6_address_count": 0,
            "ipv6_addresses": [],
            "key_name": "alexander-key-to-aws",
            "launch_template": [],
            "metadata_options": [
              {
                "http_endpoint": "enabled",
                "http_put_response_hop_limit": 1,
                "http_tokens": "optional",
                "instance_metadata_tags": "disabled"
              }
            ],
            "monitoring": false,
            "network_interface": [
              {
                "delete_on_termination": false,
                "device_index": 0,
                "network_interface_id": "eni-00a6ba7072306a2d0"
              }
            ],
            "outpost_arn": "",
            "password_data": "",
            "placement_group": "",
            "placement_partition_number": null,
            "primary_network_interface_id": "eni-00a6ba7072306a2d0",
            "private_dns": "ip-192-168-1-5.ec2.internal",
            "private_ip": "192.168.1.5",
            "public_dns": "",
            "public_ip": "",
            "root_block_device": [
              {
                "delete_on_termination": true,
                "device_name": "/dev/sda1",
                "encrypted": false,
                "iops": 100,
                "kms_key_id": "",
                "tags": {},
                "throughput": 0,
                "volume_id": "vol-0d9ab3c359612f3b6",
                "volume_size": 8,
                "volume_type": "gp2"
              }
            ],
            "secondary_private_ips": [],
            "security_groups": [],
            "source_dest_check": true,
            "subnet_id": "subnet-0f2108ded0a00bb4b",
            "tags": {
              "Name": "diplom-vm-db_node_2"
            },
            "tags_all": {
              "Name": "diplom-vm-db_node_2"
            },
            "tenancy": "default",
            "timeouts": null,
            "user_data": null,
            "user_data_base64": null,
            "volume_tags": null,
            "vpc_security_group_ids": [
              "sg-099938bb7deff5c7d",
              "sg-0c63a04b66f06293c",
              "sg-0cca2f880f068489d",
              "sg-0df0e69db59bce2a8",
              "sg-0f2585c148b166433"
            ]
          },
          "sensitive_attributes": [],
          "private": "eyJlMmJmYjczMC1lY2FhLTExZTYtOGY4OC0zNDM2M2JjN2M0YzAiOnsiY3JlYXRlIjo2MDAwMDAwMDAwMDAsImRlbGV0ZSI6MTIwMDAwMDAwMDAwMCwidXBkYXRlIjo2MDAwMDAwMDAwMDB9LCJzY2hlbWFfdmVyc2lvbiI6IjEifQ==",
          "dependencies": [
            "aws_key_pair.kp",
            "aws_network_interface.diplom-private-network_interface-db_node",
            "aws_security_group.allow_all_output",
            "aws_security_group.allow_internal_traffic",
            "aws_security_group.allow_ping",
            "aws_security_group.allow_ssh",
            "aws_security_group.allow_web",
            "aws_subnet.diplom-private-subnet-1",
            "aws_vpc.diplom-vpc",
            "data.aws_ami.ubuntu",
            "tls_private_key.pk"
          ]
        }
      ]
    },
    {
      "mode": "managed",
      "type": "aws_instance",
      "name": "diplom-vm-gitlab_node",
      "provider": "provider[\"registry.terraform.io/hashicorp/aws\"]",
      "instances": [
        {
          "schema_version": 1,
          "attributes": {
            "ami": "ami-0f136f37138f59e54",
            "arn": "arn:aws:ec2:us-east-1:710137062404:instance/i-065ca1945d8544b92",
            "associate_public_ip_address": false,
            "availability_zone": "us-east-1a",
            "capacity_reservation_specification": [
              {
                "capacity_reservation_preference": "open",
                "capacity_reservation_target": []
              }
            ],
            "cpu_core_count": 2,
            "cpu_threads_per_core": 2,
            "credit_specification": [
              {
                "cpu_credits": "unlimited"
              }
            ],
            "disable_api_termination": false,
            "ebs_block_device": [],
            "ebs_optimized": false,
            "enclave_options": [
              {
                "enabled": false
              }
            ],
            "ephemeral_block_device": [],
            "get_password_data": false,
            "hibernation": false,
            "host_id": null,
            "iam_instance_profile": "",
            "id": "i-065ca1945d8544b92",
            "instance_initiated_shutdown_behavior": "stop",
            "instance_state": "running",
            "instance_type": "t3.xlarge",
            "ipv6_address_count": 0,
            "ipv6_addresses": [],
            "key_name": "alexander-key-to-aws",
            "launch_template": [],
            "metadata_options": [
              {
                "http_endpoint": "enabled",
                "http_put_response_hop_limit": 1,
                "http_tokens": "optional",
                "instance_metadata_tags": "disabled"
              }
            ],
            "monitoring": false,
            "network_interface": [
              {
                "delete_on_termination": false,
                "device_index": 0,
                "network_interface_id": "eni-0046274f1f608d6d4"
              }
            ],
            "outpost_arn": "",
            "password_data": "",
            "placement_group": "",
            "placement_partition_number": null,
            "primary_network_interface_id": "eni-0046274f1f608d6d4",
            "private_dns": "ip-192-168-1-7.ec2.internal",
            "private_ip": "192.168.1.7",
            "public_dns": "",
            "public_ip": "",
            "root_block_device": [
              {
                "delete_on_termination": true,
                "device_name": "/dev/sda1",
                "encrypted": false,
                "iops": 100,
                "kms_key_id": "",
                "tags": null,
                "throughput": 0,
                "volume_id": "vol-09cb788c776f1c08d",
                "volume_size": 20,
                "volume_type": "gp2"
              }
            ],
            "secondary_private_ips": [],
            "security_groups": [],
            "source_dest_check": true,
            "subnet_id": "subnet-0f2108ded0a00bb4b",
            "tags": {
              "Name": "diplom-vm-gitlab_node"
            },
            "tags_all": {
              "Name": "diplom-vm-gitlab_node"
            },
            "tenancy": "default",
            "timeouts": null,
            "user_data": null,
            "user_data_base64": null,
            "volume_tags": null,
            "vpc_security_group_ids": [
              "sg-099938bb7deff5c7d",
              "sg-0c63a04b66f06293c",
              "sg-0cca2f880f068489d",
              "sg-0df0e69db59bce2a8",
              "sg-0f2585c148b166433"
            ]
          },
          "sensitive_attributes": [],
          "private": "eyJlMmJmYjczMC1lY2FhLTExZTYtOGY4OC0zNDM2M2JjN2M0YzAiOnsiY3JlYXRlIjo2MDAwMDAwMDAwMDAsImRlbGV0ZSI6MTIwMDAwMDAwMDAwMCwidXBkYXRlIjo2MDAwMDAwMDAwMDB9LCJzY2hlbWFfdmVyc2lvbiI6IjEifQ==",
          "dependencies": [
            "aws_key_pair.kp",
            "aws_network_interface.diplom-private-network_interface-gitlab_node",
            "aws_security_group.allow_all_output",
            "aws_security_group.allow_internal_traffic",
            "aws_security_group.allow_ping",
            "aws_security_group.allow_ssh",
            "aws_security_group.allow_web",
            "aws_subnet.diplom-private-subnet-1",
            "aws_vpc.diplom-vpc",
            "data.aws_ami.ubuntu",
            "tls_private_key.pk"
          ]
        }
      ]
    },
    {
      "mode": "managed",
      "type": "aws_instance",
      "name": "diplom-vm-gitlabrunner_node",
      "provider": "provider[\"registry.terraform.io/hashicorp/aws\"]",
      "instances": [
        {
          "schema_version": 1,
          "attributes": {
            "ami": "ami-0f136f37138f59e54",
            "arn": "arn:aws:ec2:us-east-1:710137062404:instance/i-0180a7c1e09d8154b",
            "associate_public_ip_address": false,
            "availability_zone": "us-east-1a",
            "capacity_reservation_specification": [
              {
                "capacity_reservation_preference": "open",
                "capacity_reservation_target": []
              }
            ],
            "cpu_core_count": 1,
            "cpu_threads_per_core": 2,
            "credit_specification": [
              {
                "cpu_credits": "unlimited"
              }
            ],
            "disable_api_termination": false,
            "ebs_block_device": [],
            "ebs_optimized": false,
            "enclave_options": [
              {
                "enabled": false
              }
            ],
            "ephemeral_block_device": [],
            "get_password_data": false,
            "hibernation": false,
            "host_id": null,
            "iam_instance_profile": "",
            "id": "i-0180a7c1e09d8154b",
            "instance_initiated_shutdown_behavior": "stop",
            "instance_state": "running",
            "instance_type": "t3.micro",
            "ipv6_address_count": 0,
            "ipv6_addresses": [],
            "key_name": "alexander-key-to-aws",
            "launch_template": [],
            "metadata_options": [
              {
                "http_endpoint": "enabled",
                "http_put_response_hop_limit": 1,
                "http_tokens": "optional",
                "instance_metadata_tags": "disabled"
              }
            ],
            "monitoring": false,
            "network_interface": [
              {
                "delete_on_termination": false,
                "device_index": 0,
                "network_interface_id": "eni-0dd71e337b4e90020"
              }
            ],
            "outpost_arn": "",
            "password_data": "",
            "placement_group": "",
            "placement_partition_number": null,
            "primary_network_interface_id": "eni-0dd71e337b4e90020",
            "private_dns": "ip-192-168-1-8.ec2.internal",
            "private_ip": "192.168.1.8",
            "public_dns": "",
            "public_ip": "",
            "root_block_device": [
              {
                "delete_on_termination": true,
                "device_name": "/dev/sda1",
                "encrypted": false,
                "iops": 100,
                "kms_key_id": "",
                "tags": {},
                "throughput": 0,
                "volume_id": "vol-08d5c5ba231d90fa0",
                "volume_size": 8,
                "volume_type": "gp2"
              }
            ],
            "secondary_private_ips": [],
            "security_groups": [],
            "source_dest_check": true,
            "subnet_id": "subnet-0f2108ded0a00bb4b",
            "tags": {
              "Name": "diplom-vm-gitlabrunner_node"
            },
            "tags_all": {
              "Name": "diplom-vm-gitlabrunner_node"
            },
            "tenancy": "default",
            "timeouts": null,
            "user_data": null,
            "user_data_base64": null,
            "volume_tags": null,
            "vpc_security_group_ids": [
              "sg-099938bb7deff5c7d",
              "sg-0c63a04b66f06293c",
              "sg-0cca2f880f068489d",
              "sg-0df0e69db59bce2a8",
              "sg-0f2585c148b166433"
            ]
          },
          "sensitive_attributes": [],
          "private": "eyJlMmJmYjczMC1lY2FhLTExZTYtOGY4OC0zNDM2M2JjN2M0YzAiOnsiY3JlYXRlIjo2MDAwMDAwMDAwMDAsImRlbGV0ZSI6MTIwMDAwMDAwMDAwMCwidXBkYXRlIjo2MDAwMDAwMDAwMDB9LCJzY2hlbWFfdmVyc2lvbiI6IjEifQ==",
          "dependencies": [
            "aws_key_pair.kp",
            "aws_network_interface.diplom-private-network_interface-gitlabrunner_node",
            "aws_security_group.allow_all_output",
            "aws_security_group.allow_internal_traffic",
            "aws_security_group.allow_ping",
            "aws_security_group.allow_ssh",
            "aws_security_group.allow_web",
            "aws_subnet.diplom-private-subnet-1",
            "aws_vpc.diplom-vpc",
            "data.aws_ami.ubuntu",
            "tls_private_key.pk"
          ]
        }
      ]
    },
    {
      "mode": "managed",
      "type": "aws_instance",
      "name": "diplom-vm-rproxy",
      "provider": "provider[\"registry.terraform.io/hashicorp/aws\"]",
      "instances": [
        {
          "schema_version": 1,
          "attributes": {
            "ami": "ami-0f136f37138f59e54",
            "arn": "arn:aws:ec2:us-east-1:710137062404:instance/i-0d152a465f5c60879",
            "associate_public_ip_address": true,
            "availability_zone": "us-east-1a",
            "capacity_reservation_specification": [
              {
                "capacity_reservation_preference": "open",
                "capacity_reservation_target": []
              }
            ],
            "cpu_core_count": 1,
            "cpu_threads_per_core": 1,
            "credit_specification": [
              {
                "cpu_credits": "standard"
              }
            ],
            "disable_api_termination": false,
            "ebs_block_device": [],
            "ebs_optimized": false,
            "enclave_options": [
              {
                "enabled": false
              }
            ],
            "ephemeral_block_device": [],
            "get_password_data": false,
            "hibernation": false,
            "host_id": null,
            "iam_instance_profile": "",
            "id": "i-0d152a465f5c60879",
            "instance_initiated_shutdown_behavior": "stop",
            "instance_state": "running",
            "instance_type": "t2.micro",
            "ipv6_address_count": 0,
            "ipv6_addresses": [],
            "key_name": "alexander-key-to-aws",
            "launch_template": [],
            "metadata_options": [
              {
                "http_endpoint": "enabled",
                "http_put_response_hop_limit": 1,
                "http_tokens": "optional",
                "instance_metadata_tags": "disabled"
              }
            ],
            "monitoring": false,
            "network_interface": [
              {
                "delete_on_termination": false,
                "device_index": 0,
                "network_interface_id": "eni-0a2e8d1251cd0c90c"
              }
            ],
            "outpost_arn": "",
            "password_data": "",
            "placement_group": "",
            "placement_partition_number": null,
            "primary_network_interface_id": "eni-0a2e8d1251cd0c90c",
            "private_dns": "ip-192-168-0-4.ec2.internal",
            "private_ip": "192.168.0.4",
            "public_dns": "",
            "public_ip": "34.192.11.132",
            "root_block_device": [
              {
                "delete_on_termination": true,
                "device_name": "/dev/sda1",
                "encrypted": false,
                "iops": 100,
                "kms_key_id": "",
                "tags": {},
                "throughput": 0,
                "volume_id": "vol-0a6073ae12beba84e",
                "volume_size": 8,
                "volume_type": "gp2"
              }
            ],
            "secondary_private_ips": [],
            "security_groups": [],
            "source_dest_check": true,
            "subnet_id": "subnet-08e559e85c8d44342",
            "tags": {
              "Name": "diplom-vm-rproxy"
            },
            "tags_all": {
              "Name": "diplom-vm-rproxy"
            },
            "tenancy": "default",
            "timeouts": null,
            "user_data": null,
            "user_data_base64": null,
            "volume_tags": null,
            "vpc_security_group_ids": [
              "sg-099938bb7deff5c7d",
              "sg-0c63a04b66f06293c",
              "sg-0cca2f880f068489d",
              "sg-0df0e69db59bce2a8",
              "sg-0f2585c148b166433"
            ]
          },
          "sensitive_attributes": [],
          "private": "eyJlMmJmYjczMC1lY2FhLTExZTYtOGY4OC0zNDM2M2JjN2M0YzAiOnsiY3JlYXRlIjo2MDAwMDAwMDAwMDAsImRlbGV0ZSI6MTIwMDAwMDAwMDAwMCwidXBkYXRlIjo2MDAwMDAwMDAwMDB9LCJzY2hlbWFfdmVyc2lvbiI6IjEifQ==",
          "dependencies": [
            "aws_eip.diplom-elastic-ip-rproxy",
            "aws_internet_gateway.diplom-igw",
            "aws_key_pair.kp",
            "aws_network_interface.diplom-public-network_interface-rproxy",
            "aws_security_group.allow_all_output",
            "aws_security_group.allow_internal_traffic",
            "aws_security_group.allow_ping",
            "aws_security_group.allow_ssh",
            "aws_security_group.allow_web",
            "aws_subnet.diplom-public-subnet",
            "aws_vpc.diplom-vpc",
            "data.aws_ami.ubuntu",
            "null_resource.wait",
            "tls_private_key.pk"
          ]
        }
      ]
    },
    {
      "mode": "managed",
      "type": "aws_instance",
      "name": "diplom-vm-web_node",
      "provider": "provider[\"registry.terraform.io/hashicorp/aws\"]",
      "instances": [
        {
          "schema_version": 1,
          "attributes": {
            "ami": "ami-0f136f37138f59e54",
            "arn": "arn:aws:ec2:us-east-1:710137062404:instance/i-01eb28ea7738ec08b",
            "associate_public_ip_address": false,
            "availability_zone": "us-east-1a",
            "capacity_reservation_specification": [
              {
                "capacity_reservation_preference": "open",
                "capacity_reservation_target": []
              }
            ],
            "cpu_core_count": 1,
            "cpu_threads_per_core": 1,
            "credit_specification": [
              {
                "cpu_credits": "standard"
              }
            ],
            "disable_api_termination": false,
            "ebs_block_device": [],
            "ebs_optimized": false,
            "enclave_options": [
              {
                "enabled": false
              }
            ],
            "ephemeral_block_device": [],
            "get_password_data": false,
            "hibernation": false,
            "host_id": null,
            "iam_instance_profile": "",
            "id": "i-01eb28ea7738ec08b",
            "instance_initiated_shutdown_behavior": "stop",
            "instance_state": "running",
            "instance_type": "t2.micro",
            "ipv6_address_count": 0,
            "ipv6_addresses": [],
            "key_name": "alexander-key-to-aws",
            "launch_template": [],
            "metadata_options": [
              {
                "http_endpoint": "enabled",
                "http_put_response_hop_limit": 1,
                "http_tokens": "optional",
                "instance_metadata_tags": "disabled"
              }
            ],
            "monitoring": false,
            "network_interface": [
              {
                "delete_on_termination": false,
                "device_index": 0,
                "network_interface_id": "eni-0069e504401c6783e"
              }
            ],
            "outpost_arn": "",
            "password_data": "",
            "placement_group": "",
            "placement_partition_number": null,
            "primary_network_interface_id": "eni-0069e504401c6783e",
            "private_dns": "ip-192-168-1-6.ec2.internal",
            "private_ip": "192.168.1.6",
            "public_dns": "",
            "public_ip": "",
            "root_block_device": [
              {
                "delete_on_termination": true,
                "device_name": "/dev/sda1",
                "encrypted": false,
                "iops": 100,
                "kms_key_id": "",
                "tags": {},
                "throughput": 0,
                "volume_id": "vol-0f5a27e468ee4af89",
                "volume_size": 8,
                "volume_type": "gp2"
              }
            ],
            "secondary_private_ips": [],
            "security_groups": [],
            "source_dest_check": true,
            "subnet_id": "subnet-0f2108ded0a00bb4b",
            "tags": {
              "Name": "diplom-vm-web_node"
            },
            "tags_all": {
              "Name": "diplom-vm-web_node"
            },
            "tenancy": "default",
            "timeouts": null,
            "user_data": null,
            "user_data_base64": null,
            "volume_tags": null,
            "vpc_security_group_ids": [
              "sg-099938bb7deff5c7d",
              "sg-0c63a04b66f06293c",
              "sg-0cca2f880f068489d",
              "sg-0df0e69db59bce2a8",
              "sg-0f2585c148b166433"
            ]
          },
          "sensitive_attributes": [],
          "private": "eyJlMmJmYjczMC1lY2FhLTExZTYtOGY4OC0zNDM2M2JjN2M0YzAiOnsiY3JlYXRlIjo2MDAwMDAwMDAwMDAsImRlbGV0ZSI6MTIwMDAwMDAwMDAwMCwidXBkYXRlIjo2MDAwMDAwMDAwMDB9LCJzY2hlbWFfdmVyc2lvbiI6IjEifQ==",
          "dependencies": [
            "aws_key_pair.kp",
            "aws_network_interface.diplom-private-network_interface-web_node",
            "aws_security_group.allow_all_output",
            "aws_security_group.allow_internal_traffic",
            "aws_security_group.allow_ping",
            "aws_security_group.allow_ssh",
            "aws_security_group.allow_web",
            "aws_subnet.diplom-private-subnet-1",
            "aws_vpc.diplom-vpc",
            "data.aws_ami.ubuntu",
            "tls_private_key.pk"
          ]
        }
      ]
    },
    {
      "mode": "managed",
      "type": "aws_internet_gateway",
      "name": "diplom-igw",
      "provider": "provider[\"registry.terraform.io/hashicorp/aws\"]",
      "instances": [
        {
          "schema_version": 0,
          "attributes": {
            "arn": "arn:aws:ec2:us-east-1:710137062404:internet-gateway/igw-0bef54e1fe16a0eff",
            "id": "igw-0bef54e1fe16a0eff",
            "owner_id": "710137062404",
            "tags": {
              "Name": "diplom-internet-gateway"
            },
            "tags_all": {
              "Name": "diplom-internet-gateway"
            },
            "vpc_id": "vpc-01474857307648f80"
          },
          "sensitive_attributes": [],
          "private": "bnVsbA==",
          "dependencies": [
            "aws_vpc.diplom-vpc"
          ]
        }
      ]
    },
    {
      "mode": "managed",
      "type": "aws_key_pair",
      "name": "kp",
      "provider": "provider[\"registry.terraform.io/hashicorp/aws\"]",
      "instances": [
        {
          "schema_version": 1,
          "attributes": {
            "arn": "arn:aws:ec2:us-east-1:710137062404:key-pair/alexander-key-to-aws",
            "fingerprint": "63:5b:30:df:e7:97:b2:3b:79:0b:01:2b:f3:f6:da:1d",
            "id": "alexander-key-to-aws",
            "key_name": "alexander-key-to-aws",
            "key_name_prefix": "",
            "key_pair_id": "key-069fbfcc04888e0ff",
            "public_key": "ssh-rsa AAAAB3NzaC1yc2EAAAADAQABAAACAQC57Z9LEEzWE/as+y27OZ3T6zmEitvkM+x34uEs68HVLKZwnx2Ni9idJq04js/omG/qbz2ncnIBsE6wWxQoWbLzWKpln4FGVUoIU6tw5XKwtUBPSuZDOZix4arRNOB5eqKwtdpQaFgd47ya5RAG2WCcwd2MqAdfO9d/RL+BcGX5hyd1RHmIq8S07Z2FeahRolcMcPE5NDqjN8esoJPHasmg4Dmm8dZ0MLrbU9Ej+KlpfK6d134y5W//6/NE2CyXwdvsGd/S9umUL3hFNL5bDKGNby1MhwwIDtms3lvPY0kSu2/4fLIU4xG/dkhVi3fC5OegB4eb/ARLLl9ffeLo1GmCQqtPVZ8wtdrEZpmuWC4KeSy/AI8uM0w3Z9hNUHJQebp10A+NjFuglqXR0GUmF15FCz8eOLfF7PAkuAT+z9lokCKiZMqBpgwQcgc2/J0X9WTiCWu5Yev9buT4jOA8QUYu9XNYUrR3Eo87EBkaKDyJxXTnzCh7s8tj/0xp3Bq6dLyhzdjcJRRoEvwnaHbXcOxBsj2J85UrYSz4HiiizhBytwLO194bNi/uFneQdoo3h4gngqxAqfJMyfiHdp29OcfbUy0WtHKU4XkENt/fTYJArsOtcIUS3XMoADsB6OXDpPDjqxLNOx2bWwWX5O0chL9JdE5psOIArq/DGIMi0ZDVNw==",
            "tags": null,
            "tags_all": {}
          },
          "sensitive_attributes": [],
          "private": "eyJzY2hlbWFfdmVyc2lvbiI6IjEifQ==",
          "dependencies": [
            "tls_private_key.pk"
          ]
        }
      ]
    },
    {
      "mode": "managed",
      "type": "aws_nat_gateway",
      "name": "diplom-nat-gw",
      "provider": "provider[\"registry.terraform.io/hashicorp/aws\"]",
      "instances": [
        {
          "schema_version": 0,
          "attributes": {
            "allocation_id": "eipalloc-0b0c74a93943284b4",
            "connectivity_type": "public",
            "id": "nat-0969bb8c5d8f58cc9",
            "network_interface_id": "eni-0f4dac360856b5882",
            "private_ip": "192.168.0.166",
            "public_ip": "3.227.31.48",
            "subnet_id": "subnet-08e559e85c8d44342",
            "tags": {
              "Name": "diplom-nat-gw"
            },
            "tags_all": {
              "Name": "diplom-nat-gw"
            }
          },
          "sensitive_attributes": [],
          "private": "bnVsbA==",
          "dependencies": [
            "aws_eip.diplom-elastic-ip_for_nat-gw",
            "aws_internet_gateway.diplom-igw",
            "aws_subnet.diplom-public-subnet",
            "aws_vpc.diplom-vpc"
          ]
        }
      ]
    },
    {
      "mode": "managed",
      "type": "aws_network_interface",
      "name": "diplom-private-network_interface-db_node",
      "provider": "provider[\"registry.terraform.io/hashicorp/aws\"]",
      "instances": [
        {
          "index_key": 0,
          "schema_version": 0,
          "attributes": {
            "arn": "arn:aws:ec2:us-east-1:710137062404:network-interface/eni-0b7f3ba61b540fb0c",
            "attachment": [],
            "description": "",
            "id": "eni-0b7f3ba61b540fb0c",
            "interface_type": "interface",
            "ipv4_prefix_count": 0,
            "ipv4_prefixes": [],
            "ipv6_address_count": 0,
            "ipv6_address_list": [],
            "ipv6_address_list_enabled": false,
            "ipv6_addresses": [],
            "ipv6_prefix_count": 0,
            "ipv6_prefixes": [],
            "mac_address": "0e:f9:57:fa:d1:5f",
            "outpost_arn": "",
            "owner_id": "710137062404",
            "private_dns_name": "",
            "private_ip": "192.168.1.4",
            "private_ip_list": [
              "192.168.1.4"
            ],
            "private_ip_list_enabled": false,
            "private_ips": [
              "192.168.1.4"
            ],
            "private_ips_count": 0,
            "security_groups": [
              "sg-099938bb7deff5c7d",
              "sg-0c63a04b66f06293c",
              "sg-0cca2f880f068489d",
              "sg-0df0e69db59bce2a8",
              "sg-0f2585c148b166433"
            ],
            "source_dest_check": true,
            "subnet_id": "subnet-0f2108ded0a00bb4b",
            "tags": {
              "Name": "diplom-private-network_interface-db_0_node"
            },
            "tags_all": {
              "Name": "diplom-private-network_interface-db_0_node"
            }
          },
          "sensitive_attributes": [],
          "private": "bnVsbA==",
          "dependencies": [
            "aws_security_group.allow_all_output",
            "aws_security_group.allow_internal_traffic",
            "aws_security_group.allow_ping",
            "aws_security_group.allow_ssh",
            "aws_security_group.allow_web",
            "aws_subnet.diplom-private-subnet-1",
            "aws_vpc.diplom-vpc"
          ]
        },
        {
          "index_key": 1,
          "schema_version": 0,
          "attributes": {
            "arn": "arn:aws:ec2:us-east-1:710137062404:network-interface/eni-00a6ba7072306a2d0",
            "attachment": [],
            "description": "",
            "id": "eni-00a6ba7072306a2d0",
            "interface_type": "interface",
            "ipv4_prefix_count": 0,
            "ipv4_prefixes": [],
            "ipv6_address_count": 0,
            "ipv6_address_list": [],
            "ipv6_address_list_enabled": false,
            "ipv6_addresses": [],
            "ipv6_prefix_count": 0,
            "ipv6_prefixes": [],
            "mac_address": "0e:4c:ba:15:62:7f",
            "outpost_arn": "",
            "owner_id": "710137062404",
            "private_dns_name": "",
            "private_ip": "192.168.1.5",
            "private_ip_list": [
              "192.168.1.5"
            ],
            "private_ip_list_enabled": false,
            "private_ips": [
              "192.168.1.5"
            ],
            "private_ips_count": 0,
            "security_groups": [
              "sg-099938bb7deff5c7d",
              "sg-0c63a04b66f06293c",
              "sg-0cca2f880f068489d",
              "sg-0df0e69db59bce2a8",
              "sg-0f2585c148b166433"
            ],
            "source_dest_check": true,
            "subnet_id": "subnet-0f2108ded0a00bb4b",
            "tags": {
              "Name": "diplom-private-network_interface-db_1_node"
            },
            "tags_all": {
              "Name": "diplom-private-network_interface-db_1_node"
            }
          },
          "sensitive_attributes": [],
          "private": "bnVsbA==",
          "dependencies": [
            "aws_security_group.allow_all_output",
            "aws_security_group.allow_internal_traffic",
            "aws_security_group.allow_ping",
            "aws_security_group.allow_ssh",
            "aws_security_group.allow_web",
            "aws_subnet.diplom-private-subnet-1",
            "aws_vpc.diplom-vpc"
          ]
        }
      ]
    },
    {
      "mode": "managed",
      "type": "aws_network_interface",
      "name": "diplom-private-network_interface-gitlab_node",
      "provider": "provider[\"registry.terraform.io/hashicorp/aws\"]",
      "instances": [
        {
          "schema_version": 0,
          "attributes": {
            "arn": "arn:aws:ec2:us-east-1:710137062404:network-interface/eni-0046274f1f608d6d4",
            "attachment": [],
            "description": "",
            "id": "eni-0046274f1f608d6d4",
            "interface_type": "interface",
            "ipv4_prefix_count": 0,
            "ipv4_prefixes": [],
            "ipv6_address_count": 0,
            "ipv6_address_list": [],
            "ipv6_address_list_enabled": false,
            "ipv6_addresses": [],
            "ipv6_prefix_count": 0,
            "ipv6_prefixes": [],
            "mac_address": "0e:c6:3b:45:7c:a7",
            "outpost_arn": "",
            "owner_id": "710137062404",
            "private_dns_name": "",
            "private_ip": "192.168.1.7",
            "private_ip_list": [
              "192.168.1.7"
            ],
            "private_ip_list_enabled": false,
            "private_ips": [
              "192.168.1.7"
            ],
            "private_ips_count": 0,
            "security_groups": [
              "sg-099938bb7deff5c7d",
              "sg-0c63a04b66f06293c",
              "sg-0cca2f880f068489d",
              "sg-0df0e69db59bce2a8",
              "sg-0f2585c148b166433"
            ],
            "source_dest_check": true,
            "subnet_id": "subnet-0f2108ded0a00bb4b",
            "tags": {
              "Name": "diplom-private-network_interface-gitlab_node"
            },
            "tags_all": {
              "Name": "diplom-private-network_interface-gitlab_node"
            }
          },
          "sensitive_attributes": [],
          "private": "bnVsbA==",
          "dependencies": [
            "aws_security_group.allow_all_output",
            "aws_security_group.allow_internal_traffic",
            "aws_security_group.allow_ping",
            "aws_security_group.allow_ssh",
            "aws_security_group.allow_web",
            "aws_subnet.diplom-private-subnet-1",
            "aws_vpc.diplom-vpc"
          ]
        }
      ]
    },
    {
      "mode": "managed",
      "type": "aws_network_interface",
      "name": "diplom-private-network_interface-gitlabrunner_node",
      "provider": "provider[\"registry.terraform.io/hashicorp/aws\"]",
      "instances": [
        {
          "schema_version": 0,
          "attributes": {
            "arn": "arn:aws:ec2:us-east-1:710137062404:network-interface/eni-0dd71e337b4e90020",
            "attachment": [],
            "description": "",
            "id": "eni-0dd71e337b4e90020",
            "interface_type": "interface",
            "ipv4_prefix_count": 0,
            "ipv4_prefixes": [],
            "ipv6_address_count": 0,
            "ipv6_address_list": [],
            "ipv6_address_list_enabled": false,
            "ipv6_addresses": [],
            "ipv6_prefix_count": 0,
            "ipv6_prefixes": [],
            "mac_address": "0e:29:c6:44:9a:8f",
            "outpost_arn": "",
            "owner_id": "710137062404",
            "private_dns_name": "",
            "private_ip": "192.168.1.8",
            "private_ip_list": [
              "192.168.1.8"
            ],
            "private_ip_list_enabled": false,
            "private_ips": [
              "192.168.1.8"
            ],
            "private_ips_count": 0,
            "security_groups": [
              "sg-099938bb7deff5c7d",
              "sg-0c63a04b66f06293c",
              "sg-0cca2f880f068489d",
              "sg-0df0e69db59bce2a8",
              "sg-0f2585c148b166433"
            ],
            "source_dest_check": true,
            "subnet_id": "subnet-0f2108ded0a00bb4b",
            "tags": {
              "Name": "diplom-private-network_interface-gitlabrunner_node"
            },
            "tags_all": {
              "Name": "diplom-private-network_interface-gitlabrunner_node"
            }
          },
          "sensitive_attributes": [],
          "private": "bnVsbA==",
          "dependencies": [
            "aws_security_group.allow_all_output",
            "aws_security_group.allow_internal_traffic",
            "aws_security_group.allow_ping",
            "aws_security_group.allow_ssh",
            "aws_security_group.allow_web",
            "aws_subnet.diplom-private-subnet-1",
            "aws_vpc.diplom-vpc"
          ]
        }
      ]
    },
    {
      "mode": "managed",
      "type": "aws_network_interface",
      "name": "diplom-private-network_interface-grafana_node",
      "provider": "provider[\"registry.terraform.io/hashicorp/aws\"]",
      "instances": [
        {
          "schema_version": 0,
          "attributes": {
            "arn": "arn:aws:ec2:us-east-1:710137062404:network-interface/eni-0da5f15fbd428d36a",
            "attachment": [],
            "description": "",
            "id": "eni-0da5f15fbd428d36a",
            "interface_type": "interface",
            "ipv4_prefix_count": 0,
            "ipv4_prefixes": [],
            "ipv6_address_count": 0,
            "ipv6_address_list": [],
            "ipv6_address_list_enabled": false,
            "ipv6_addresses": [],
            "ipv6_prefix_count": 0,
            "ipv6_prefixes": [],
            "mac_address": "0e:5b:df:33:c0:93",
            "outpost_arn": "",
            "owner_id": "710137062404",
            "private_dns_name": "",
            "private_ip": "192.168.1.9",
            "private_ip_list": [
              "192.168.1.9"
            ],
            "private_ip_list_enabled": false,
            "private_ips": [
              "192.168.1.9"
            ],
            "private_ips_count": 0,
            "security_groups": [
              "sg-099938bb7deff5c7d",
              "sg-0c63a04b66f06293c",
              "sg-0cca2f880f068489d",
              "sg-0df0e69db59bce2a8",
              "sg-0f2585c148b166433"
            ],
            "source_dest_check": true,
            "subnet_id": "subnet-0f2108ded0a00bb4b",
            "tags": {
              "Name": "diplom-private-network_interface-grafana_node"
            },
            "tags_all": {
              "Name": "diplom-private-network_interface-grafana_node"
            }
          },
          "sensitive_attributes": [],
          "private": "bnVsbA==",
          "dependencies": [
            "aws_security_group.allow_all_output",
            "aws_security_group.allow_internal_traffic",
            "aws_security_group.allow_ping",
            "aws_security_group.allow_ssh",
            "aws_security_group.allow_web",
            "aws_subnet.diplom-private-subnet-1",
            "aws_vpc.diplom-vpc"
          ]
        }
      ]
    },
    {
      "mode": "managed",
      "type": "aws_network_interface",
      "name": "diplom-private-network_interface-web_node",
      "provider": "provider[\"registry.terraform.io/hashicorp/aws\"]",
      "instances": [
        {
          "schema_version": 0,
          "attributes": {
            "arn": "arn:aws:ec2:us-east-1:710137062404:network-interface/eni-0069e504401c6783e",
            "attachment": [],
            "description": "",
            "id": "eni-0069e504401c6783e",
            "interface_type": "interface",
            "ipv4_prefix_count": 0,
            "ipv4_prefixes": [],
            "ipv6_address_count": 0,
            "ipv6_address_list": [],
            "ipv6_address_list_enabled": false,
            "ipv6_addresses": [],
            "ipv6_prefix_count": 0,
            "ipv6_prefixes": [],
            "mac_address": "0e:93:ca:96:cc:c5",
            "outpost_arn": "",
            "owner_id": "710137062404",
            "private_dns_name": "",
            "private_ip": "192.168.1.6",
            "private_ip_list": [
              "192.168.1.6"
            ],
            "private_ip_list_enabled": false,
            "private_ips": [
              "192.168.1.6"
            ],
            "private_ips_count": 0,
            "security_groups": [
              "sg-099938bb7deff5c7d",
              "sg-0c63a04b66f06293c",
              "sg-0cca2f880f068489d",
              "sg-0df0e69db59bce2a8",
              "sg-0f2585c148b166433"
            ],
            "source_dest_check": true,
            "subnet_id": "subnet-0f2108ded0a00bb4b",
            "tags": {
              "Name": "diplom-private-network_interface-web_node"
            },
            "tags_all": {
              "Name": "diplom-private-network_interface-web_node"
            }
          },
          "sensitive_attributes": [],
          "private": "bnVsbA==",
          "dependencies": [
            "aws_security_group.allow_all_output",
            "aws_security_group.allow_internal_traffic",
            "aws_security_group.allow_ping",
            "aws_security_group.allow_ssh",
            "aws_security_group.allow_web",
            "aws_subnet.diplom-private-subnet-1",
            "aws_vpc.diplom-vpc"
          ]
        }
      ]
    },
    {
      "mode": "managed",
      "type": "aws_network_interface",
      "name": "diplom-public-network_interface-rproxy",
      "provider": "provider[\"registry.terraform.io/hashicorp/aws\"]",
      "instances": [
        {
          "schema_version": 0,
          "attributes": {
            "arn": "arn:aws:ec2:us-east-1:710137062404:network-interface/eni-0a2e8d1251cd0c90c",
            "attachment": [],
            "description": "",
            "id": "eni-0a2e8d1251cd0c90c",
            "interface_type": "interface",
            "ipv4_prefix_count": 0,
            "ipv4_prefixes": [],
            "ipv6_address_count": 0,
            "ipv6_address_list": [],
            "ipv6_address_list_enabled": false,
            "ipv6_addresses": [],
            "ipv6_prefix_count": 0,
            "ipv6_prefixes": [],
            "mac_address": "0e:d3:05:86:f4:13",
            "outpost_arn": "",
            "owner_id": "710137062404",
            "private_dns_name": "",
            "private_ip": "192.168.0.4",
            "private_ip_list": [
              "192.168.0.4"
            ],
            "private_ip_list_enabled": false,
            "private_ips": [
              "192.168.0.4"
            ],
            "private_ips_count": 0,
            "security_groups": [
              "sg-099938bb7deff5c7d",
              "sg-0c63a04b66f06293c",
              "sg-0cca2f880f068489d",
              "sg-0df0e69db59bce2a8",
              "sg-0f2585c148b166433"
            ],
            "source_dest_check": true,
            "subnet_id": "subnet-08e559e85c8d44342",
            "tags": {
              "Name": "diplom-public-network_interface-rproxy"
            },
            "tags_all": {
              "Name": "diplom-public-network_interface-rproxy"
            }
          },
          "sensitive_attributes": [],
          "private": "bnVsbA==",
          "dependencies": [
            "aws_security_group.allow_all_output",
            "aws_security_group.allow_internal_traffic",
            "aws_security_group.allow_ping",
            "aws_security_group.allow_ssh",
            "aws_security_group.allow_web",
            "aws_subnet.diplom-public-subnet",
            "aws_vpc.diplom-vpc"
          ]
        }
      ]
    },
    {
      "mode": "managed",
      "type": "aws_route_table",
      "name": "diplom-route-table-private-via-nat",
      "provider": "provider[\"registry.terraform.io/hashicorp/aws\"]",
      "instances": [
        {
          "schema_version": 0,
          "attributes": {
            "arn": "arn:aws:ec2:us-east-1:710137062404:route-table/rtb-0e033a9db40b7c59d",
            "id": "rtb-0e033a9db40b7c59d",
            "owner_id": "710137062404",
            "propagating_vgws": [],
            "route": [
              {
                "carrier_gateway_id": "",
                "cidr_block": "0.0.0.0/0",
                "destination_prefix_list_id": "",
                "egress_only_gateway_id": "",
                "gateway_id": "nat-0969bb8c5d8f58cc9",
                "instance_id": "",
                "ipv6_cidr_block": "",
                "local_gateway_id": "",
                "nat_gateway_id": "",
                "network_interface_id": "",
                "transit_gateway_id": "",
                "vpc_endpoint_id": "",
                "vpc_peering_connection_id": ""
              }
            ],
            "tags": {
              "Name": "diplom-route-table-private-via-nat"
            },
            "tags_all": {
              "Name": "diplom-route-table-private-via-nat"
            },
            "timeouts": null,
            "vpc_id": "vpc-01474857307648f80"
          },
          "sensitive_attributes": [],
          "private": "eyJlMmJmYjczMC1lY2FhLTExZTYtOGY4OC0zNDM2M2JjN2M0YzAiOnsiY3JlYXRlIjozMDAwMDAwMDAwMDAsImRlbGV0ZSI6MzAwMDAwMDAwMDAwLCJ1cGRhdGUiOjEyMDAwMDAwMDAwMH19",
          "dependencies": [
            "aws_eip.diplom-elastic-ip_for_nat-gw",
            "aws_internet_gateway.diplom-igw",
            "aws_nat_gateway.diplom-nat-gw",
            "aws_subnet.diplom-public-subnet",
            "aws_vpc.diplom-vpc"
          ]
        }
      ]
    },
    {
      "mode": "managed",
      "type": "aws_route_table_association",
      "name": "diplom-private1-to-NAT-route_table-assoc",
      "provider": "provider[\"registry.terraform.io/hashicorp/aws\"]",
      "instances": [
        {
          "schema_version": 0,
          "attributes": {
            "gateway_id": "",
            "id": "rtbassoc-0710c4c59ddc63d00",
            "route_table_id": "rtb-0e033a9db40b7c59d",
            "subnet_id": "subnet-0f2108ded0a00bb4b"
          },
          "sensitive_attributes": [],
          "private": "bnVsbA==",
          "dependencies": [
            "aws_eip.diplom-elastic-ip_for_nat-gw",
            "aws_internet_gateway.diplom-igw",
            "aws_nat_gateway.diplom-nat-gw",
            "aws_route_table.diplom-route-table-private-via-nat",
            "aws_subnet.diplom-private-subnet-1",
            "aws_subnet.diplom-public-subnet",
            "aws_vpc.diplom-vpc"
          ]
        }
      ]
    },
    {
      "mode": "managed",
      "type": "aws_security_group",
      "name": "allow_all_output",
      "provider": "provider[\"registry.terraform.io/hashicorp/aws\"]",
      "instances": [
        {
          "schema_version": 1,
          "attributes": {
            "arn": "arn:aws:ec2:us-east-1:710137062404:security-group/sg-0c63a04b66f06293c",
            "description": "Allow All Output traffic",
            "egress": [
              {
                "cidr_blocks": [
                  "0.0.0.0/0"
                ],
                "description": "",
                "from_port": 0,
                "ipv6_cidr_blocks": [],
                "prefix_list_ids": [],
                "protocol": "-1",
                "security_groups": [],
                "self": false,
                "to_port": 0
              }
            ],
            "id": "sg-0c63a04b66f06293c",
            "ingress": [],
            "name": "allow_output",
            "name_prefix": "",
            "owner_id": "710137062404",
            "revoke_rules_on_delete": false,
            "tags": {
              "Name": "diplom_allow_all_output"
            },
            "tags_all": {
              "Name": "diplom_allow_all_output"
            },
            "timeouts": null,
            "vpc_id": "vpc-01474857307648f80"
          },
          "sensitive_attributes": [],
          "private": "eyJlMmJmYjczMC1lY2FhLTExZTYtOGY4OC0zNDM2M2JjN2M0YzAiOnsiY3JlYXRlIjo2MDAwMDAwMDAwMDAsImRlbGV0ZSI6OTAwMDAwMDAwMDAwfSwic2NoZW1hX3ZlcnNpb24iOiIxIn0=",
          "dependencies": [
            "aws_vpc.diplom-vpc"
          ]
        }
      ]
    },
    {
      "mode": "managed",
      "type": "aws_security_group",
      "name": "allow_internal_traffic",
      "provider": "provider[\"registry.terraform.io/hashicorp/aws\"]",
      "instances": [
        {
          "schema_version": 1,
          "attributes": {
            "arn": "arn:aws:ec2:us-east-1:710137062404:security-group/sg-099938bb7deff5c7d",
            "description": "Allow internal_traffic",
            "egress": [
              {
                "cidr_blocks": [
                  "192.168.0.0/16"
                ],
                "description": "",
                "from_port": 0,
                "ipv6_cidr_blocks": [],
                "prefix_list_ids": [],
                "protocol": "-1",
                "security_groups": [],
                "self": false,
                "to_port": 0
              }
            ],
            "id": "sg-099938bb7deff5c7d",
            "ingress": [
              {
                "cidr_blocks": [
                  "192.168.0.0/16"
                ],
                "description": "",
                "from_port": 0,
                "ipv6_cidr_blocks": [],
                "prefix_list_ids": [],
                "protocol": "-1",
                "security_groups": [],
                "self": false,
                "to_port": 0
              }
            ],
            "name": "allow_internal_traffic",
            "name_prefix": "",
            "owner_id": "710137062404",
            "revoke_rules_on_delete": false,
            "tags": {
              "Name": "diplom_allow_internal_traffic"
            },
            "tags_all": {
              "Name": "diplom_allow_internal_traffic"
            },
            "timeouts": null,
            "vpc_id": "vpc-01474857307648f80"
          },
          "sensitive_attributes": [],
          "private": "eyJlMmJmYjczMC1lY2FhLTExZTYtOGY4OC0zNDM2M2JjN2M0YzAiOnsiY3JlYXRlIjo2MDAwMDAwMDAwMDAsImRlbGV0ZSI6OTAwMDAwMDAwMDAwfSwic2NoZW1hX3ZlcnNpb24iOiIxIn0=",
          "dependencies": [
            "aws_vpc.diplom-vpc"
          ]
        }
      ]
    },
    {
      "mode": "managed",
      "type": "aws_security_group",
      "name": "allow_ping",
      "provider": "provider[\"registry.terraform.io/hashicorp/aws\"]",
      "instances": [
        {
          "schema_version": 1,
          "attributes": {
            "arn": "arn:aws:ec2:us-east-1:710137062404:security-group/sg-0df0e69db59bce2a8",
            "description": "Allow ping",
            "egress": [
              {
                "cidr_blocks": [
                  "0.0.0.0/0"
                ],
                "description": "",
                "from_port": -1,
                "ipv6_cidr_blocks": [],
                "prefix_list_ids": [],
                "protocol": "icmp",
                "security_groups": [],
                "self": false,
                "to_port": -1
              }
            ],
            "id": "sg-0df0e69db59bce2a8",
            "ingress": [
              {
                "cidr_blocks": [
                  "0.0.0.0/0"
                ],
                "description": "",
                "from_port": -1,
                "ipv6_cidr_blocks": [],
                "prefix_list_ids": [],
                "protocol": "icmp",
                "security_groups": [],
                "self": false,
                "to_port": -1
              }
            ],
            "name": "allow_ping",
            "name_prefix": "",
            "owner_id": "710137062404",
            "revoke_rules_on_delete": false,
            "tags": {
              "Name": "diplom_allow_ping"
            },
            "tags_all": {
              "Name": "diplom_allow_ping"
            },
            "timeouts": null,
            "vpc_id": "vpc-01474857307648f80"
          },
          "sensitive_attributes": [],
          "private": "eyJlMmJmYjczMC1lY2FhLTExZTYtOGY4OC0zNDM2M2JjN2M0YzAiOnsiY3JlYXRlIjo2MDAwMDAwMDAwMDAsImRlbGV0ZSI6OTAwMDAwMDAwMDAwfSwic2NoZW1hX3ZlcnNpb24iOiIxIn0=",
          "dependencies": [
            "aws_vpc.diplom-vpc"
          ]
        }
      ]
    },
    {
      "mode": "managed",
      "type": "aws_security_group",
      "name": "allow_ssh",
      "provider": "provider[\"registry.terraform.io/hashicorp/aws\"]",
      "instances": [
        {
          "schema_version": 1,
          "attributes": {
            "arn": "arn:aws:ec2:us-east-1:710137062404:security-group/sg-0f2585c148b166433",
            "description": "Allow ssh inbound traffic",
            "egress": [],
            "id": "sg-0f2585c148b166433",
            "ingress": [
              {
                "cidr_blocks": [
                  "0.0.0.0/0"
                ],
                "description": "SSH to VMs",
                "from_port": 22,
                "ipv6_cidr_blocks": [],
                "prefix_list_ids": [],
                "protocol": "tcp",
                "security_groups": [],
                "self": false,
                "to_port": 22
              }
            ],
            "name": "allow_ssh",
            "name_prefix": "",
            "owner_id": "710137062404",
            "revoke_rules_on_delete": false,
            "tags": {
              "Name": "diplom_allow_ssh"
            },
            "tags_all": {
              "Name": "diplom_allow_ssh"
            },
            "timeouts": null,
            "vpc_id": "vpc-01474857307648f80"
          },
          "sensitive_attributes": [],
          "private": "eyJlMmJmYjczMC1lY2FhLTExZTYtOGY4OC0zNDM2M2JjN2M0YzAiOnsiY3JlYXRlIjo2MDAwMDAwMDAwMDAsImRlbGV0ZSI6OTAwMDAwMDAwMDAwfSwic2NoZW1hX3ZlcnNpb24iOiIxIn0=",
          "dependencies": [
            "aws_vpc.diplom-vpc"
          ]
        }
      ]
    },
    {
      "mode": "managed",
      "type": "aws_security_group",
      "name": "allow_web",
      "provider": "provider[\"registry.terraform.io/hashicorp/aws\"]",
      "instances": [
        {
          "schema_version": 1,
          "attributes": {
            "arn": "arn:aws:ec2:us-east-1:710137062404:security-group/sg-0cca2f880f068489d",
            "description": "Allow web inbound traffic",
            "egress": [],
            "id": "sg-0cca2f880f068489d",
            "ingress": [
              {
                "cidr_blocks": [
                  "0.0.0.0/0"
                ],
                "description": "http to VMs",
                "from_port": 80,
                "ipv6_cidr_blocks": [],
                "prefix_list_ids": [],
                "protocol": "tcp",
                "security_groups": [],
                "self": false,
                "to_port": 80
              },
              {
                "cidr_blocks": [
                  "0.0.0.0/0"
                ],
                "description": "https to VMs",
                "from_port": 443,
                "ipv6_cidr_blocks": [],
                "prefix_list_ids": [],
                "protocol": "tcp",
                "security_groups": [],
                "self": false,
                "to_port": 443
              }
            ],
            "name": "allow_web",
            "name_prefix": "",
            "owner_id": "710137062404",
            "revoke_rules_on_delete": false,
            "tags": {
              "Name": "diplom_allow_web"
            },
            "tags_all": {
              "Name": "diplom_allow_web"
            },
            "timeouts": null,
            "vpc_id": "vpc-01474857307648f80"
          },
          "sensitive_attributes": [],
          "private": "eyJlMmJmYjczMC1lY2FhLTExZTYtOGY4OC0zNDM2M2JjN2M0YzAiOnsiY3JlYXRlIjo2MDAwMDAwMDAwMDAsImRlbGV0ZSI6OTAwMDAwMDAwMDAwfSwic2NoZW1hX3ZlcnNpb24iOiIxIn0=",
          "dependencies": [
            "aws_vpc.diplom-vpc"
          ]
        }
      ]
    },
    {
      "mode": "managed",
      "type": "aws_subnet",
      "name": "diplom-private-subnet-1",
      "provider": "provider[\"registry.terraform.io/hashicorp/aws\"]",
      "instances": [
        {
          "schema_version": 1,
          "attributes": {
            "arn": "arn:aws:ec2:us-east-1:710137062404:subnet/subnet-0f2108ded0a00bb4b",
            "assign_ipv6_address_on_creation": false,
            "availability_zone": "us-east-1a",
            "availability_zone_id": "use1-az6",
            "cidr_block": "192.168.1.0/24",
            "customer_owned_ipv4_pool": "",
            "enable_dns64": false,
            "enable_resource_name_dns_a_record_on_launch": false,
            "enable_resource_name_dns_aaaa_record_on_launch": false,
            "id": "subnet-0f2108ded0a00bb4b",
            "ipv6_cidr_block": "",
            "ipv6_cidr_block_association_id": "",
            "ipv6_native": false,
            "map_customer_owned_ip_on_launch": false,
            "map_public_ip_on_launch": false,
            "outpost_arn": "",
            "owner_id": "710137062404",
            "private_dns_hostname_type_on_launch": "ip-name",
            "tags": {
              "Name": "diplom-private-Subnet-1"
            },
            "tags_all": {
              "Name": "diplom-private-Subnet-1"
            },
            "timeouts": null,
            "vpc_id": "vpc-01474857307648f80"
          },
          "sensitive_attributes": [],
          "private": "eyJlMmJmYjczMC1lY2FhLTExZTYtOGY4OC0zNDM2M2JjN2M0YzAiOnsiY3JlYXRlIjo2MDAwMDAwMDAwMDAsImRlbGV0ZSI6MTIwMDAwMDAwMDAwMH0sInNjaGVtYV92ZXJzaW9uIjoiMSJ9",
          "dependencies": [
            "aws_vpc.diplom-vpc"
          ]
        }
      ]
    },
    {
      "mode": "managed",
      "type": "aws_subnet",
      "name": "diplom-private-subnet-2",
      "provider": "provider[\"registry.terraform.io/hashicorp/aws\"]",
      "instances": [
        {
          "schema_version": 1,
          "attributes": {
            "arn": "arn:aws:ec2:us-east-1:710137062404:subnet/subnet-09f88bc13d723e7f3",
            "assign_ipv6_address_on_creation": false,
            "availability_zone": "us-east-1b",
            "availability_zone_id": "use1-az1",
            "cidr_block": "192.168.2.0/24",
            "customer_owned_ipv4_pool": "",
            "enable_dns64": false,
            "enable_resource_name_dns_a_record_on_launch": false,
            "enable_resource_name_dns_aaaa_record_on_launch": false,
            "id": "subnet-09f88bc13d723e7f3",
            "ipv6_cidr_block": "",
            "ipv6_cidr_block_association_id": "",
            "ipv6_native": false,
            "map_customer_owned_ip_on_launch": false,
            "map_public_ip_on_launch": false,
            "outpost_arn": "",
            "owner_id": "710137062404",
            "private_dns_hostname_type_on_launch": "ip-name",
            "tags": {
              "Name": "diplom-private-Subnet-2"
            },
            "tags_all": {
              "Name": "diplom-private-Subnet-2"
            },
            "timeouts": null,
            "vpc_id": "vpc-01474857307648f80"
          },
          "sensitive_attributes": [],
          "private": "eyJlMmJmYjczMC1lY2FhLTExZTYtOGY4OC0zNDM2M2JjN2M0YzAiOnsiY3JlYXRlIjo2MDAwMDAwMDAwMDAsImRlbGV0ZSI6MTIwMDAwMDAwMDAwMH0sInNjaGVtYV92ZXJzaW9uIjoiMSJ9",
          "dependencies": [
            "aws_vpc.diplom-vpc"
          ]
        }
      ]
    },
    {
      "mode": "managed",
      "type": "aws_subnet",
      "name": "diplom-public-subnet",
      "provider": "provider[\"registry.terraform.io/hashicorp/aws\"]",
      "instances": [
        {
          "schema_version": 1,
          "attributes": {
            "arn": "arn:aws:ec2:us-east-1:710137062404:subnet/subnet-08e559e85c8d44342",
            "assign_ipv6_address_on_creation": false,
            "availability_zone": "us-east-1a",
            "availability_zone_id": "use1-az6",
            "cidr_block": "192.168.0.0/24",
            "customer_owned_ipv4_pool": "",
            "enable_dns64": false,
            "enable_resource_name_dns_a_record_on_launch": false,
            "enable_resource_name_dns_aaaa_record_on_launch": false,
            "id": "subnet-08e559e85c8d44342",
            "ipv6_cidr_block": "",
            "ipv6_cidr_block_association_id": "",
            "ipv6_native": false,
            "map_customer_owned_ip_on_launch": false,
            "map_public_ip_on_launch": true,
            "outpost_arn": "",
            "owner_id": "710137062404",
            "private_dns_hostname_type_on_launch": "ip-name",
            "tags": {
              "Name": "diplom-public-Subnet"
            },
            "tags_all": {
              "Name": "diplom-public-Subnet"
            },
            "timeouts": null,
            "vpc_id": "vpc-01474857307648f80"
          },
          "sensitive_attributes": [],
          "private": "eyJlMmJmYjczMC1lY2FhLTExZTYtOGY4OC0zNDM2M2JjN2M0YzAiOnsiY3JlYXRlIjo2MDAwMDAwMDAwMDAsImRlbGV0ZSI6MTIwMDAwMDAwMDAwMH0sInNjaGVtYV92ZXJzaW9uIjoiMSJ9",
          "dependencies": [
            "aws_vpc.diplom-vpc"
          ]
        }
      ]
    },
    {
      "mode": "managed",
      "type": "aws_vpc",
      "name": "diplom-vpc",
      "provider": "provider[\"registry.terraform.io/hashicorp/aws\"]",
      "instances": [
        {
          "schema_version": 1,
          "attributes": {
            "arn": "arn:aws:ec2:us-east-1:710137062404:vpc/vpc-01474857307648f80",
            "assign_generated_ipv6_cidr_block": false,
            "cidr_block": "192.168.0.0/16",
            "default_network_acl_id": "acl-02f124d36c83a8970",
            "default_route_table_id": "rtb-04d407788d78eb01e",
            "default_security_group_id": "sg-0c5d43a205145f259",
            "dhcp_options_id": "dopt-0fb9af6d",
            "enable_classiclink": false,
            "enable_classiclink_dns_support": false,
            "enable_dns_hostnames": false,
            "enable_dns_support": true,
            "id": "vpc-01474857307648f80",
            "instance_tenancy": "default",
            "ipv4_ipam_pool_id": null,
            "ipv4_netmask_length": null,
            "ipv6_association_id": "",
            "ipv6_cidr_block": "",
            "ipv6_cidr_block_network_border_group": "",
            "ipv6_ipam_pool_id": "",
            "ipv6_netmask_length": 0,
            "main_route_table_id": "rtb-04d407788d78eb01e",
            "owner_id": "710137062404",
            "tags": {
              "Name": "diplom-vpc"
            },
            "tags_all": {
              "Name": "diplom-vpc"
            }
          },
          "sensitive_attributes": [],
          "private": "eyJzY2hlbWFfdmVyc2lvbiI6IjEifQ=="
        }
      ]
    },
    {
      "mode": "managed",
      "type": "cloudflare_record",
      "name": "diplom_domain-l2-record",
      "provider": "provider[\"registry.terraform.io/cloudflare/cloudflare\"]",
      "instances": [
        {
          "schema_version": 2,
          "attributes": {
            "allow_overwrite": true,
            "created_on": "2022-10-16T10:33:29.172118Z",
            "data": [],
            "hostname": "citytours.ge",
            "id": "b63bd6a3a96cb34e41dcf05d42fb464c",
            "metadata": {
              "auto_added": "false",
              "managed_by_apps": "false",
              "managed_by_argo_tunnel": "false",
              "source": "primary"
            },
            "modified_on": "2022-10-16T10:33:29.172118Z",
            "name": "@",
            "priority": null,
            "proxiable": true,
            "proxied": false,
            "timeouts": null,
            "ttl": 60,
            "type": "A",
            "value": "34.192.11.132",
            "zone_id": "8b593594cfe4ab6f759b50457ca69118"
          },
          "sensitive_attributes": [],
          "private": "eyJlMmJmYjczMC1lY2FhLTExZTYtOGY4OC0zNDM2M2JjN2M0YzAiOnsiY3JlYXRlIjozMDAwMDAwMDAwMCwidXBkYXRlIjozMDAwMDAwMDAwMH0sInNjaGVtYV92ZXJzaW9uIjoiMiJ9",
          "dependencies": [
            "aws_eip.diplom-elastic-ip-rproxy",
            "aws_instance.diplom-vm-rproxy",
            "aws_internet_gateway.diplom-igw",
            "aws_key_pair.kp",
            "aws_network_interface.diplom-public-network_interface-rproxy",
            "aws_security_group.allow_all_output",
            "aws_security_group.allow_internal_traffic",
            "aws_security_group.allow_ping",
            "aws_security_group.allow_ssh",
            "aws_security_group.allow_web",
            "aws_subnet.diplom-public-subnet",
            "aws_vpc.diplom-vpc",
            "data.aws_ami.ubuntu",
            "data.cloudflare_zone.domain-zone",
            "null_resource.wait",
            "tls_private_key.pk"
          ]
        }
      ]
    },
    {
      "mode": "managed",
      "type": "local_file",
      "name": "hosts",
      "provider": "provider[\"registry.terraform.io/hashicorp/local\"]",
      "instances": [
        {
          "schema_version": 0,
          "attributes": {
            "content": "# this hosts creates in Terraform and was installed via Ansible.\n127.0.0.1 localhost\n#192.168.1.6 app.citytours.ge\n192.168.1.6 app.citytours.ge\n192.168.0.4 citytours.ge\n192.168.1.7 gitlab.citytours.ge\n192.168.1.8 runner.citytours.ge\n\n192.168.1.4 db01.citytours.ge\n\n192.168.1.5 db02.citytours.ge\n\n\n",
            "content_base64": null,
            "directory_permission": "0777",
            "file_permission": "0777",
            "filename": "../ansible/commonfiles/hosts",
            "id": "0406f77b0cc1a4861af1b924f0f61e46fd9995d6",
            "sensitive_content": null,
            "source": null
          },
          "sensitive_attributes": [],
          "private": "bnVsbA==",
          "dependencies": [
            "aws_eip.diplom-elastic-ip-rproxy",
            "aws_instance.diplom-vm-db_node",
            "aws_instance.diplom-vm-gitlab_node",
            "aws_instance.diplom-vm-gitlabrunner_node",
            "aws_instance.diplom-vm-rproxy",
            "aws_instance.diplom-vm-web_node",
            "aws_internet_gateway.diplom-igw",
            "aws_key_pair.kp",
            "aws_network_interface.diplom-private-network_interface-db_node",
            "aws_network_interface.diplom-private-network_interface-gitlab_node",
            "aws_network_interface.diplom-private-network_interface-gitlabrunner_node",
            "aws_network_interface.diplom-private-network_interface-web_node",
            "aws_network_interface.diplom-public-network_interface-rproxy",
            "aws_security_group.allow_all_output",
            "aws_security_group.allow_internal_traffic",
            "aws_security_group.allow_ping",
            "aws_security_group.allow_ssh",
            "aws_security_group.allow_web",
            "aws_subnet.diplom-private-subnet-1",
            "aws_subnet.diplom-public-subnet",
            "aws_vpc.diplom-vpc",
            "data.aws_ami.ubuntu",
            "null_resource.wait",
            "tls_private_key.pk"
          ]
        }
      ]
    },
    {
      "mode": "managed",
      "type": "local_file",
      "name": "inventory_db_nodes",
      "provider": "provider[\"registry.terraform.io/hashicorp/local\"]",
      "instances": [
        {
          "schema_version": 0,
          "attributes": {
            "content": "# Ansible inventory containing variable values from Terraform.\n# Generated by Terraform.\n[nodes:children]\ndb_nodes\n[db_nodes]\n\n\ndb01 ansible_host=192.168.1.4 ansible_ssh_private_key_file=~/.ssh/alexander-key-to-aws.pem ansible_ssh_common_args='-o StrictHostKeyChecking=no -o ProxyCommand=\"ssh -W %h:%p -q ubuntu@34.192.11.132 -i ~/.ssh/alexander-key-to-aws.pem -oStrictHostKeyChecking=accept-new\"'\n\ndb02 ansible_host=192.168.1.5 ansible_ssh_private_key_file=~/.ssh/alexander-key-to-aws.pem ansible_ssh_common_args='-o StrictHostKeyChecking=no -o ProxyCommand=\"ssh -W %h:%p -q ubuntu@34.192.11.132 -i ~/.ssh/alexander-key-to-aws.pem -oStrictHostKeyChecking=accept-new\"'\n\n",
            "content_base64": null,
            "directory_permission": "0777",
            "file_permission": "0777",
            "filename": "../ansible/db_nodes/inventory_db_nodes",
            "id": "569b889b073f692dfa0a7ffc6bcb83f6e4bd82d2",
            "sensitive_content": null,
            "source": null
          },
          "sensitive_attributes": [],
          "private": "bnVsbA==",
          "dependencies": [
            "aws_eip.diplom-elastic-ip-rproxy",
            "aws_instance.diplom-vm-db_node",
            "aws_instance.diplom-vm-rproxy",
            "aws_internet_gateway.diplom-igw",
            "aws_key_pair.kp",
            "aws_network_interface.diplom-private-network_interface-db_node",
            "aws_network_interface.diplom-public-network_interface-rproxy",
            "aws_security_group.allow_all_output",
            "aws_security_group.allow_internal_traffic",
            "aws_security_group.allow_ping",
            "aws_security_group.allow_ssh",
            "aws_security_group.allow_web",
            "aws_subnet.diplom-private-subnet-1",
            "aws_subnet.diplom-public-subnet",
            "aws_vpc.diplom-vpc",
            "data.aws_ami.ubuntu",
            "null_resource.wait",
            "tls_private_key.pk"
          ]
        }
      ]
    },
    {
      "mode": "managed",
      "type": "local_file",
      "name": "inventory_gitlab_nodes",
      "provider": "provider[\"registry.terraform.io/hashicorp/local\"]",
      "instances": [
        {
          "schema_version": 0,
          "attributes": {
            "content": "# Ansible inventory containing variable values from Terraform.\n# Generated by Terraform.\n[nodes:children]\ngitlab_nodes\ngitlabrunner_nodes\n\n[gitlab_nodes]\ngitlab_node ansible_host=192.168.1.7 ansible_ssh_private_key_file=~/.ssh/alexander-key-to-aws.pem ansible_ssh_common_args='-o StrictHostKeyChecking=no -o ProxyCommand=\"ssh -W %h:%p -q ubuntu@34.192.11.132 -i ~/.ssh/alexander-key-to-aws.pem -oStrictHostKeyChecking=accept-new\"'\n\n[gitlabrunner_nodes]\ngitlabrunner_node ansible_host=192.168.1.8 ansible_ssh_private_key_file=~/.ssh/alexander-key-to-aws.pem ansible_ssh_common_args='-o StrictHostKeyChecking=no -o ProxyCommand=\"ssh -W %h:%p -q ubuntu@34.192.11.132 -i ~/.ssh/alexander-key-to-aws.pem -oStrictHostKeyChecking=accept-new\"'\n\n",
            "content_base64": null,
            "directory_permission": "0777",
            "file_permission": "0777",
            "filename": "../ansible/gitlab_nodes/inventory_gitlab_nodes",
            "id": "da5d58a3d6d10d5514950cb3b4dd6a33d11bcaf2",
            "sensitive_content": null,
            "source": null
          },
          "sensitive_attributes": [],
          "private": "bnVsbA==",
          "dependencies": [
            "aws_eip.diplom-elastic-ip-rproxy",
            "aws_instance.diplom-vm-gitlab_node",
            "aws_instance.diplom-vm-gitlabrunner_node",
            "aws_instance.diplom-vm-rproxy",
            "aws_internet_gateway.diplom-igw",
            "aws_key_pair.kp",
            "aws_network_interface.diplom-private-network_interface-gitlab_node",
            "aws_network_interface.diplom-private-network_interface-gitlabrunner_node",
            "aws_network_interface.diplom-public-network_interface-rproxy",
            "aws_security_group.allow_all_output",
            "aws_security_group.allow_internal_traffic",
            "aws_security_group.allow_ping",
            "aws_security_group.allow_ssh",
            "aws_security_group.allow_web",
            "aws_subnet.diplom-private-subnet-1",
            "aws_subnet.diplom-public-subnet",
            "aws_vpc.diplom-vpc",
            "data.aws_ami.ubuntu",
            "null_resource.wait",
            "tls_private_key.pk"
          ]
        }
      ]
    },
    {
      "mode": "managed",
      "type": "local_file",
      "name": "inventory_rproxy",
      "provider": "provider[\"registry.terraform.io/hashicorp/local\"]",
      "instances": [
        {
          "schema_version": 0,
          "attributes": {
            "content": "# Ansible inventory containing variable values from Terraform.\n# Generated by Terraform.\n[nodes:children]\nrproxys\n[rproxys]\nrproxy ansible_host=34.192.11.132 ansible_ssh_private_key_file=~/.ssh/alexander-key-to-aws.pem ansible_ssh_common_args='-o StrictHostKeyChecking=no'\n",
            "content_base64": null,
            "directory_permission": "0777",
            "file_permission": "0777",
            "filename": "../ansible/rproxy/inventory_rproxy",
            "id": "4c3c72a3506b55393494b950b848a57b8ae2e3fe",
            "sensitive_content": null,
            "source": null
          },
          "sensitive_attributes": [],
          "private": "bnVsbA==",
          "dependencies": [
            "aws_eip.diplom-elastic-ip-rproxy",
            "aws_instance.diplom-vm-rproxy",
            "aws_internet_gateway.diplom-igw",
            "aws_key_pair.kp",
            "aws_network_interface.diplom-public-network_interface-rproxy",
            "aws_security_group.allow_all_output",
            "aws_security_group.allow_internal_traffic",
            "aws_security_group.allow_ping",
            "aws_security_group.allow_ssh",
            "aws_security_group.allow_web",
            "aws_subnet.diplom-public-subnet",
            "aws_vpc.diplom-vpc",
            "data.aws_ami.ubuntu",
            "null_resource.wait",
            "tls_private_key.pk"
          ]
        }
      ]
    },
    {
      "mode": "managed",
      "type": "local_file",
      "name": "inventory_web_node",
      "provider": "provider[\"registry.terraform.io/hashicorp/local\"]",
      "instances": [
        {
          "schema_version": 0,
          "attributes": {
            "content": "# Ansible inventory containing variable values from Terraform.\n# Generated by Terraform.\n[nodes:children]\nweb_nodes\n[web_nodes]\n\n#web_node ansible_host=192.168.1.6 ansible_ssh_private_key_file=~/.ssh/alexander-key-to-aws.pem ansible_ssh_common_args='-o StrictHostKeyChecking=no'\n#rproxy   ansible_host=34.192.11.132 ansible_ssh_private_key_file=~/.ssh/alexander-key-to-aws.pem ansible_ssh_common_args='-o StrictHostKeyChecking=no'\n\nweb_node ansible_host=192.168.1.6 ansible_ssh_private_key_file=~/.ssh/alexander-key-to-aws.pem ansible_ssh_common_args='-o StrictHostKeyChecking=no -o ProxyCommand=\"ssh -W %h:%p -q ubuntu@34.192.11.132 -i ~/.ssh/alexander-key-to-aws.pem -oStrictHostKeyChecking=accept-new\"'\n\n",
            "content_base64": null,
            "directory_permission": "0777",
            "file_permission": "0777",
            "filename": "../ansible/web_node/inventory_web_node",
            "id": "1723fb69e0dd240b7e036da21e851992c62fdbd4",
            "sensitive_content": null,
            "source": null
          },
          "sensitive_attributes": [],
          "private": "bnVsbA==",
          "dependencies": [
            "aws_eip.diplom-elastic-ip-rproxy",
            "aws_instance.diplom-vm-rproxy",
            "aws_instance.diplom-vm-web_node",
            "aws_internet_gateway.diplom-igw",
            "aws_key_pair.kp",
            "aws_network_interface.diplom-private-network_interface-web_node",
            "aws_network_interface.diplom-public-network_interface-rproxy",
            "aws_security_group.allow_all_output",
            "aws_security_group.allow_internal_traffic",
            "aws_security_group.allow_ping",
            "aws_security_group.allow_ssh",
            "aws_security_group.allow_web",
            "aws_subnet.diplom-private-subnet-1",
            "aws_subnet.diplom-public-subnet",
            "aws_vpc.diplom-vpc",
            "data.aws_ami.ubuntu",
            "null_resource.wait",
            "tls_private_key.pk"
          ]
        }
      ]
    },
    {
      "mode": "managed",
      "type": "null_resource",
      "name": "db_node_ansible_playbook",
      "provider": "provider[\"registry.terraform.io/hashicorp/null\"]",
      "instances": [
        {
          "schema_version": 0,
          "attributes": {
            "id": "6940881987136407203",
            "triggers": null
          },
          "sensitive_attributes": [],
          "private": "bnVsbA==",
          "dependencies": [
            "aws_eip.diplom-elastic-ip-rproxy",
            "aws_instance.diplom-vm-db_node",
            "aws_instance.diplom-vm-rproxy",
            "aws_internet_gateway.diplom-igw",
            "aws_key_pair.kp",
            "aws_network_interface.diplom-private-network_interface-db_node",
            "aws_network_interface.diplom-public-network_interface-rproxy",
            "aws_security_group.allow_all_output",
            "aws_security_group.allow_internal_traffic",
            "aws_security_group.allow_ping",
            "aws_security_group.allow_ssh",
            "aws_security_group.allow_web",
            "aws_subnet.diplom-private-subnet-1",
            "aws_subnet.diplom-public-subnet",
            "aws_vpc.diplom-vpc",
            "data.aws_ami.ubuntu",
            "local_file.inventory_db_nodes",
            "local_file.inventory_rproxy",
            "null_resource.rproxy_ansible_playbook",
            "null_resource.wait",
            "null_resource.wait_inventory",
            "null_resource.wait_inventory_db_nodes",
            "tls_private_key.pk"
          ]
        }
      ]
    },
    {
      "mode": "managed",
      "type": "null_resource",
      "name": "db_node_ansible_playbook_mysql_cluster",
      "provider": "provider[\"registry.terraform.io/hashicorp/null\"]",
      "instances": [
        {
          "schema_version": 0,
          "attributes": {
            "id": "1103703751077354393",
            "triggers": null
          },
          "sensitive_attributes": [],
          "private": "bnVsbA==",
          "dependencies": [
            "aws_eip.diplom-elastic-ip-rproxy",
            "aws_instance.diplom-vm-db_node",
            "aws_instance.diplom-vm-rproxy",
            "aws_internet_gateway.diplom-igw",
            "aws_key_pair.kp",
            "aws_network_interface.diplom-private-network_interface-db_node",
            "aws_network_interface.diplom-public-network_interface-rproxy",
            "aws_security_group.allow_all_output",
            "aws_security_group.allow_internal_traffic",
            "aws_security_group.allow_ping",
            "aws_security_group.allow_ssh",
            "aws_security_group.allow_web",
            "aws_subnet.diplom-private-subnet-1",
            "aws_subnet.diplom-public-subnet",
            "aws_vpc.diplom-vpc",
            "data.aws_ami.ubuntu",
            "local_file.inventory_db_nodes",
            "local_file.inventory_rproxy",
            "null_resource.db_node_ansible_playbook",
            "null_resource.rproxy_ansible_playbook",
            "null_resource.wait",
            "null_resource.wait_inventory",
            "null_resource.wait_inventory_db_nodes",
            "tls_private_key.pk"
          ]
        }
      ]
    },
    {
      "mode": "managed",
      "type": "null_resource",
      "name": "gitlab_CICD",
      "provider": "provider[\"registry.terraform.io/hashicorp/null\"]",
      "instances": [
        {
          "schema_version": 0,
          "attributes": {
            "id": "6558810775158984998",
            "triggers": null
          },
          "sensitive_attributes": [],
          "private": "bnVsbA==",
          "dependencies": [
            "aws_eip.diplom-elastic-ip-rproxy",
            "aws_instance.diplom-vm-gitlab_node",
            "aws_instance.diplom-vm-gitlabrunner_node",
            "aws_instance.diplom-vm-rproxy",
            "aws_internet_gateway.diplom-igw",
            "aws_key_pair.kp",
            "aws_network_interface.diplom-private-network_interface-gitlab_node",
            "aws_network_interface.diplom-private-network_interface-gitlabrunner_node",
            "aws_network_interface.diplom-public-network_interface-rproxy",
            "aws_security_group.allow_all_output",
            "aws_security_group.allow_internal_traffic",
            "aws_security_group.allow_ping",
            "aws_security_group.allow_ssh",
            "aws_security_group.allow_web",
            "aws_subnet.diplom-private-subnet-1",
            "aws_subnet.diplom-public-subnet",
            "aws_vpc.diplom-vpc",
            "data.aws_ami.ubuntu",
            "local_file.inventory_gitlab_nodes",
            "local_file.inventory_rproxy",
            "null_resource.gitlab_nodes_ansible_playbook_prepare_nodes",
            "null_resource.gitlab_nodes_ansible_playbook_setup_products",
            "null_resource.gitlabrunner_nodes_ansible_playbook_setup_products",
            "null_resource.rproxy_ansible_playbook",
            "null_resource.wait",
            "null_resource.wait_inventory",
            "null_resource.wait_inventory_gitlab_nodes",
            "tls_private_key.pk"
          ]
        }
      ]
    },
    {
      "mode": "managed",
      "type": "null_resource",
      "name": "gitlab_nodes_ansible_playbook_prepare_nodes",
      "provider": "provider[\"registry.terraform.io/hashicorp/null\"]",
      "instances": [
        {
          "schema_version": 0,
          "attributes": {
            "id": "2066652356142337412",
            "triggers": null
          },
          "sensitive_attributes": [],
          "private": "bnVsbA==",
          "dependencies": [
            "aws_eip.diplom-elastic-ip-rproxy",
            "aws_instance.diplom-vm-gitlab_node",
            "aws_instance.diplom-vm-gitlabrunner_node",
            "aws_instance.diplom-vm-rproxy",
            "aws_internet_gateway.diplom-igw",
            "aws_key_pair.kp",
            "aws_network_interface.diplom-private-network_interface-gitlab_node",
            "aws_network_interface.diplom-private-network_interface-gitlabrunner_node",
            "aws_network_interface.diplom-public-network_interface-rproxy",
            "aws_security_group.allow_all_output",
            "aws_security_group.allow_internal_traffic",
            "aws_security_group.allow_ping",
            "aws_security_group.allow_ssh",
            "aws_security_group.allow_web",
            "aws_subnet.diplom-private-subnet-1",
            "aws_subnet.diplom-public-subnet",
            "aws_vpc.diplom-vpc",
            "data.aws_ami.ubuntu",
            "local_file.inventory_gitlab_nodes",
            "local_file.inventory_rproxy",
            "null_resource.rproxy_ansible_playbook",
            "null_resource.wait",
            "null_resource.wait_inventory",
            "null_resource.wait_inventory_gitlab_nodes",
            "tls_private_key.pk"
          ]
        }
      ]
    },
    {
      "mode": "managed",
      "type": "null_resource",
      "name": "gitlab_nodes_ansible_playbook_setup_products",
      "provider": "provider[\"registry.terraform.io/hashicorp/null\"]",
      "instances": [
        {
          "schema_version": 0,
          "attributes": {
            "id": "7203704750978108810",
            "triggers": null
          },
          "sensitive_attributes": [],
          "private": "bnVsbA==",
          "dependencies": [
            "aws_eip.diplom-elastic-ip-rproxy",
            "aws_instance.diplom-vm-gitlab_node",
            "aws_instance.diplom-vm-gitlabrunner_node",
            "aws_instance.diplom-vm-rproxy",
            "aws_internet_gateway.diplom-igw",
            "aws_key_pair.kp",
            "aws_network_interface.diplom-private-network_interface-gitlab_node",
            "aws_network_interface.diplom-private-network_interface-gitlabrunner_node",
            "aws_network_interface.diplom-public-network_interface-rproxy",
            "aws_security_group.allow_all_output",
            "aws_security_group.allow_internal_traffic",
            "aws_security_group.allow_ping",
            "aws_security_group.allow_ssh",
            "aws_security_group.allow_web",
            "aws_subnet.diplom-private-subnet-1",
            "aws_subnet.diplom-public-subnet",
            "aws_vpc.diplom-vpc",
            "data.aws_ami.ubuntu",
            "local_file.inventory_gitlab_nodes",
            "local_file.inventory_rproxy",
            "null_resource.gitlab_nodes_ansible_playbook_prepare_nodes",
            "null_resource.rproxy_ansible_playbook",
            "null_resource.wait",
            "null_resource.wait_inventory",
            "null_resource.wait_inventory_gitlab_nodes",
            "tls_private_key.pk"
          ]
        }
      ]
    },
    {
      "mode": "managed",
      "type": "null_resource",
      "name": "gitlabrunner_nodes_ansible_playbook_setup_products",
      "provider": "provider[\"registry.terraform.io/hashicorp/null\"]",
      "instances": [
        {
          "schema_version": 0,
          "attributes": {
            "id": "26530356609832008",
            "triggers": null
          },
          "sensitive_attributes": [],
          "private": "bnVsbA==",
          "dependencies": [
            "aws_eip.diplom-elastic-ip-rproxy",
            "aws_instance.diplom-vm-gitlab_node",
            "aws_instance.diplom-vm-gitlabrunner_node",
            "aws_instance.diplom-vm-rproxy",
            "aws_internet_gateway.diplom-igw",
            "aws_key_pair.kp",
            "aws_network_interface.diplom-private-network_interface-gitlab_node",
            "aws_network_interface.diplom-private-network_interface-gitlabrunner_node",
            "aws_network_interface.diplom-public-network_interface-rproxy",
            "aws_security_group.allow_all_output",
            "aws_security_group.allow_internal_traffic",
            "aws_security_group.allow_ping",
            "aws_security_group.allow_ssh",
            "aws_security_group.allow_web",
            "aws_subnet.diplom-private-subnet-1",
            "aws_subnet.diplom-public-subnet",
            "aws_vpc.diplom-vpc",
            "data.aws_ami.ubuntu",
            "local_file.inventory_gitlab_nodes",
            "local_file.inventory_rproxy",
            "null_resource.gitlab_nodes_ansible_playbook_prepare_nodes",
            "null_resource.gitlab_nodes_ansible_playbook_setup_products",
            "null_resource.rproxy_ansible_playbook",
            "null_resource.wait",
            "null_resource.wait_inventory",
            "null_resource.wait_inventory_gitlab_nodes",
            "tls_private_key.pk"
          ]
        }
      ]
    },
    {
      "mode": "managed",
      "type": "null_resource",
      "name": "rproxy_ansible_playbook",
      "provider": "provider[\"registry.terraform.io/hashicorp/null\"]",
      "instances": [
        {
          "schema_version": 0,
          "attributes": {
            "id": "8121784595539126037",
            "triggers": null
          },
          "sensitive_attributes": [],
          "private": "bnVsbA==",
          "dependencies": [
            "aws_eip.diplom-elastic-ip-rproxy",
            "aws_instance.diplom-vm-rproxy",
            "aws_internet_gateway.diplom-igw",
            "aws_key_pair.kp",
            "aws_network_interface.diplom-public-network_interface-rproxy",
            "aws_security_group.allow_all_output",
            "aws_security_group.allow_internal_traffic",
            "aws_security_group.allow_ping",
            "aws_security_group.allow_ssh",
            "aws_security_group.allow_web",
            "aws_subnet.diplom-public-subnet",
            "aws_vpc.diplom-vpc",
            "data.aws_ami.ubuntu",
            "local_file.inventory_rproxy",
            "null_resource.wait",
            "null_resource.wait_inventory",
            "tls_private_key.pk"
          ]
        }
      ]
    },
    {
      "mode": "managed",
      "type": "null_resource",
      "name": "rproxy_nginx_ansible_playbook",
      "provider": "provider[\"registry.terraform.io/hashicorp/null\"]",
      "instances": [
        {
          "schema_version": 0,
          "attributes": {
            "id": "6036990102828713046",
            "triggers": null
          },
          "sensitive_attributes": [],
          "private": "bnVsbA==",
          "dependencies": [
            "aws_eip.diplom-elastic-ip-rproxy",
            "aws_instance.diplom-vm-rproxy",
            "aws_internet_gateway.diplom-igw",
            "aws_key_pair.kp",
            "aws_network_interface.diplom-public-network_interface-rproxy",
            "aws_security_group.allow_all_output",
            "aws_security_group.allow_internal_traffic",
            "aws_security_group.allow_ping",
            "aws_security_group.allow_ssh",
            "aws_security_group.allow_web",
            "aws_subnet.diplom-public-subnet",
            "aws_vpc.diplom-vpc",
            "data.aws_ami.ubuntu",
            "local_file.inventory_rproxy",
            "null_resource.rproxy_ansible_playbook",
            "null_resource.wait",
            "null_resource.wait_inventory",
            "tls_private_key.pk"
          ]
        }
      ]
    },
    {
      "mode": "managed",
      "type": "null_resource",
      "name": "wait",
      "provider": "provider[\"registry.terraform.io/hashicorp/null\"]",
      "instances": [
        {
          "schema_version": 0,
          "attributes": {
            "id": "3396213171129266778",
            "triggers": null
          },
          "sensitive_attributes": [],
          "private": "bnVsbA=="
        }
      ]
    },
    {
      "mode": "managed",
      "type": "null_resource",
      "name": "wait_inventory",
      "provider": "provider[\"registry.terraform.io/hashicorp/null\"]",
      "instances": [
        {
          "schema_version": 0,
          "attributes": {
            "id": "1272894170324597149",
            "triggers": null
          },
          "sensitive_attributes": [],
          "private": "bnVsbA==",
          "dependencies": [
            "aws_eip.diplom-elastic-ip-rproxy",
            "aws_instance.diplom-vm-rproxy",
            "aws_internet_gateway.diplom-igw",
            "aws_key_pair.kp",
            "aws_network_interface.diplom-public-network_interface-rproxy",
            "aws_security_group.allow_all_output",
            "aws_security_group.allow_internal_traffic",
            "aws_security_group.allow_ping",
            "aws_security_group.allow_ssh",
            "aws_security_group.allow_web",
            "aws_subnet.diplom-public-subnet",
            "aws_vpc.diplom-vpc",
            "data.aws_ami.ubuntu",
            "local_file.inventory_rproxy",
            "null_resource.wait",
            "tls_private_key.pk"
          ]
        }
      ]
    },
    {
      "mode": "managed",
      "type": "null_resource",
      "name": "wait_inventory_db_nodes",
      "provider": "provider[\"registry.terraform.io/hashicorp/null\"]",
      "instances": [
        {
          "schema_version": 0,
          "attributes": {
            "id": "4355212651489141340",
            "triggers": null
          },
          "sensitive_attributes": [],
          "private": "bnVsbA==",
          "dependencies": [
            "aws_eip.diplom-elastic-ip-rproxy",
            "aws_instance.diplom-vm-db_node",
            "aws_instance.diplom-vm-rproxy",
            "aws_internet_gateway.diplom-igw",
            "aws_key_pair.kp",
            "aws_network_interface.diplom-private-network_interface-db_node",
            "aws_network_interface.diplom-public-network_interface-rproxy",
            "aws_security_group.allow_all_output",
            "aws_security_group.allow_internal_traffic",
            "aws_security_group.allow_ping",
            "aws_security_group.allow_ssh",
            "aws_security_group.allow_web",
            "aws_subnet.diplom-private-subnet-1",
            "aws_subnet.diplom-public-subnet",
            "aws_vpc.diplom-vpc",
            "data.aws_ami.ubuntu",
            "local_file.inventory_db_nodes",
            "null_resource.wait",
            "tls_private_key.pk"
          ]
        }
      ]
    },
    {
      "mode": "managed",
      "type": "null_resource",
      "name": "wait_inventory_gitlab_nodes",
      "provider": "provider[\"registry.terraform.io/hashicorp/null\"]",
      "instances": [
        {
          "schema_version": 0,
          "attributes": {
            "id": "9000449854810507393",
            "triggers": null
          },
          "sensitive_attributes": [],
          "private": "bnVsbA==",
          "dependencies": [
            "aws_eip.diplom-elastic-ip-rproxy",
            "aws_instance.diplom-vm-gitlab_node",
            "aws_instance.diplom-vm-gitlabrunner_node",
            "aws_instance.diplom-vm-rproxy",
            "aws_internet_gateway.diplom-igw",
            "aws_key_pair.kp",
            "aws_network_interface.diplom-private-network_interface-gitlab_node",
            "aws_network_interface.diplom-private-network_interface-gitlabrunner_node",
            "aws_network_interface.diplom-public-network_interface-rproxy",
            "aws_security_group.allow_all_output",
            "aws_security_group.allow_internal_traffic",
            "aws_security_group.allow_ping",
            "aws_security_group.allow_ssh",
            "aws_security_group.allow_web",
            "aws_subnet.diplom-private-subnet-1",
            "aws_subnet.diplom-public-subnet",
            "aws_vpc.diplom-vpc",
            "data.aws_ami.ubuntu",
            "local_file.inventory_gitlab_nodes",
            "null_resource.wait",
            "tls_private_key.pk"
          ]
        }
      ]
    },
    {
      "mode": "managed",
      "type": "null_resource",
      "name": "wait_inventory_web_node",
      "provider": "provider[\"registry.terraform.io/hashicorp/null\"]",
      "instances": [
        {
          "schema_version": 0,
          "attributes": {
            "id": "3533488285152284640",
            "triggers": null
          },
          "sensitive_attributes": [],
          "private": "bnVsbA==",
          "dependencies": [
            "aws_eip.diplom-elastic-ip-rproxy",
            "aws_instance.diplom-vm-rproxy",
            "aws_instance.diplom-vm-web_node",
            "aws_internet_gateway.diplom-igw",
            "aws_key_pair.kp",
            "aws_network_interface.diplom-private-network_interface-web_node",
            "aws_network_interface.diplom-public-network_interface-rproxy",
            "aws_security_group.allow_all_output",
            "aws_security_group.allow_internal_traffic",
            "aws_security_group.allow_ping",
            "aws_security_group.allow_ssh",
            "aws_security_group.allow_web",
            "aws_subnet.diplom-private-subnet-1",
            "aws_subnet.diplom-public-subnet",
            "aws_vpc.diplom-vpc",
            "data.aws_ami.ubuntu",
            "local_file.inventory_web_node",
            "null_resource.wait",
            "tls_private_key.pk"
          ]
        }
      ]
    },
    {
      "mode": "managed",
      "type": "null_resource",
      "name": "web_node_ansible_playbook_prepare_webnode",
      "provider": "provider[\"registry.terraform.io/hashicorp/null\"]",
      "instances": [
        {
          "schema_version": 0,
          "attributes": {
            "id": "2094530560581001052",
            "triggers": null
          },
          "sensitive_attributes": [],
          "private": "bnVsbA==",
          "dependencies": [
            "aws_eip.diplom-elastic-ip-rproxy",
            "aws_instance.diplom-vm-rproxy",
            "aws_instance.diplom-vm-web_node",
            "aws_internet_gateway.diplom-igw",
            "aws_key_pair.kp",
            "aws_network_interface.diplom-private-network_interface-web_node",
            "aws_network_interface.diplom-public-network_interface-rproxy",
            "aws_security_group.allow_all_output",
            "aws_security_group.allow_internal_traffic",
            "aws_security_group.allow_ping",
            "aws_security_group.allow_ssh",
            "aws_security_group.allow_web",
            "aws_subnet.diplom-private-subnet-1",
            "aws_subnet.diplom-public-subnet",
            "aws_vpc.diplom-vpc",
            "data.aws_ami.ubuntu",
            "local_file.inventory_rproxy",
            "local_file.inventory_web_node",
            "null_resource.rproxy_ansible_playbook",
            "null_resource.wait",
            "null_resource.wait_inventory",
            "null_resource.wait_inventory_web_node",
            "tls_private_key.pk"
          ]
        }
      ]
    },
    {
      "mode": "managed",
      "type": "null_resource",
      "name": "web_node_ansible_playbook_setup_apache_and_wordpress",
      "provider": "provider[\"registry.terraform.io/hashicorp/null\"]",
      "instances": [
        {
          "schema_version": 0,
          "attributes": {
            "id": "6090354693421948646",
            "triggers": null
          },
          "sensitive_attributes": [],
          "private": "bnVsbA==",
          "dependencies": [
            "aws_eip.diplom-elastic-ip-rproxy",
            "aws_instance.diplom-vm-rproxy",
            "aws_instance.diplom-vm-web_node",
            "aws_internet_gateway.diplom-igw",
            "aws_key_pair.kp",
            "aws_network_interface.diplom-private-network_interface-web_node",
            "aws_network_interface.diplom-public-network_interface-rproxy",
            "aws_security_group.allow_all_output",
            "aws_security_group.allow_internal_traffic",
            "aws_security_group.allow_ping",
            "aws_security_group.allow_ssh",
            "aws_security_group.allow_web",
            "aws_subnet.diplom-private-subnet-1",
            "aws_subnet.diplom-public-subnet",
            "aws_vpc.diplom-vpc",
            "data.aws_ami.ubuntu",
            "local_file.inventory_rproxy",
            "local_file.inventory_web_node",
            "null_resource.rproxy_ansible_playbook",
            "null_resource.wait",
            "null_resource.wait_inventory",
            "null_resource.wait_inventory_web_node",
            "null_resource.web_node_ansible_playbook_prepare_webnode",
            "tls_private_key.pk"
          ]
        }
      ]
    },
    {
      "mode": "managed",
      "type": "tls_private_key",
      "name": "pk",
      "provider": "provider[\"registry.terraform.io/hashicorp/tls\"]",
      "instances": [
        {
          "schema_version": 1,
          "attributes": {
            "algorithm": "RSA",
            "ecdsa_curve": "P224",
            "id": "13b44e40b0d21272014a13f3e251d490804740fe",
            "private_key_openssh": "-----BEGIN OPENSSH PRIVATE KEY-----\nb3BlbnNzaC1rZXktdjEAAAAABG5vbmUAAAAEbm9uZQAAAAAAAAABAAACFwAAAAdz\nc2gtcnNhAAAAAwEAAQAAAgEAue2fSxBM1hP2rPstuzmd0+s5hIrb5DPsd+LhLOvB\n1SymcJ8djYvYnSatOI7P6Jhv6m89p3JyAbBOsFsUKFmy81iqZZ+BRlVKCFOrcOVy\nsLVAT0rmQzmYseGq0TTgeXqisLXaUGhYHeO8muUQBtlgnMHdjKgHXzvXf0S/gXBl\n+YcndUR5iKvEtO2dhXmoUaJXDHDxOTQ6ozfHrKCTx2rJoOA5pvHWdDC621PRI/ip\naXyundd+MuVv/+vzRNgsl8Hb7Bnf0vbplC94RTS+WwyhjW8tTIcMCA7ZrN5bz2NJ\nErtv+HyyFOMRv3ZIVYt3wuTnoAeHm/wESy5fX33i6NRpgkKrT1WfMLXaxGaZrlgu\nCnksvwCPLjNMN2fYTVByUHm6ddAPjYxboJal0dBlJhdeRQs/Hji3xezwJLgE/s/Z\naJAiomTKgaYMEHIHNvydF/Vk4glruWHr/W7k+IzgPEFGLvVzWFK0dxKPOxAZGig8\nicV058woe7PLY/9MadwaunS8oc3Y3CUUaBL8J2h213DsQbI9ifOVK2Es+B4oos4Q\ncrcCztfeGzYv7hZ3kHaKN4eIJ4KsQKnyTMn4h3advTnH21MtFrRylOF5BDbf302C\nQK7DrXCFEt1zKAA7Aejlw6Tw46sSzTsdm1sFl+TtHIS/SXROabDiAK6vwxiDItGQ\n1TcAAAc448KVGuPClRoAAAAHc3NoLXJzYQAAAgEAue2fSxBM1hP2rPstuzmd0+s5\nhIrb5DPsd+LhLOvB1SymcJ8djYvYnSatOI7P6Jhv6m89p3JyAbBOsFsUKFmy81iq\nZZ+BRlVKCFOrcOVysLVAT0rmQzmYseGq0TTgeXqisLXaUGhYHeO8muUQBtlgnMHd\njKgHXzvXf0S/gXBl+YcndUR5iKvEtO2dhXmoUaJXDHDxOTQ6ozfHrKCTx2rJoOA5\npvHWdDC621PRI/ipaXyundd+MuVv/+vzRNgsl8Hb7Bnf0vbplC94RTS+WwyhjW8t\nTIcMCA7ZrN5bz2NJErtv+HyyFOMRv3ZIVYt3wuTnoAeHm/wESy5fX33i6NRpgkKr\nT1WfMLXaxGaZrlguCnksvwCPLjNMN2fYTVByUHm6ddAPjYxboJal0dBlJhdeRQs/\nHji3xezwJLgE/s/ZaJAiomTKgaYMEHIHNvydF/Vk4glruWHr/W7k+IzgPEFGLvVz\nWFK0dxKPOxAZGig8icV058woe7PLY/9MadwaunS8oc3Y3CUUaBL8J2h213DsQbI9\nifOVK2Es+B4oos4QcrcCztfeGzYv7hZ3kHaKN4eIJ4KsQKnyTMn4h3advTnH21Mt\nFrRylOF5BDbf302CQK7DrXCFEt1zKAA7Aejlw6Tw46sSzTsdm1sFl+TtHIS/SXRO\nabDiAK6vwxiDItGQ1TcAAAADAQABAAACAC8g0FPSmedZwBkwwfLHM/5XjYjPOdWq\nY7IvzCv6xnMmkjnR20fZvtp2x0miyYiHuzaNY+9hzwwmiIujSoS/1+BfBTIlMDuH\nuvBJZReE0YGBL//pWFyJ6O6N6SKGaK/iKgLo1aG0EUHiTBhnH5zc1ORnL6VLojK9\nlG4qGvDQcMjDPXk4FiZSg9XotRj0MXof0DjTGBIL7yEYLoDPYyYVJ26j53ktq9Jf\n171ojYa0rRyUAh74VIDKL42LXWqB8Su2c+xw0o9DDwoEzlOcfvPNS9Xx7GWNhbs1\nKG/tHRCAdjFNWaB+2xT4SbNiZAtrArxgEWY7AmDDjMMRyhMGcdHapbNz490qlbi3\nt1H8qM7uSwZasZXURY+m2gG8MrmJKjtHDnLNQLyRRckCXnfjc5UiPYvLL4w1wdPp\nLEN+S4kUGzTosD/NnFEkav9KQG2lbIZS6XJsIaLDFCgcij1dpTxiTfoI9ivlvzJ6\nGwLlnZ5YMgw1F3eTIeDYmIYEmQN4gLZb2mqveamdKu5creLiQ2iqSfT7nLSWvEFA\nq8hDzA8z3xe9t5SdijCkJsYFy/zYQ93GsSWPZinML+1OL6drBf+cvfcIS9FFmCtb\nPF/GTRYsdNp2rACI0fvvfcz0Yx0tFt6OSwwDGrgsIa0O8eyvWYp5S5DBMUGxj30S\nzrDKa6joxo0BAAABAAPhxuSOqpVorQUb2i84AnmguehYz6k/9t+14Oe+6A8FpBx3\nSb7UObw0tJvrHXyF8ez+QH4CL0BjiIiVexXcUZJxtgbheHuuZiS6UStbFvEQhZTR\nc/EgumwqoolocFjct+9PH7Psos5gNEmgEeQst4oRKht0sOXYx8xuRFf/DZRLdOGD\nsCk3qk5/wthHjTWtP+k2uBgQeAjy49MbwwgTRyF96/m8PDJSrndm/R7BxqiOHfhy\n/SRR6GdKEBSqJ4Z8NBl2LyWA5Jl7yyQbWewRNKxYtiT87GsGqPkyy3oi4wsqIbuO\ntIGKMzz2+NUvVa5Lbdo5WfqdMAr/qkkU/e/WRMUAAAEBAMaiOjzzL2nmGnUY3kXB\neqeL7MrNLQlCJDHd2w1yHIo0LnBMFNFGlV/TgUghHTNR+wUsmgQdoqAtR8MDAxrd\nlYUklNJZ2daTIO6N0pqDu5mn077AJeSka0at4P0pNysXmOxSsK9qCMDZP+CoWptL\njHiqhusZPpbb6IJ7H+McLguxu79vvC7m46FVVH1glspvtbTUoKqYxnOmqNHpcBt4\n8HVTDsxQk9DXsEXEk7qsjbZqIXiOV9skQIeFCg7YmDilQg/o1QD5NtqLbep9Aw1M\nPX+9tgyQc1Ju0lgoZ/dQw7FlzvKWBbpsYkJ7kmf891WqzEKp8cumtXiebCNj4FaG\nGBcAAAEBAO+gByCkEGB7Yy2vPFRZ383OrMO6q5k3X31qHYFi4pwYlrZQ+VjZlegc\nziElg0i6498QHydhF9mMm5OwkEUpDdnoSSa/0sOC/N7k1gXZUYScXWp6CGnhAsRB\nydUVfG7ZRJ9odGoZyrNkCxRPVrsa9imo1bZxQAiiU+VgqumUufSG4jSP0cF3IBiy\nukJWQO6w1KRPkr+Cxj8feeYpk7k2vI6/7Raa7ustzFK7syESRjmt1Lek02G7t5eg\nN6WTTAsYzRGpkn4CEzPej8jj3sEeqqw+AuelZr9ymwgr+U0O7vtY3mF32+yJoWKG\ng3cMOdobDZwhEHpjMoTZnw/OZT14P+EAAAAAAQID\n-----END OPENSSH PRIVATE KEY-----\n",
            "private_key_pem": "-----BEGIN RSA PRIVATE KEY-----\nMIIJKAIBAAKCAgEAue2fSxBM1hP2rPstuzmd0+s5hIrb5DPsd+LhLOvB1SymcJ8d\njYvYnSatOI7P6Jhv6m89p3JyAbBOsFsUKFmy81iqZZ+BRlVKCFOrcOVysLVAT0rm\nQzmYseGq0TTgeXqisLXaUGhYHeO8muUQBtlgnMHdjKgHXzvXf0S/gXBl+YcndUR5\niKvEtO2dhXmoUaJXDHDxOTQ6ozfHrKCTx2rJoOA5pvHWdDC621PRI/ipaXyundd+\nMuVv/+vzRNgsl8Hb7Bnf0vbplC94RTS+WwyhjW8tTIcMCA7ZrN5bz2NJErtv+Hyy\nFOMRv3ZIVYt3wuTnoAeHm/wESy5fX33i6NRpgkKrT1WfMLXaxGaZrlguCnksvwCP\nLjNMN2fYTVByUHm6ddAPjYxboJal0dBlJhdeRQs/Hji3xezwJLgE/s/ZaJAiomTK\ngaYMEHIHNvydF/Vk4glruWHr/W7k+IzgPEFGLvVzWFK0dxKPOxAZGig8icV058wo\ne7PLY/9MadwaunS8oc3Y3CUUaBL8J2h213DsQbI9ifOVK2Es+B4oos4QcrcCztfe\nGzYv7hZ3kHaKN4eIJ4KsQKnyTMn4h3advTnH21MtFrRylOF5BDbf302CQK7DrXCF\nEt1zKAA7Aejlw6Tw46sSzTsdm1sFl+TtHIS/SXROabDiAK6vwxiDItGQ1TcCAwEA\nAQKCAgAvINBT0pnnWcAZMMHyxzP+V42IzznVqmOyL8wr+sZzJpI50dtH2b7adsdJ\nosmIh7s2jWPvYc8MJoiLo0qEv9fgXwUyJTA7h7rwSWUXhNGBgS//6Vhciejujeki\nhmiv4ioC6NWhtBFB4kwYZx+c3NTkZy+lS6IyvZRuKhrw0HDIwz15OBYmUoPV6LUY\n9DF6H9A40xgSC+8hGC6Az2MmFSduo+d5LavSX9e9aI2GtK0clAIe+FSAyi+Ni11q\ngfErtnPscNKPQw8KBM5TnH7zzUvV8exljYW7NShv7R0QgHYxTVmgftsU+EmzYmQL\nawK8YBFmOwJgw4zDEcoTBnHR2qWzc+PdKpW4t7dR/KjO7ksGWrGV1EWPptoBvDK5\niSo7Rw5yzUC8kUXJAl5343OVIj2Lyy+MNcHT6SxDfkuJFBs06LA/zZxRJGr/SkBt\npWyGUulybCGiwxQoHIo9XaU8Yk36CPYr5b8yehsC5Z2eWDIMNRd3kyHg2JiGBJkD\neIC2W9pqr3mpnSruXK3i4kNoqkn0+5y0lrxBQKvIQ8wPM98XvbeUnYowpCbGBcv8\n2EPdxrElj2YpzC/tTi+nawX/nL33CEvRRZgrWzxfxk0WLHTadqwAiNH7733M9GMd\nLRbejksMAxq4LCGtDvHsr1mKeUuQwTFBsY99Es6wymuo6MaNAQKCAQEAxqI6PPMv\naeYadRjeRcF6p4vsys0tCUIkMd3bDXIcijQucEwU0UaVX9OBSCEdM1H7BSyaBB2i\noC1HwwMDGt2VhSSU0lnZ1pMg7o3SmoO7mafTvsAl5KRrRq3g/Sk3KxeY7FKwr2oI\nwNk/4Kham0uMeKqG6xk+ltvognsf4xwuC7G7v2+8LubjoVVUfWCWym+1tNSgqpjG\nc6ao0elwG3jwdVMOzFCT0NewRcSTuqyNtmoheI5X2yRAh4UKDtiYOKVCD+jVAPk2\n2ott6n0DDUw9f722DJBzUm7SWChn91DDsWXO8pYFumxiQnuSZ/z3VarMQqnxy6a1\neJ5sI2PgVoYYFwKCAQEA76AHIKQQYHtjLa88VFnfzc6sw7qrmTdffWodgWLinBiW\ntlD5WNmV6BzOISWDSLrj3xAfJ2EX2Yybk7CQRSkN2ehJJr/Sw4L83uTWBdlRhJxd\nanoIaeECxEHJ1RV8btlEn2h0ahnKs2QLFE9Wuxr2KajVtnFACKJT5WCq6ZS59Ibi\nNI/RwXcgGLK6QlZA7rDUpE+Sv4LGPx955imTuTa8jr/tFpru6y3MUruzIRJGOa3U\nt6TTYbu3l6A3pZNMCxjNEamSfgITM96PyOPewR6qrD4C56Vmv3KbCCv5TQ7u+1je\nYXfb7ImhYoaDdww52hsNnCEQemMyhNmfD85lPXg/4QKCAQBIObjfbLWy1f6M0YwQ\n5TdKMPDbFRvpH+m1UCxUiUejYTH5l1CCgB3UiD2cEp5hiM+zo/IkyPnXMF/FoxS/\n8g5qKVEL46v3/+ubkmof0QKn7oRp+chNiROQ0azboN70hlIOrEqenfms1dIKSG0Z\nxrC/N5Jzbex6QmAbAdYoaJi9m9Te2SweCcp/YV2lcTejSFdT93SsU3zllJYSLcWb\n16/nmVnqJOp6p9Lqq33kBNZKm/Cru2ZqwpXMMS3lFBDVmBGbY1gAUJ4HfWdsOiSf\n8zbxefP2QZgNQ0qsz5RuMynVGWXUg4R1su9PqUslELCGr+Ix40WOfYHC6Cf9/lUW\nYQ/lAoIBAQDffk1Hh13y7wI4yNkm/1A7P0lpoMCNvdSlP4TXeahL2K8wymNWGFK1\n06/5wGgrPIxuLzYvX2KEOJ2eaS6WIs1VcU5RAtaMHa7GIX7wo5lhawnB1qHkRsZy\nz710rX6KUMCtQRpbH0UsfeHLhpgpGOOBRYRWjlgf9W70YG3oQBwUUn3GcmE75WSd\nRI1uc85KEcmymrkPP+SxWSUzo5GxTLkfFykFTWoLFYMdow1WihnPkC73PZcd75wz\nom5kUva43t/dWmBUgJDybuGCh+3qBzU+QvQoo98qLrUkMQdrdMM20NNQ6x7HBjLs\nlvMk5NVMdLED7t7Ul5K1z9eIQYOximdhAoIBAAPhxuSOqpVorQUb2i84AnmguehY\nz6k/9t+14Oe+6A8FpBx3Sb7UObw0tJvrHXyF8ez+QH4CL0BjiIiVexXcUZJxtgbh\neHuuZiS6UStbFvEQhZTRc/EgumwqoolocFjct+9PH7Psos5gNEmgEeQst4oRKht0\nsOXYx8xuRFf/DZRLdOGDsCk3qk5/wthHjTWtP+k2uBgQeAjy49MbwwgTRyF96/m8\nPDJSrndm/R7BxqiOHfhy/SRR6GdKEBSqJ4Z8NBl2LyWA5Jl7yyQbWewRNKxYtiT8\n7GsGqPkyy3oi4wsqIbuOtIGKMzz2+NUvVa5Lbdo5WfqdMAr/qkkU/e/WRMU=\n-----END RSA PRIVATE KEY-----\n",
            "private_key_pem_pkcs8": "-----BEGIN PRIVATE KEY-----\nMIIJQgIBADANBgkqhkiG9w0BAQEFAASCCSwwggkoAgEAAoICAQC57Z9LEEzWE/as\n+y27OZ3T6zmEitvkM+x34uEs68HVLKZwnx2Ni9idJq04js/omG/qbz2ncnIBsE6w\nWxQoWbLzWKpln4FGVUoIU6tw5XKwtUBPSuZDOZix4arRNOB5eqKwtdpQaFgd47ya\n5RAG2WCcwd2MqAdfO9d/RL+BcGX5hyd1RHmIq8S07Z2FeahRolcMcPE5NDqjN8es\noJPHasmg4Dmm8dZ0MLrbU9Ej+KlpfK6d134y5W//6/NE2CyXwdvsGd/S9umUL3hF\nNL5bDKGNby1MhwwIDtms3lvPY0kSu2/4fLIU4xG/dkhVi3fC5OegB4eb/ARLLl9f\nfeLo1GmCQqtPVZ8wtdrEZpmuWC4KeSy/AI8uM0w3Z9hNUHJQebp10A+NjFuglqXR\n0GUmF15FCz8eOLfF7PAkuAT+z9lokCKiZMqBpgwQcgc2/J0X9WTiCWu5Yev9buT4\njOA8QUYu9XNYUrR3Eo87EBkaKDyJxXTnzCh7s8tj/0xp3Bq6dLyhzdjcJRRoEvwn\naHbXcOxBsj2J85UrYSz4HiiizhBytwLO194bNi/uFneQdoo3h4gngqxAqfJMyfiH\ndp29OcfbUy0WtHKU4XkENt/fTYJArsOtcIUS3XMoADsB6OXDpPDjqxLNOx2bWwWX\n5O0chL9JdE5psOIArq/DGIMi0ZDVNwIDAQABAoICAC8g0FPSmedZwBkwwfLHM/5X\njYjPOdWqY7IvzCv6xnMmkjnR20fZvtp2x0miyYiHuzaNY+9hzwwmiIujSoS/1+Bf\nBTIlMDuHuvBJZReE0YGBL//pWFyJ6O6N6SKGaK/iKgLo1aG0EUHiTBhnH5zc1ORn\nL6VLojK9lG4qGvDQcMjDPXk4FiZSg9XotRj0MXof0DjTGBIL7yEYLoDPYyYVJ26j\n53ktq9Jf171ojYa0rRyUAh74VIDKL42LXWqB8Su2c+xw0o9DDwoEzlOcfvPNS9Xx\n7GWNhbs1KG/tHRCAdjFNWaB+2xT4SbNiZAtrArxgEWY7AmDDjMMRyhMGcdHapbNz\n490qlbi3t1H8qM7uSwZasZXURY+m2gG8MrmJKjtHDnLNQLyRRckCXnfjc5UiPYvL\nL4w1wdPpLEN+S4kUGzTosD/NnFEkav9KQG2lbIZS6XJsIaLDFCgcij1dpTxiTfoI\n9ivlvzJ6GwLlnZ5YMgw1F3eTIeDYmIYEmQN4gLZb2mqveamdKu5creLiQ2iqSfT7\nnLSWvEFAq8hDzA8z3xe9t5SdijCkJsYFy/zYQ93GsSWPZinML+1OL6drBf+cvfcI\nS9FFmCtbPF/GTRYsdNp2rACI0fvvfcz0Yx0tFt6OSwwDGrgsIa0O8eyvWYp5S5DB\nMUGxj30SzrDKa6joxo0BAoIBAQDGojo88y9p5hp1GN5FwXqni+zKzS0JQiQx3dsN\nchyKNC5wTBTRRpVf04FIIR0zUfsFLJoEHaKgLUfDAwMa3ZWFJJTSWdnWkyDujdKa\ng7uZp9O+wCXkpGtGreD9KTcrF5jsUrCvagjA2T/gqFqbS4x4qobrGT6W2+iCex/j\nHC4Lsbu/b7wu5uOhVVR9YJbKb7W01KCqmMZzpqjR6XAbePB1Uw7MUJPQ17BFxJO6\nrI22aiF4jlfbJECHhQoO2Jg4pUIP6NUA+Tbai23qfQMNTD1/vbYMkHNSbtJYKGf3\nUMOxZc7ylgW6bGJCe5Jn/PdVqsxCqfHLprV4nmwjY+BWhhgXAoIBAQDvoAcgpBBg\ne2MtrzxUWd/NzqzDuquZN199ah2BYuKcGJa2UPlY2ZXoHM4hJYNIuuPfEB8nYRfZ\njJuTsJBFKQ3Z6Ekmv9LDgvze5NYF2VGEnF1qeghp4QLEQcnVFXxu2USfaHRqGcqz\nZAsUT1a7GvYpqNW2cUAIolPlYKrplLn0huI0j9HBdyAYsrpCVkDusNSkT5K/gsY/\nH3nmKZO5NryOv+0Wmu7rLcxSu7MhEkY5rdS3pNNhu7eXoDelk0wLGM0RqZJ+AhMz\n3o/I497BHqqsPgLnpWa/cpsIK/lNDu77WN5hd9vsiaFihoN3DDnaGw2cIRB6YzKE\n2Z8PzmU9eD/hAoIBAEg5uN9stbLV/ozRjBDlN0ow8NsVG+kf6bVQLFSJR6NhMfmX\nUIKAHdSIPZwSnmGIz7Oj8iTI+dcwX8WjFL/yDmopUQvjq/f/65uSah/RAqfuhGn5\nyE2JE5DRrNug3vSGUg6sSp6d+azV0gpIbRnGsL83knNt7HpCYBsB1ihomL2b1N7Z\nLB4Jyn9hXaVxN6NIV1P3dKxTfOWUlhItxZvXr+eZWeok6nqn0uqrfeQE1kqb8Ku7\nZmrClcwxLeUUENWYEZtjWABQngd9Z2w6JJ/zNvF58/ZBmA1DSqzPlG4zKdUZZdSD\nhHWy70+pSyUQsIav4jHjRY59gcLoJ/3+VRZhD+UCggEBAN9+TUeHXfLvAjjI2Sb/\nUDs/SWmgwI291KU/hNd5qEvYrzDKY1YYUrXTr/nAaCs8jG4vNi9fYoQ4nZ5pLpYi\nzVVxTlEC1owdrsYhfvCjmWFrCcHWoeRGxnLPvXStfopQwK1BGlsfRSx94cuGmCkY\n44FFhFaOWB/1bvRgbehAHBRSfcZyYTvlZJ1EjW5zzkoRybKauQ8/5LFZJTOjkbFM\nuR8XKQVNagsVgx2jDVaKGc+QLvc9lx3vnDOibmRS9rje391aYFSAkPJu4YKH7eoH\nNT5C9Cij3youtSQxB2t0wzbQ01DrHscGMuyW8yTk1Ux0sQPu3tSXkrXP14hBg7GK\nZ2ECggEAA+HG5I6qlWitBRvaLzgCeaC56FjPqT/237Xg577oDwWkHHdJvtQ5vDS0\nm+sdfIXx7P5AfgIvQGOIiJV7FdxRknG2BuF4e65mJLpRK1sW8RCFlNFz8SC6bCqi\niWhwWNy3708fs+yizmA0SaAR5Cy3ihEqG3Sw5djHzG5EV/8NlEt04YOwKTeqTn/C\n2EeNNa0/6Ta4GBB4CPLj0xvDCBNHIX3r+bw8MlKud2b9HsHGqI4d+HL9JFHoZ0oQ\nFKonhnw0GXYvJYDkmXvLJBtZ7BE0rFi2JPzsawao+TLLeiLjCyohu460gYozPPb4\n1S9Vrktt2jlZ+p0wCv+qSRT979ZExQ==\n-----END PRIVATE KEY-----\n",
            "public_key_fingerprint_md5": "5b:53:56:19:e9:43:37:f8:a6:2f:7a:eb:aa:b4:04:8c",
            "public_key_fingerprint_sha256": "SHA256:reJpCV6EPMZLvDcUOPTVEnrKfE0ZXMjmiIFQ4hhQzf0",
            "public_key_openssh": "ssh-rsa AAAAB3NzaC1yc2EAAAADAQABAAACAQC57Z9LEEzWE/as+y27OZ3T6zmEitvkM+x34uEs68HVLKZwnx2Ni9idJq04js/omG/qbz2ncnIBsE6wWxQoWbLzWKpln4FGVUoIU6tw5XKwtUBPSuZDOZix4arRNOB5eqKwtdpQaFgd47ya5RAG2WCcwd2MqAdfO9d/RL+BcGX5hyd1RHmIq8S07Z2FeahRolcMcPE5NDqjN8esoJPHasmg4Dmm8dZ0MLrbU9Ej+KlpfK6d134y5W//6/NE2CyXwdvsGd/S9umUL3hFNL5bDKGNby1MhwwIDtms3lvPY0kSu2/4fLIU4xG/dkhVi3fC5OegB4eb/ARLLl9ffeLo1GmCQqtPVZ8wtdrEZpmuWC4KeSy/AI8uM0w3Z9hNUHJQebp10A+NjFuglqXR0GUmF15FCz8eOLfF7PAkuAT+z9lokCKiZMqBpgwQcgc2/J0X9WTiCWu5Yev9buT4jOA8QUYu9XNYUrR3Eo87EBkaKDyJxXTnzCh7s8tj/0xp3Bq6dLyhzdjcJRRoEvwnaHbXcOxBsj2J85UrYSz4HiiizhBytwLO194bNi/uFneQdoo3h4gngqxAqfJMyfiHdp29OcfbUy0WtHKU4XkENt/fTYJArsOtcIUS3XMoADsB6OXDpPDjqxLNOx2bWwWX5O0chL9JdE5psOIArq/DGIMi0ZDVNw==\n",
            "public_key_pem": "-----BEGIN PUBLIC KEY-----\nMIICIjANBgkqhkiG9w0BAQEFAAOCAg8AMIICCgKCAgEAue2fSxBM1hP2rPstuzmd\n0+s5hIrb5DPsd+LhLOvB1SymcJ8djYvYnSatOI7P6Jhv6m89p3JyAbBOsFsUKFmy\n81iqZZ+BRlVKCFOrcOVysLVAT0rmQzmYseGq0TTgeXqisLXaUGhYHeO8muUQBtlg\nnMHdjKgHXzvXf0S/gXBl+YcndUR5iKvEtO2dhXmoUaJXDHDxOTQ6ozfHrKCTx2rJ\noOA5pvHWdDC621PRI/ipaXyundd+MuVv/+vzRNgsl8Hb7Bnf0vbplC94RTS+Wwyh\njW8tTIcMCA7ZrN5bz2NJErtv+HyyFOMRv3ZIVYt3wuTnoAeHm/wESy5fX33i6NRp\ngkKrT1WfMLXaxGaZrlguCnksvwCPLjNMN2fYTVByUHm6ddAPjYxboJal0dBlJhde\nRQs/Hji3xezwJLgE/s/ZaJAiomTKgaYMEHIHNvydF/Vk4glruWHr/W7k+IzgPEFG\nLvVzWFK0dxKPOxAZGig8icV058woe7PLY/9MadwaunS8oc3Y3CUUaBL8J2h213Ds\nQbI9ifOVK2Es+B4oos4QcrcCztfeGzYv7hZ3kHaKN4eIJ4KsQKnyTMn4h3advTnH\n21MtFrRylOF5BDbf302CQK7DrXCFEt1zKAA7Aejlw6Tw46sSzTsdm1sFl+TtHIS/\nSXROabDiAK6vwxiDItGQ1TcCAwEAAQ==\n-----END PUBLIC KEY-----\n",
            "rsa_bits": 4096
          },
          "sensitive_attributes": []
        }
      ]
    }
  ]
}
