{
  "version": 4,
  "terraform_version": "1.2.4",
  "serial": 3172,
  "lineage": "1831fd9d-fcc2-92cd-9299-d9c13e360c68",
  "outputs": {
    "instance_rproxy_id": {
      "value": "i-05f649555cee4e8c0",
      "type": "string"
    },
    "instance_rproxy_local_ip": {
      "value": "192.168.0.4",
      "type": "string"
    },
    "instance_rproxy_public_ip": {
      "value": "184.73.0.112",
      "type": "string"
    },
    "region": {
      "value": "us-east-1",
      "type": "string"
    }
  },
  "resources": [
    {
      "mode": "data",
      "type": "aws_ami",
      "name": "ubuntu",
      "provider": "provider[\"registry.terraform.io/hashicorp/aws\"]",
      "instances": [
        {
          "schema_version": 0,
          "attributes": {
            "architecture": "x86_64",
            "arn": "arn:aws:ec2:us-east-1::image/ami-01d08089481510ba2",
            "block_device_mappings": [
              {
                "device_name": "/dev/sda1",
                "ebs": {
                  "delete_on_termination": "true",
                  "encrypted": "false",
                  "iops": "0",
                  "snapshot_id": "snap-0b7ba8f7ca31ae59e",
                  "throughput": "0",
                  "volume_size": "8",
                  "volume_type": "gp2"
                },
                "no_device": "",
                "virtual_name": ""
              },
              {
                "device_name": "/dev/sdb",
                "ebs": {},
                "no_device": "",
                "virtual_name": "ephemeral0"
              },
              {
                "device_name": "/dev/sdc",
                "ebs": {},
                "no_device": "",
                "virtual_name": "ephemeral1"
              }
            ],
            "creation_date": "2022-10-18T22:50:09.000Z",
            "description": "Canonical, Ubuntu, 20.04 LTS, amd64 focal image build on 2022-10-18",
            "ena_support": true,
            "executable_users": null,
            "filter": [
              {
                "name": "name",
                "values": [
                  "ubuntu/images/hvm-ssd/ubuntu-focal-20.04-amd64-server-*"
                ]
              },
              {
                "name": "virtualization-type",
                "values": [
                  "hvm"
                ]
              }
            ],
            "hypervisor": "xen",
            "id": "ami-01d08089481510ba2",
            "image_id": "ami-01d08089481510ba2",
            "image_location": "amazon/ubuntu/images/hvm-ssd/ubuntu-focal-20.04-amd64-server-20221018",
            "image_owner_alias": "amazon",
            "image_type": "machine",
            "kernel_id": null,
            "most_recent": true,
            "name": "ubuntu/images/hvm-ssd/ubuntu-focal-20.04-amd64-server-20221018",
            "name_regex": null,
            "owner_id": "099720109477",
            "owners": [
              "099720109477"
            ],
            "platform": null,
            "platform_details": "Linux/UNIX",
            "product_codes": [],
            "public": true,
            "ramdisk_id": null,
            "root_device_name": "/dev/sda1",
            "root_device_type": "ebs",
            "root_snapshot_id": "snap-0b7ba8f7ca31ae59e",
            "sriov_net_support": "simple",
            "state": "available",
            "state_reason": {
              "code": "UNSET",
              "message": "UNSET"
            },
            "tags": {},
            "usage_operation": "RunInstances",
            "virtualization_type": "hvm"
          },
          "sensitive_attributes": []
        }
      ]
    },
    {
      "mode": "data",
      "type": "aws_region",
      "name": "current",
      "provider": "provider[\"registry.terraform.io/hashicorp/aws\"]",
      "instances": [
        {
          "schema_version": 0,
          "attributes": {
            "description": "US East (N. Virginia)",
            "endpoint": "ec2.us-east-1.amazonaws.com",
            "id": "us-east-1",
            "name": "us-east-1"
          },
          "sensitive_attributes": []
        }
      ]
    },
    {
      "mode": "data",
      "type": "cloudflare_zone",
      "name": "domain-zone",
      "provider": "provider[\"registry.terraform.io/cloudflare/cloudflare\"]",
      "instances": [
        {
          "schema_version": 0,
          "attributes": {
            "account_id": "0224fa3a10066028d16b2f8bf64bab16",
            "id": "8b593594cfe4ab6f759b50457ca69118",
            "name": "citytours.ge",
            "name_servers": [
              "april.ns.cloudflare.com",
              "evan.ns.cloudflare.com"
            ],
            "paused": false,
            "plan": "Free Website",
            "status": "active",
            "vanity_name_servers": [],
            "zone_id": "8b593594cfe4ab6f759b50457ca69118"
          },
          "sensitive_attributes": []
        }
      ]
    },
    {
      "mode": "managed",
      "type": "aws_default_route_table",
      "name": "diplom-default-route-table",
      "provider": "provider[\"registry.terraform.io/hashicorp/aws\"]",
      "instances": [
        {
          "schema_version": 0,
          "attributes": {
            "arn": "arn:aws:ec2:us-east-1:710137062404:route-table/rtb-0001967392b937eda",
            "default_route_table_id": "rtb-0001967392b937eda",
            "id": "rtb-0001967392b937eda",
            "owner_id": "710137062404",
            "propagating_vgws": null,
            "route": [
              {
                "cidr_block": "0.0.0.0/0",
                "destination_prefix_list_id": "",
                "egress_only_gateway_id": "",
                "gateway_id": "igw-04fe8f6d11b72ce95",
                "instance_id": "",
                "ipv6_cidr_block": "",
                "nat_gateway_id": "",
                "network_interface_id": "",
                "transit_gateway_id": "",
                "vpc_endpoint_id": "",
                "vpc_peering_connection_id": ""
              }
            ],
            "tags": {
              "Name": "diplom-default-route-table"
            },
            "tags_all": {
              "Name": "diplom-default-route-table"
            },
            "timeouts": null,
            "vpc_id": "vpc-0cc19d0c558c01bf8"
          },
          "sensitive_attributes": [],
          "private": "eyJlMmJmYjczMC1lY2FhLTExZTYtOGY4OC0zNDM2M2JjN2M0YzAiOnsiY3JlYXRlIjoxMjAwMDAwMDAwMDAsInVwZGF0ZSI6MTIwMDAwMDAwMDAwfX0=",
          "dependencies": [
            "aws_internet_gateway.diplom-igw",
            "aws_vpc.diplom-vpc"
          ]
        }
      ]
    },
    {
      "mode": "managed",
      "type": "aws_eip",
      "name": "diplom-elastic-ip-rproxy",
      "provider": "provider[\"registry.terraform.io/hashicorp/aws\"]",
      "instances": [
        {
          "schema_version": 0,
          "attributes": {
            "address": null,
            "allocation_id": "eipalloc-0a292b5cd76501f1c",
            "associate_with_private_ip": "192.168.0.4",
            "association_id": "eipassoc-060e9871c1e7e5d71",
            "carrier_ip": "",
            "customer_owned_ip": "",
            "customer_owned_ipv4_pool": "",
            "domain": "vpc",
            "id": "eipalloc-0a292b5cd76501f1c",
            "instance": "",
            "network_border_group": "us-east-1",
            "network_interface": "eni-088af669d8724d958",
            "private_dns": "ip-192-168-0-4.ec2.internal",
            "private_ip": "192.168.0.4",
            "public_dns": "ec2-184-73-0-112.compute-1.amazonaws.com",
            "public_ip": "184.73.0.112",
            "public_ipv4_pool": "amazon",
            "tags": null,
            "tags_all": {},
            "timeouts": null,
            "vpc": true
          },
          "sensitive_attributes": [],
          "private": "eyJlMmJmYjczMC1lY2FhLTExZTYtOGY4OC0zNDM2M2JjN2M0YzAiOnsiZGVsZXRlIjoxODAwMDAwMDAwMDAsInJlYWQiOjkwMDAwMDAwMDAwMCwidXBkYXRlIjozMDAwMDAwMDAwMDB9fQ==",
          "dependencies": [
            "aws_internet_gateway.diplom-igw",
            "aws_network_interface.diplom-public-network_interface-rproxy",
            "aws_security_group.allow_all_output",
            "aws_security_group.allow_internal_traffic",
            "aws_security_group.allow_ping",
            "aws_security_group.allow_ssh",
            "aws_security_group.allow_web",
            "aws_subnet.diplom-public-subnet",
            "aws_vpc.diplom-vpc"
          ]
        }
      ]
    },
    {
      "mode": "managed",
      "type": "aws_eip",
      "name": "diplom-elastic-ip_for_nat-gw",
      "provider": "provider[\"registry.terraform.io/hashicorp/aws\"]",
      "instances": [
        {
          "schema_version": 0,
          "attributes": {
            "address": null,
            "allocation_id": "eipalloc-014adc43a30601992",
            "associate_with_private_ip": null,
            "association_id": "",
            "carrier_ip": "",
            "customer_owned_ip": "",
            "customer_owned_ipv4_pool": "",
            "domain": "vpc",
            "id": "eipalloc-014adc43a30601992",
            "instance": "",
            "network_border_group": "us-east-1",
            "network_interface": "",
            "private_dns": null,
            "private_ip": "",
            "public_dns": "ec2-35-153-76-181.compute-1.amazonaws.com",
            "public_ip": "35.153.76.181",
            "public_ipv4_pool": "amazon",
            "tags": {
              "Name": "diplom-elastic-ip_for_nat-gw"
            },
            "tags_all": {
              "Name": "diplom-elastic-ip_for_nat-gw"
            },
            "timeouts": null,
            "vpc": true
          },
          "sensitive_attributes": [],
          "private": "eyJlMmJmYjczMC1lY2FhLTExZTYtOGY4OC0zNDM2M2JjN2M0YzAiOnsiZGVsZXRlIjoxODAwMDAwMDAwMDAsInJlYWQiOjkwMDAwMDAwMDAwMCwidXBkYXRlIjozMDAwMDAwMDAwMDB9fQ=="
        }
      ]
    },
    {
      "mode": "managed",
      "type": "aws_instance",
      "name": "diplom-vm-db_node",
      "provider": "provider[\"registry.terraform.io/hashicorp/aws\"]",
      "instances": [
        {
          "index_key": 0,
          "schema_version": 1,
          "attributes": {
            "ami": "ami-01d08089481510ba2",
            "arn": "arn:aws:ec2:us-east-1:710137062404:instance/i-09c4fcb0efcb3b124",
            "associate_public_ip_address": false,
            "availability_zone": "us-east-1a",
            "capacity_reservation_specification": [
              {
                "capacity_reservation_preference": "open",
                "capacity_reservation_target": []
              }
            ],
            "cpu_core_count": 1,
            "cpu_threads_per_core": 1,
            "credit_specification": [
              {
                "cpu_credits": "standard"
              }
            ],
            "disable_api_termination": false,
            "ebs_block_device": [],
            "ebs_optimized": false,
            "enclave_options": [
              {
                "enabled": false
              }
            ],
            "ephemeral_block_device": [],
            "get_password_data": false,
            "hibernation": false,
            "host_id": null,
            "iam_instance_profile": "",
            "id": "i-09c4fcb0efcb3b124",
            "instance_initiated_shutdown_behavior": "stop",
            "instance_state": "running",
            "instance_type": "t2.small",
            "ipv6_address_count": 0,
            "ipv6_addresses": [],
            "key_name": "alexander-key-to-aws",
            "launch_template": [],
            "metadata_options": [
              {
                "http_endpoint": "enabled",
                "http_put_response_hop_limit": 1,
                "http_tokens": "optional",
                "instance_metadata_tags": "disabled"
              }
            ],
            "monitoring": false,
            "network_interface": [
              {
                "delete_on_termination": false,
                "device_index": 0,
                "network_interface_id": "eni-0f8076bb09fa2a274"
              }
            ],
            "outpost_arn": "",
            "password_data": "",
            "placement_group": "",
            "placement_partition_number": null,
            "primary_network_interface_id": "eni-0f8076bb09fa2a274",
            "private_dns": "ip-192-168-1-4.ec2.internal",
            "private_ip": "192.168.1.4",
            "public_dns": "",
            "public_ip": "",
            "root_block_device": [
              {
                "delete_on_termination": true,
                "device_name": "/dev/sda1",
                "encrypted": false,
                "iops": 100,
                "kms_key_id": "",
                "tags": {},
                "throughput": 0,
                "volume_id": "vol-029a9690ce7841843",
                "volume_size": 8,
                "volume_type": "gp2"
              }
            ],
            "secondary_private_ips": [],
            "security_groups": [],
            "source_dest_check": true,
            "subnet_id": "subnet-046d8ffa9823a31be",
            "tags": {
              "Name": "diplom-vm-db_node_1"
            },
            "tags_all": {
              "Name": "diplom-vm-db_node_1"
            },
            "tenancy": "default",
            "timeouts": null,
            "user_data": null,
            "user_data_base64": null,
            "volume_tags": null,
            "vpc_security_group_ids": [
              "sg-0679375fe2cd05553",
              "sg-072527c81284a8791",
              "sg-0abb2ecfb225e7c1f",
              "sg-0d72068735a5b0ec5",
              "sg-0fda2091991be53e1"
            ]
          },
          "sensitive_attributes": [],
          "private": "eyJlMmJmYjczMC1lY2FhLTExZTYtOGY4OC0zNDM2M2JjN2M0YzAiOnsiY3JlYXRlIjo2MDAwMDAwMDAwMDAsImRlbGV0ZSI6MTIwMDAwMDAwMDAwMCwidXBkYXRlIjo2MDAwMDAwMDAwMDB9LCJzY2hlbWFfdmVyc2lvbiI6IjEifQ==",
          "dependencies": [
            "aws_key_pair.kp",
            "aws_network_interface.diplom-private-network_interface-db_node",
            "aws_security_group.allow_all_output",
            "aws_security_group.allow_internal_traffic",
            "aws_security_group.allow_ping",
            "aws_security_group.allow_ssh",
            "aws_security_group.allow_web",
            "aws_subnet.diplom-private-subnet-1",
            "aws_vpc.diplom-vpc",
            "data.aws_ami.ubuntu",
            "tls_private_key.pk"
          ]
        },
        {
          "index_key": 1,
          "schema_version": 1,
          "attributes": {
            "ami": "ami-01d08089481510ba2",
            "arn": "arn:aws:ec2:us-east-1:710137062404:instance/i-0640c74494c6a1055",
            "associate_public_ip_address": false,
            "availability_zone": "us-east-1a",
            "capacity_reservation_specification": [
              {
                "capacity_reservation_preference": "open",
                "capacity_reservation_target": []
              }
            ],
            "cpu_core_count": 1,
            "cpu_threads_per_core": 1,
            "credit_specification": [
              {
                "cpu_credits": "standard"
              }
            ],
            "disable_api_termination": false,
            "ebs_block_device": [],
            "ebs_optimized": false,
            "enclave_options": [
              {
                "enabled": false
              }
            ],
            "ephemeral_block_device": [],
            "get_password_data": false,
            "hibernation": false,
            "host_id": null,
            "iam_instance_profile": "",
            "id": "i-0640c74494c6a1055",
            "instance_initiated_shutdown_behavior": "stop",
            "instance_state": "running",
            "instance_type": "t2.small",
            "ipv6_address_count": 0,
            "ipv6_addresses": [],
            "key_name": "alexander-key-to-aws",
            "launch_template": [],
            "metadata_options": [
              {
                "http_endpoint": "enabled",
                "http_put_response_hop_limit": 1,
                "http_tokens": "optional",
                "instance_metadata_tags": "disabled"
              }
            ],
            "monitoring": false,
            "network_interface": [
              {
                "delete_on_termination": false,
                "device_index": 0,
                "network_interface_id": "eni-01794dc46455c9145"
              }
            ],
            "outpost_arn": "",
            "password_data": "",
            "placement_group": "",
            "placement_partition_number": null,
            "primary_network_interface_id": "eni-01794dc46455c9145",
            "private_dns": "ip-192-168-1-5.ec2.internal",
            "private_ip": "192.168.1.5",
            "public_dns": "",
            "public_ip": "",
            "root_block_device": [
              {
                "delete_on_termination": true,
                "device_name": "/dev/sda1",
                "encrypted": false,
                "iops": 100,
                "kms_key_id": "",
                "tags": {},
                "throughput": 0,
                "volume_id": "vol-07118522d60c8aa09",
                "volume_size": 8,
                "volume_type": "gp2"
              }
            ],
            "secondary_private_ips": [],
            "security_groups": [],
            "source_dest_check": true,
            "subnet_id": "subnet-046d8ffa9823a31be",
            "tags": {
              "Name": "diplom-vm-db_node_2"
            },
            "tags_all": {
              "Name": "diplom-vm-db_node_2"
            },
            "tenancy": "default",
            "timeouts": null,
            "user_data": null,
            "user_data_base64": null,
            "volume_tags": null,
            "vpc_security_group_ids": [
              "sg-0679375fe2cd05553",
              "sg-072527c81284a8791",
              "sg-0abb2ecfb225e7c1f",
              "sg-0d72068735a5b0ec5",
              "sg-0fda2091991be53e1"
            ]
          },
          "sensitive_attributes": [],
          "private": "eyJlMmJmYjczMC1lY2FhLTExZTYtOGY4OC0zNDM2M2JjN2M0YzAiOnsiY3JlYXRlIjo2MDAwMDAwMDAwMDAsImRlbGV0ZSI6MTIwMDAwMDAwMDAwMCwidXBkYXRlIjo2MDAwMDAwMDAwMDB9LCJzY2hlbWFfdmVyc2lvbiI6IjEifQ==",
          "dependencies": [
            "aws_key_pair.kp",
            "aws_network_interface.diplom-private-network_interface-db_node",
            "aws_security_group.allow_all_output",
            "aws_security_group.allow_internal_traffic",
            "aws_security_group.allow_ping",
            "aws_security_group.allow_ssh",
            "aws_security_group.allow_web",
            "aws_subnet.diplom-private-subnet-1",
            "aws_vpc.diplom-vpc",
            "data.aws_ami.ubuntu",
            "tls_private_key.pk"
          ]
        }
      ]
    },
    {
      "mode": "managed",
      "type": "aws_instance",
      "name": "diplom-vm-gitlab_node",
      "provider": "provider[\"registry.terraform.io/hashicorp/aws\"]",
      "instances": [
        {
          "schema_version": 1,
          "attributes": {
            "ami": "ami-01d08089481510ba2",
            "arn": "arn:aws:ec2:us-east-1:710137062404:instance/i-0b20a3c0830a0f30e",
            "associate_public_ip_address": false,
            "availability_zone": "us-east-1a",
            "capacity_reservation_specification": [
              {
                "capacity_reservation_preference": "open",
                "capacity_reservation_target": []
              }
            ],
            "cpu_core_count": 2,
            "cpu_threads_per_core": 2,
            "credit_specification": [
              {
                "cpu_credits": "unlimited"
              }
            ],
            "disable_api_termination": false,
            "ebs_block_device": [],
            "ebs_optimized": false,
            "enclave_options": [
              {
                "enabled": false
              }
            ],
            "ephemeral_block_device": [],
            "get_password_data": false,
            "hibernation": false,
            "host_id": null,
            "iam_instance_profile": "",
            "id": "i-0b20a3c0830a0f30e",
            "instance_initiated_shutdown_behavior": "stop",
            "instance_state": "running",
            "instance_type": "t3.xlarge",
            "ipv6_address_count": 0,
            "ipv6_addresses": [],
            "key_name": "alexander-key-to-aws",
            "launch_template": [],
            "metadata_options": [
              {
                "http_endpoint": "enabled",
                "http_put_response_hop_limit": 1,
                "http_tokens": "optional",
                "instance_metadata_tags": "disabled"
              }
            ],
            "monitoring": false,
            "network_interface": [
              {
                "delete_on_termination": false,
                "device_index": 0,
                "network_interface_id": "eni-06cc64c176ccd1feb"
              }
            ],
            "outpost_arn": "",
            "password_data": "",
            "placement_group": "",
            "placement_partition_number": null,
            "primary_network_interface_id": "eni-06cc64c176ccd1feb",
            "private_dns": "ip-192-168-1-7.ec2.internal",
            "private_ip": "192.168.1.7",
            "public_dns": "",
            "public_ip": "",
            "root_block_device": [
              {
                "delete_on_termination": true,
                "device_name": "/dev/sda1",
                "encrypted": false,
                "iops": 100,
                "kms_key_id": "",
                "tags": null,
                "throughput": 0,
                "volume_id": "vol-0a74337a825ec2e13",
                "volume_size": 20,
                "volume_type": "gp2"
              }
            ],
            "secondary_private_ips": [],
            "security_groups": [],
            "source_dest_check": true,
            "subnet_id": "subnet-046d8ffa9823a31be",
            "tags": {
              "Name": "diplom-vm-gitlab_node"
            },
            "tags_all": {
              "Name": "diplom-vm-gitlab_node"
            },
            "tenancy": "default",
            "timeouts": null,
            "user_data": null,
            "user_data_base64": null,
            "volume_tags": null,
            "vpc_security_group_ids": [
              "sg-0679375fe2cd05553",
              "sg-072527c81284a8791",
              "sg-0abb2ecfb225e7c1f",
              "sg-0d72068735a5b0ec5",
              "sg-0fda2091991be53e1"
            ]
          },
          "sensitive_attributes": [],
          "private": "eyJlMmJmYjczMC1lY2FhLTExZTYtOGY4OC0zNDM2M2JjN2M0YzAiOnsiY3JlYXRlIjo2MDAwMDAwMDAwMDAsImRlbGV0ZSI6MTIwMDAwMDAwMDAwMCwidXBkYXRlIjo2MDAwMDAwMDAwMDB9LCJzY2hlbWFfdmVyc2lvbiI6IjEifQ==",
          "dependencies": [
            "aws_key_pair.kp",
            "aws_network_interface.diplom-private-network_interface-gitlab_node",
            "aws_security_group.allow_all_output",
            "aws_security_group.allow_internal_traffic",
            "aws_security_group.allow_ping",
            "aws_security_group.allow_ssh",
            "aws_security_group.allow_web",
            "aws_subnet.diplom-private-subnet-1",
            "aws_vpc.diplom-vpc",
            "data.aws_ami.ubuntu",
            "tls_private_key.pk"
          ]
        }
      ]
    },
    {
      "mode": "managed",
      "type": "aws_instance",
      "name": "diplom-vm-gitlabrunner_node",
      "provider": "provider[\"registry.terraform.io/hashicorp/aws\"]",
      "instances": [
        {
          "schema_version": 1,
          "attributes": {
            "ami": "ami-01d08089481510ba2",
            "arn": "arn:aws:ec2:us-east-1:710137062404:instance/i-0d188d80866c1bca2",
            "associate_public_ip_address": false,
            "availability_zone": "us-east-1a",
            "capacity_reservation_specification": [
              {
                "capacity_reservation_preference": "open",
                "capacity_reservation_target": []
              }
            ],
            "cpu_core_count": 1,
            "cpu_threads_per_core": 2,
            "credit_specification": [
              {
                "cpu_credits": "unlimited"
              }
            ],
            "disable_api_termination": false,
            "ebs_block_device": [],
            "ebs_optimized": false,
            "enclave_options": [
              {
                "enabled": false
              }
            ],
            "ephemeral_block_device": [],
            "get_password_data": false,
            "hibernation": false,
            "host_id": null,
            "iam_instance_profile": "",
            "id": "i-0d188d80866c1bca2",
            "instance_initiated_shutdown_behavior": "stop",
            "instance_state": "running",
            "instance_type": "t3.micro",
            "ipv6_address_count": 0,
            "ipv6_addresses": [],
            "key_name": "alexander-key-to-aws",
            "launch_template": [],
            "metadata_options": [
              {
                "http_endpoint": "enabled",
                "http_put_response_hop_limit": 1,
                "http_tokens": "optional",
                "instance_metadata_tags": "disabled"
              }
            ],
            "monitoring": false,
            "network_interface": [
              {
                "delete_on_termination": false,
                "device_index": 0,
                "network_interface_id": "eni-0d74949df7fc651a5"
              }
            ],
            "outpost_arn": "",
            "password_data": "",
            "placement_group": "",
            "placement_partition_number": null,
            "primary_network_interface_id": "eni-0d74949df7fc651a5",
            "private_dns": "ip-192-168-1-8.ec2.internal",
            "private_ip": "192.168.1.8",
            "public_dns": "",
            "public_ip": "",
            "root_block_device": [
              {
                "delete_on_termination": true,
                "device_name": "/dev/sda1",
                "encrypted": false,
                "iops": 100,
                "kms_key_id": "",
                "tags": {},
                "throughput": 0,
                "volume_id": "vol-072f1fe7d1b41b6dc",
                "volume_size": 8,
                "volume_type": "gp2"
              }
            ],
            "secondary_private_ips": [],
            "security_groups": [],
            "source_dest_check": true,
            "subnet_id": "subnet-046d8ffa9823a31be",
            "tags": {
              "Name": "diplom-vm-gitlabrunner_node"
            },
            "tags_all": {
              "Name": "diplom-vm-gitlabrunner_node"
            },
            "tenancy": "default",
            "timeouts": null,
            "user_data": null,
            "user_data_base64": null,
            "volume_tags": null,
            "vpc_security_group_ids": [
              "sg-0679375fe2cd05553",
              "sg-072527c81284a8791",
              "sg-0abb2ecfb225e7c1f",
              "sg-0d72068735a5b0ec5",
              "sg-0fda2091991be53e1"
            ]
          },
          "sensitive_attributes": [],
          "private": "eyJlMmJmYjczMC1lY2FhLTExZTYtOGY4OC0zNDM2M2JjN2M0YzAiOnsiY3JlYXRlIjo2MDAwMDAwMDAwMDAsImRlbGV0ZSI6MTIwMDAwMDAwMDAwMCwidXBkYXRlIjo2MDAwMDAwMDAwMDB9LCJzY2hlbWFfdmVyc2lvbiI6IjEifQ==",
          "dependencies": [
            "aws_key_pair.kp",
            "aws_network_interface.diplom-private-network_interface-gitlabrunner_node",
            "aws_security_group.allow_all_output",
            "aws_security_group.allow_internal_traffic",
            "aws_security_group.allow_ping",
            "aws_security_group.allow_ssh",
            "aws_security_group.allow_web",
            "aws_subnet.diplom-private-subnet-1",
            "aws_vpc.diplom-vpc",
            "data.aws_ami.ubuntu",
            "tls_private_key.pk"
          ]
        }
      ]
    },
    {
      "mode": "managed",
      "type": "aws_instance",
      "name": "diplom-vm-monitoring_node",
      "provider": "provider[\"registry.terraform.io/hashicorp/aws\"]",
      "instances": [
        {
          "schema_version": 1,
          "attributes": {
            "ami": "ami-01d08089481510ba2",
            "arn": "arn:aws:ec2:us-east-1:710137062404:instance/i-07c3e056d68390ee0",
            "associate_public_ip_address": false,
            "availability_zone": "us-east-1a",
            "capacity_reservation_specification": [
              {
                "capacity_reservation_preference": "open",
                "capacity_reservation_target": []
              }
            ],
            "cpu_core_count": 1,
            "cpu_threads_per_core": 2,
            "credit_specification": [
              {
                "cpu_credits": "unlimited"
              }
            ],
            "disable_api_termination": false,
            "ebs_block_device": [],
            "ebs_optimized": false,
            "enclave_options": [
              {
                "enabled": false
              }
            ],
            "ephemeral_block_device": [],
            "get_password_data": false,
            "hibernation": false,
            "host_id": null,
            "iam_instance_profile": "",
            "id": "i-07c3e056d68390ee0",
            "instance_initiated_shutdown_behavior": "stop",
            "instance_state": "running",
            "instance_type": "t3.micro",
            "ipv6_address_count": 0,
            "ipv6_addresses": [],
            "key_name": "alexander-key-to-aws",
            "launch_template": [],
            "metadata_options": [
              {
                "http_endpoint": "enabled",
                "http_put_response_hop_limit": 1,
                "http_tokens": "optional",
                "instance_metadata_tags": "disabled"
              }
            ],
            "monitoring": false,
            "network_interface": [
              {
                "delete_on_termination": false,
                "device_index": 0,
                "network_interface_id": "eni-0f24e688240804b0b"
              }
            ],
            "outpost_arn": "",
            "password_data": "",
            "placement_group": "",
            "placement_partition_number": null,
            "primary_network_interface_id": "eni-0f24e688240804b0b",
            "private_dns": "ip-192-168-1-9.ec2.internal",
            "private_ip": "192.168.1.9",
            "public_dns": "",
            "public_ip": "",
            "root_block_device": [
              {
                "delete_on_termination": true,
                "device_name": "/dev/sda1",
                "encrypted": false,
                "iops": 100,
                "kms_key_id": "",
                "tags": {},
                "throughput": 0,
                "volume_id": "vol-0ac10cb845086ba40",
                "volume_size": 8,
                "volume_type": "gp2"
              }
            ],
            "secondary_private_ips": [],
            "security_groups": [],
            "source_dest_check": true,
            "subnet_id": "subnet-046d8ffa9823a31be",
            "tags": {
              "Name": "diplom-vm-monitoring_node"
            },
            "tags_all": {
              "Name": "diplom-vm-monitoring_node"
            },
            "tenancy": "default",
            "timeouts": null,
            "user_data": null,
            "user_data_base64": null,
            "volume_tags": null,
            "vpc_security_group_ids": [
              "sg-0679375fe2cd05553",
              "sg-072527c81284a8791",
              "sg-0abb2ecfb225e7c1f",
              "sg-0d72068735a5b0ec5",
              "sg-0fda2091991be53e1"
            ]
          },
          "sensitive_attributes": [],
          "private": "eyJlMmJmYjczMC1lY2FhLTExZTYtOGY4OC0zNDM2M2JjN2M0YzAiOnsiY3JlYXRlIjo2MDAwMDAwMDAwMDAsImRlbGV0ZSI6MTIwMDAwMDAwMDAwMCwidXBkYXRlIjo2MDAwMDAwMDAwMDB9LCJzY2hlbWFfdmVyc2lvbiI6IjEifQ==",
          "dependencies": [
            "aws_key_pair.kp",
            "aws_network_interface.diplom-private-network_interface-monitoring_node",
            "aws_security_group.allow_all_output",
            "aws_security_group.allow_internal_traffic",
            "aws_security_group.allow_ping",
            "aws_security_group.allow_ssh",
            "aws_security_group.allow_web",
            "aws_subnet.diplom-private-subnet-1",
            "aws_vpc.diplom-vpc",
            "data.aws_ami.ubuntu",
            "tls_private_key.pk"
          ]
        }
      ]
    },
    {
      "mode": "managed",
      "type": "aws_instance",
      "name": "diplom-vm-rproxy",
      "provider": "provider[\"registry.terraform.io/hashicorp/aws\"]",
      "instances": [
        {
          "schema_version": 1,
          "attributes": {
            "ami": "ami-01d08089481510ba2",
            "arn": "arn:aws:ec2:us-east-1:710137062404:instance/i-05f649555cee4e8c0",
            "associate_public_ip_address": true,
            "availability_zone": "us-east-1a",
            "capacity_reservation_specification": [
              {
                "capacity_reservation_preference": "open",
                "capacity_reservation_target": []
              }
            ],
            "cpu_core_count": 1,
            "cpu_threads_per_core": 1,
            "credit_specification": [
              {
                "cpu_credits": "standard"
              }
            ],
            "disable_api_termination": false,
            "ebs_block_device": [],
            "ebs_optimized": false,
            "enclave_options": [
              {
                "enabled": false
              }
            ],
            "ephemeral_block_device": [],
            "get_password_data": false,
            "hibernation": false,
            "host_id": null,
            "iam_instance_profile": "",
            "id": "i-05f649555cee4e8c0",
            "instance_initiated_shutdown_behavior": "stop",
            "instance_state": "running",
            "instance_type": "t2.micro",
            "ipv6_address_count": 0,
            "ipv6_addresses": [],
            "key_name": "alexander-key-to-aws",
            "launch_template": [],
            "metadata_options": [
              {
                "http_endpoint": "enabled",
                "http_put_response_hop_limit": 1,
                "http_tokens": "optional",
                "instance_metadata_tags": "disabled"
              }
            ],
            "monitoring": false,
            "network_interface": [
              {
                "delete_on_termination": false,
                "device_index": 0,
                "network_interface_id": "eni-088af669d8724d958"
              }
            ],
            "outpost_arn": "",
            "password_data": "",
            "placement_group": "",
            "placement_partition_number": null,
            "primary_network_interface_id": "eni-088af669d8724d958",
            "private_dns": "ip-192-168-0-4.ec2.internal",
            "private_ip": "192.168.0.4",
            "public_dns": "",
            "public_ip": "184.73.0.112",
            "root_block_device": [
              {
                "delete_on_termination": true,
                "device_name": "/dev/sda1",
                "encrypted": false,
                "iops": 100,
                "kms_key_id": "",
                "tags": {},
                "throughput": 0,
                "volume_id": "vol-06c707d4df9596fbe",
                "volume_size": 8,
                "volume_type": "gp2"
              }
            ],
            "secondary_private_ips": [],
            "security_groups": [],
            "source_dest_check": true,
            "subnet_id": "subnet-0e403ca3314d02e09",
            "tags": {
              "Name": "diplom-vm-rproxy"
            },
            "tags_all": {
              "Name": "diplom-vm-rproxy"
            },
            "tenancy": "default",
            "timeouts": null,
            "user_data": null,
            "user_data_base64": null,
            "volume_tags": null,
            "vpc_security_group_ids": [
              "sg-0679375fe2cd05553",
              "sg-072527c81284a8791",
              "sg-0abb2ecfb225e7c1f",
              "sg-0d72068735a5b0ec5",
              "sg-0fda2091991be53e1"
            ]
          },
          "sensitive_attributes": [],
          "private": "eyJlMmJmYjczMC1lY2FhLTExZTYtOGY4OC0zNDM2M2JjN2M0YzAiOnsiY3JlYXRlIjo2MDAwMDAwMDAwMDAsImRlbGV0ZSI6MTIwMDAwMDAwMDAwMCwidXBkYXRlIjo2MDAwMDAwMDAwMDB9LCJzY2hlbWFfdmVyc2lvbiI6IjEifQ==",
          "dependencies": [
            "aws_eip.diplom-elastic-ip-rproxy",
            "aws_internet_gateway.diplom-igw",
            "aws_key_pair.kp",
            "aws_network_interface.diplom-public-network_interface-rproxy",
            "aws_security_group.allow_all_output",
            "aws_security_group.allow_internal_traffic",
            "aws_security_group.allow_ping",
            "aws_security_group.allow_ssh",
            "aws_security_group.allow_web",
            "aws_subnet.diplom-public-subnet",
            "aws_vpc.diplom-vpc",
            "data.aws_ami.ubuntu",
            "tls_private_key.pk"
          ]
        }
      ]
    },
    {
      "mode": "managed",
      "type": "aws_instance",
      "name": "diplom-vm-web_node",
      "provider": "provider[\"registry.terraform.io/hashicorp/aws\"]",
      "instances": [
        {
          "schema_version": 1,
          "attributes": {
            "ami": "ami-01d08089481510ba2",
            "arn": "arn:aws:ec2:us-east-1:710137062404:instance/i-04f7bc0224c70f3ec",
            "associate_public_ip_address": false,
            "availability_zone": "us-east-1a",
            "capacity_reservation_specification": [
              {
                "capacity_reservation_preference": "open",
                "capacity_reservation_target": []
              }
            ],
            "cpu_core_count": 1,
            "cpu_threads_per_core": 1,
            "credit_specification": [
              {
                "cpu_credits": "standard"
              }
            ],
            "disable_api_termination": false,
            "ebs_block_device": [],
            "ebs_optimized": false,
            "enclave_options": [
              {
                "enabled": false
              }
            ],
            "ephemeral_block_device": [],
            "get_password_data": false,
            "hibernation": false,
            "host_id": null,
            "iam_instance_profile": "",
            "id": "i-04f7bc0224c70f3ec",
            "instance_initiated_shutdown_behavior": "stop",
            "instance_state": "running",
            "instance_type": "t2.micro",
            "ipv6_address_count": 0,
            "ipv6_addresses": [],
            "key_name": "alexander-key-to-aws",
            "launch_template": [],
            "metadata_options": [
              {
                "http_endpoint": "enabled",
                "http_put_response_hop_limit": 1,
                "http_tokens": "optional",
                "instance_metadata_tags": "disabled"
              }
            ],
            "monitoring": false,
            "network_interface": [
              {
                "delete_on_termination": false,
                "device_index": 0,
                "network_interface_id": "eni-0c0621a0f74885232"
              }
            ],
            "outpost_arn": "",
            "password_data": "",
            "placement_group": "",
            "placement_partition_number": null,
            "primary_network_interface_id": "eni-0c0621a0f74885232",
            "private_dns": "ip-192-168-1-6.ec2.internal",
            "private_ip": "192.168.1.6",
            "public_dns": "",
            "public_ip": "",
            "root_block_device": [
              {
                "delete_on_termination": true,
                "device_name": "/dev/sda1",
                "encrypted": false,
                "iops": 100,
                "kms_key_id": "",
                "tags": {},
                "throughput": 0,
                "volume_id": "vol-0301f1803e433b284",
                "volume_size": 8,
                "volume_type": "gp2"
              }
            ],
            "secondary_private_ips": [],
            "security_groups": [],
            "source_dest_check": true,
            "subnet_id": "subnet-046d8ffa9823a31be",
            "tags": {
              "Name": "diplom-vm-web_node"
            },
            "tags_all": {
              "Name": "diplom-vm-web_node"
            },
            "tenancy": "default",
            "timeouts": null,
            "user_data": null,
            "user_data_base64": null,
            "volume_tags": null,
            "vpc_security_group_ids": [
              "sg-0679375fe2cd05553",
              "sg-072527c81284a8791",
              "sg-0abb2ecfb225e7c1f",
              "sg-0d72068735a5b0ec5",
              "sg-0fda2091991be53e1"
            ]
          },
          "sensitive_attributes": [],
          "private": "eyJlMmJmYjczMC1lY2FhLTExZTYtOGY4OC0zNDM2M2JjN2M0YzAiOnsiY3JlYXRlIjo2MDAwMDAwMDAwMDAsImRlbGV0ZSI6MTIwMDAwMDAwMDAwMCwidXBkYXRlIjo2MDAwMDAwMDAwMDB9LCJzY2hlbWFfdmVyc2lvbiI6IjEifQ==",
          "dependencies": [
            "aws_key_pair.kp",
            "aws_network_interface.diplom-private-network_interface-web_node",
            "aws_security_group.allow_all_output",
            "aws_security_group.allow_internal_traffic",
            "aws_security_group.allow_ping",
            "aws_security_group.allow_ssh",
            "aws_security_group.allow_web",
            "aws_subnet.diplom-private-subnet-1",
            "aws_vpc.diplom-vpc",
            "data.aws_ami.ubuntu",
            "tls_private_key.pk"
          ]
        }
      ]
    },
    {
      "mode": "managed",
      "type": "aws_internet_gateway",
      "name": "diplom-igw",
      "provider": "provider[\"registry.terraform.io/hashicorp/aws\"]",
      "instances": [
        {
          "schema_version": 0,
          "attributes": {
            "arn": "arn:aws:ec2:us-east-1:710137062404:internet-gateway/igw-04fe8f6d11b72ce95",
            "id": "igw-04fe8f6d11b72ce95",
            "owner_id": "710137062404",
            "tags": {
              "Name": "diplom-internet-gateway"
            },
            "tags_all": {
              "Name": "diplom-internet-gateway"
            },
            "vpc_id": "vpc-0cc19d0c558c01bf8"
          },
          "sensitive_attributes": [],
          "private": "bnVsbA==",
          "dependencies": [
            "aws_vpc.diplom-vpc"
          ]
        }
      ]
    },
    {
      "mode": "managed",
      "type": "aws_key_pair",
      "name": "kp",
      "provider": "provider[\"registry.terraform.io/hashicorp/aws\"]",
      "instances": [
        {
          "schema_version": 1,
          "attributes": {
            "arn": "arn:aws:ec2:us-east-1:710137062404:key-pair/alexander-key-to-aws",
            "fingerprint": "6f:13:32:0c:99:b9:5d:45:2a:c9:8e:06:ec:cb:f2:bd",
            "id": "alexander-key-to-aws",
            "key_name": "alexander-key-to-aws",
            "key_name_prefix": "",
            "key_pair_id": "key-05c33ddd23eed00ad",
            "public_key": "ssh-rsa AAAAB3NzaC1yc2EAAAADAQABAAACAQCooylL8K71jfvtiVTSEXg9TxxgJ9DmDvfnGlcgSUd5o/51wbKFwUGDQ4tt9PejLAKySApo4Xi2L5z7D8YRArhc6X62/tuWhcspDOPfX6dmpXLGUD8tezn6a4TZHAiWKd2+91gI1lcHoRm5W6dx54GQMz7tRsbXTyUTlDzjpep//UfSxIQ8jFeBaexlij+vQgsM1flKwB3FHj1+Qd2d8Br9C1z4rpNkOEKfjRD+9/bAgLd2kBVaeGRPlm6y9EkR7sj7CzXzIC/FfGNCxWzxOpDPR+27waxFzz3yr6ubRlc2G6YZCWOGRPJoNEd0jJgK2IwAj0bMSkvYFk6ZZJ1NibxFWSb9Z4oU0/iaUYCzUVbX/4oLc6qKlmIWL/yrQMU4J3Esjt/l921pMEhG57JdpaOzL8riFEby3DOtDkg89L05iyJ+NV/ZrD2AR/RK3ogeKBmF4HJIIhoRS60jws0cbMMIzmFMKe3q3m+CQEcWYtiVkqQ+QsW2W2VAXDKKoKU4bN46/R/1c90vwChVXLWbC9NeIWjQRbalj1yY/FOFSgrjR8f8BIapriZ1lRgxlUD3nIFJEYVDbotBZY+XxC1i2dYOeA0EKDfdOzSkAoO+PMDJ/1/pftkLi0Lp9lzZ3aCtpysNMM3sWWaYQrwFrgfWcJi/Apn1uOoXmyE5LOrnK+wfCw==",
            "tags": null,
            "tags_all": {}
          },
          "sensitive_attributes": [],
          "private": "eyJzY2hlbWFfdmVyc2lvbiI6IjEifQ==",
          "dependencies": [
            "tls_private_key.pk"
          ]
        }
      ]
    },
    {
      "mode": "managed",
      "type": "aws_nat_gateway",
      "name": "diplom-nat-gw",
      "provider": "provider[\"registry.terraform.io/hashicorp/aws\"]",
      "instances": [
        {
          "schema_version": 0,
          "attributes": {
            "allocation_id": "eipalloc-014adc43a30601992",
            "connectivity_type": "public",
            "id": "nat-0c5685d1876039a6d",
            "network_interface_id": "eni-0c3f7b656d01c8f02",
            "private_ip": "192.168.0.171",
            "public_ip": "35.153.76.181",
            "subnet_id": "subnet-0e403ca3314d02e09",
            "tags": {
              "Name": "diplom-nat-gw"
            },
            "tags_all": {
              "Name": "diplom-nat-gw"
            }
          },
          "sensitive_attributes": [],
          "private": "bnVsbA==",
          "dependencies": [
            "aws_eip.diplom-elastic-ip_for_nat-gw",
            "aws_internet_gateway.diplom-igw",
            "aws_subnet.diplom-public-subnet",
            "aws_vpc.diplom-vpc"
          ]
        }
      ]
    },
    {
      "mode": "managed",
      "type": "aws_network_interface",
      "name": "diplom-private-network_interface-db_node",
      "provider": "provider[\"registry.terraform.io/hashicorp/aws\"]",
      "instances": [
        {
          "index_key": 0,
          "schema_version": 0,
          "attributes": {
            "arn": "arn:aws:ec2:us-east-1:710137062404:network-interface/eni-0f8076bb09fa2a274",
            "attachment": [],
            "description": "",
            "id": "eni-0f8076bb09fa2a274",
            "interface_type": "interface",
            "ipv4_prefix_count": 0,
            "ipv4_prefixes": [],
            "ipv6_address_count": 0,
            "ipv6_address_list": [],
            "ipv6_address_list_enabled": false,
            "ipv6_addresses": [],
            "ipv6_prefix_count": 0,
            "ipv6_prefixes": [],
            "mac_address": "0e:df:36:b9:ea:23",
            "outpost_arn": "",
            "owner_id": "710137062404",
            "private_dns_name": "",
            "private_ip": "192.168.1.4",
            "private_ip_list": [
              "192.168.1.4"
            ],
            "private_ip_list_enabled": false,
            "private_ips": [
              "192.168.1.4"
            ],
            "private_ips_count": 0,
            "security_groups": [
              "sg-0679375fe2cd05553",
              "sg-072527c81284a8791",
              "sg-0abb2ecfb225e7c1f",
              "sg-0d72068735a5b0ec5",
              "sg-0fda2091991be53e1"
            ],
            "source_dest_check": true,
            "subnet_id": "subnet-046d8ffa9823a31be",
            "tags": {
              "Name": "diplom-private-network_interface-db_0_node"
            },
            "tags_all": {
              "Name": "diplom-private-network_interface-db_0_node"
            }
          },
          "sensitive_attributes": [],
          "private": "bnVsbA==",
          "dependencies": [
            "aws_security_group.allow_all_output",
            "aws_security_group.allow_internal_traffic",
            "aws_security_group.allow_ping",
            "aws_security_group.allow_ssh",
            "aws_security_group.allow_web",
            "aws_subnet.diplom-private-subnet-1",
            "aws_vpc.diplom-vpc"
          ]
        },
        {
          "index_key": 1,
          "schema_version": 0,
          "attributes": {
            "arn": "arn:aws:ec2:us-east-1:710137062404:network-interface/eni-01794dc46455c9145",
            "attachment": [],
            "description": "",
            "id": "eni-01794dc46455c9145",
            "interface_type": "interface",
            "ipv4_prefix_count": 0,
            "ipv4_prefixes": [],
            "ipv6_address_count": 0,
            "ipv6_address_list": [],
            "ipv6_address_list_enabled": false,
            "ipv6_addresses": [],
            "ipv6_prefix_count": 0,
            "ipv6_prefixes": [],
            "mac_address": "0e:df:0b:e9:97:f7",
            "outpost_arn": "",
            "owner_id": "710137062404",
            "private_dns_name": "",
            "private_ip": "192.168.1.5",
            "private_ip_list": [
              "192.168.1.5"
            ],
            "private_ip_list_enabled": false,
            "private_ips": [
              "192.168.1.5"
            ],
            "private_ips_count": 0,
            "security_groups": [
              "sg-0679375fe2cd05553",
              "sg-072527c81284a8791",
              "sg-0abb2ecfb225e7c1f",
              "sg-0d72068735a5b0ec5",
              "sg-0fda2091991be53e1"
            ],
            "source_dest_check": true,
            "subnet_id": "subnet-046d8ffa9823a31be",
            "tags": {
              "Name": "diplom-private-network_interface-db_1_node"
            },
            "tags_all": {
              "Name": "diplom-private-network_interface-db_1_node"
            }
          },
          "sensitive_attributes": [],
          "private": "bnVsbA==",
          "dependencies": [
            "aws_security_group.allow_all_output",
            "aws_security_group.allow_internal_traffic",
            "aws_security_group.allow_ping",
            "aws_security_group.allow_ssh",
            "aws_security_group.allow_web",
            "aws_subnet.diplom-private-subnet-1",
            "aws_vpc.diplom-vpc"
          ]
        }
      ]
    },
    {
      "mode": "managed",
      "type": "aws_network_interface",
      "name": "diplom-private-network_interface-gitlab_node",
      "provider": "provider[\"registry.terraform.io/hashicorp/aws\"]",
      "instances": [
        {
          "schema_version": 0,
          "attributes": {
            "arn": "arn:aws:ec2:us-east-1:710137062404:network-interface/eni-06cc64c176ccd1feb",
            "attachment": [],
            "description": "",
            "id": "eni-06cc64c176ccd1feb",
            "interface_type": "interface",
            "ipv4_prefix_count": 0,
            "ipv4_prefixes": [],
            "ipv6_address_count": 0,
            "ipv6_address_list": [],
            "ipv6_address_list_enabled": false,
            "ipv6_addresses": [],
            "ipv6_prefix_count": 0,
            "ipv6_prefixes": [],
            "mac_address": "0e:24:21:6e:df:b9",
            "outpost_arn": "",
            "owner_id": "710137062404",
            "private_dns_name": "",
            "private_ip": "192.168.1.7",
            "private_ip_list": [
              "192.168.1.7"
            ],
            "private_ip_list_enabled": false,
            "private_ips": [
              "192.168.1.7"
            ],
            "private_ips_count": 0,
            "security_groups": [
              "sg-0679375fe2cd05553",
              "sg-072527c81284a8791",
              "sg-0abb2ecfb225e7c1f",
              "sg-0d72068735a5b0ec5",
              "sg-0fda2091991be53e1"
            ],
            "source_dest_check": true,
            "subnet_id": "subnet-046d8ffa9823a31be",
            "tags": {
              "Name": "diplom-private-network_interface-gitlab_node"
            },
            "tags_all": {
              "Name": "diplom-private-network_interface-gitlab_node"
            }
          },
          "sensitive_attributes": [],
          "private": "bnVsbA==",
          "dependencies": [
            "aws_security_group.allow_all_output",
            "aws_security_group.allow_internal_traffic",
            "aws_security_group.allow_ping",
            "aws_security_group.allow_ssh",
            "aws_security_group.allow_web",
            "aws_subnet.diplom-private-subnet-1",
            "aws_vpc.diplom-vpc"
          ]
        }
      ]
    },
    {
      "mode": "managed",
      "type": "aws_network_interface",
      "name": "diplom-private-network_interface-gitlabrunner_node",
      "provider": "provider[\"registry.terraform.io/hashicorp/aws\"]",
      "instances": [
        {
          "schema_version": 0,
          "attributes": {
            "arn": "arn:aws:ec2:us-east-1:710137062404:network-interface/eni-0d74949df7fc651a5",
            "attachment": [],
            "description": "",
            "id": "eni-0d74949df7fc651a5",
            "interface_type": "interface",
            "ipv4_prefix_count": 0,
            "ipv4_prefixes": [],
            "ipv6_address_count": 0,
            "ipv6_address_list": [],
            "ipv6_address_list_enabled": false,
            "ipv6_addresses": [],
            "ipv6_prefix_count": 0,
            "ipv6_prefixes": [],
            "mac_address": "0e:a7:65:ee:83:4b",
            "outpost_arn": "",
            "owner_id": "710137062404",
            "private_dns_name": "",
            "private_ip": "192.168.1.8",
            "private_ip_list": [
              "192.168.1.8"
            ],
            "private_ip_list_enabled": false,
            "private_ips": [
              "192.168.1.8"
            ],
            "private_ips_count": 0,
            "security_groups": [
              "sg-0679375fe2cd05553",
              "sg-072527c81284a8791",
              "sg-0abb2ecfb225e7c1f",
              "sg-0d72068735a5b0ec5",
              "sg-0fda2091991be53e1"
            ],
            "source_dest_check": true,
            "subnet_id": "subnet-046d8ffa9823a31be",
            "tags": {
              "Name": "diplom-private-network_interface-gitlabrunner_node"
            },
            "tags_all": {
              "Name": "diplom-private-network_interface-gitlabrunner_node"
            }
          },
          "sensitive_attributes": [],
          "private": "bnVsbA==",
          "dependencies": [
            "aws_security_group.allow_all_output",
            "aws_security_group.allow_internal_traffic",
            "aws_security_group.allow_ping",
            "aws_security_group.allow_ssh",
            "aws_security_group.allow_web",
            "aws_subnet.diplom-private-subnet-1",
            "aws_vpc.diplom-vpc"
          ]
        }
      ]
    },
    {
      "mode": "managed",
      "type": "aws_network_interface",
      "name": "diplom-private-network_interface-monitoring_node",
      "provider": "provider[\"registry.terraform.io/hashicorp/aws\"]",
      "instances": [
        {
          "schema_version": 0,
          "attributes": {
            "arn": "arn:aws:ec2:us-east-1:710137062404:network-interface/eni-0f24e688240804b0b",
            "attachment": [],
            "description": "",
            "id": "eni-0f24e688240804b0b",
            "interface_type": "interface",
            "ipv4_prefix_count": 0,
            "ipv4_prefixes": [],
            "ipv6_address_count": 0,
            "ipv6_address_list": [],
            "ipv6_address_list_enabled": false,
            "ipv6_addresses": [],
            "ipv6_prefix_count": 0,
            "ipv6_prefixes": [],
            "mac_address": "0e:7f:31:ee:c6:0b",
            "outpost_arn": "",
            "owner_id": "710137062404",
            "private_dns_name": "",
            "private_ip": "192.168.1.9",
            "private_ip_list": [
              "192.168.1.9"
            ],
            "private_ip_list_enabled": false,
            "private_ips": [
              "192.168.1.9"
            ],
            "private_ips_count": 0,
            "security_groups": [
              "sg-0679375fe2cd05553",
              "sg-072527c81284a8791",
              "sg-0abb2ecfb225e7c1f",
              "sg-0d72068735a5b0ec5",
              "sg-0fda2091991be53e1"
            ],
            "source_dest_check": true,
            "subnet_id": "subnet-046d8ffa9823a31be",
            "tags": {
              "Name": "diplom-private-network_interface-monitoring_node"
            },
            "tags_all": {
              "Name": "diplom-private-network_interface-monitoring_node"
            }
          },
          "sensitive_attributes": [],
          "private": "bnVsbA==",
          "dependencies": [
            "aws_security_group.allow_all_output",
            "aws_security_group.allow_internal_traffic",
            "aws_security_group.allow_ping",
            "aws_security_group.allow_ssh",
            "aws_security_group.allow_web",
            "aws_subnet.diplom-private-subnet-1",
            "aws_vpc.diplom-vpc"
          ]
        }
      ]
    },
    {
      "mode": "managed",
      "type": "aws_network_interface",
      "name": "diplom-private-network_interface-web_node",
      "provider": "provider[\"registry.terraform.io/hashicorp/aws\"]",
      "instances": [
        {
          "schema_version": 0,
          "attributes": {
            "arn": "arn:aws:ec2:us-east-1:710137062404:network-interface/eni-0c0621a0f74885232",
            "attachment": [],
            "description": "",
            "id": "eni-0c0621a0f74885232",
            "interface_type": "interface",
            "ipv4_prefix_count": 0,
            "ipv4_prefixes": [],
            "ipv6_address_count": 0,
            "ipv6_address_list": [],
            "ipv6_address_list_enabled": false,
            "ipv6_addresses": [],
            "ipv6_prefix_count": 0,
            "ipv6_prefixes": [],
            "mac_address": "0e:a7:aa:87:d8:11",
            "outpost_arn": "",
            "owner_id": "710137062404",
            "private_dns_name": "",
            "private_ip": "192.168.1.6",
            "private_ip_list": [
              "192.168.1.6"
            ],
            "private_ip_list_enabled": false,
            "private_ips": [
              "192.168.1.6"
            ],
            "private_ips_count": 0,
            "security_groups": [
              "sg-0679375fe2cd05553",
              "sg-072527c81284a8791",
              "sg-0abb2ecfb225e7c1f",
              "sg-0d72068735a5b0ec5",
              "sg-0fda2091991be53e1"
            ],
            "source_dest_check": true,
            "subnet_id": "subnet-046d8ffa9823a31be",
            "tags": {
              "Name": "diplom-private-network_interface-web_node"
            },
            "tags_all": {
              "Name": "diplom-private-network_interface-web_node"
            }
          },
          "sensitive_attributes": [],
          "private": "bnVsbA==",
          "dependencies": [
            "aws_security_group.allow_all_output",
            "aws_security_group.allow_internal_traffic",
            "aws_security_group.allow_ping",
            "aws_security_group.allow_ssh",
            "aws_security_group.allow_web",
            "aws_subnet.diplom-private-subnet-1",
            "aws_vpc.diplom-vpc"
          ]
        }
      ]
    },
    {
      "mode": "managed",
      "type": "aws_network_interface",
      "name": "diplom-public-network_interface-rproxy",
      "provider": "provider[\"registry.terraform.io/hashicorp/aws\"]",
      "instances": [
        {
          "schema_version": 0,
          "attributes": {
            "arn": "arn:aws:ec2:us-east-1:710137062404:network-interface/eni-088af669d8724d958",
            "attachment": [],
            "description": "",
            "id": "eni-088af669d8724d958",
            "interface_type": "interface",
            "ipv4_prefix_count": 0,
            "ipv4_prefixes": [],
            "ipv6_address_count": 0,
            "ipv6_address_list": [],
            "ipv6_address_list_enabled": false,
            "ipv6_addresses": [],
            "ipv6_prefix_count": 0,
            "ipv6_prefixes": [],
            "mac_address": "0e:e4:35:24:c4:c7",
            "outpost_arn": "",
            "owner_id": "710137062404",
            "private_dns_name": "",
            "private_ip": "192.168.0.4",
            "private_ip_list": [
              "192.168.0.4"
            ],
            "private_ip_list_enabled": false,
            "private_ips": [
              "192.168.0.4"
            ],
            "private_ips_count": 0,
            "security_groups": [
              "sg-0679375fe2cd05553",
              "sg-072527c81284a8791",
              "sg-0abb2ecfb225e7c1f",
              "sg-0d72068735a5b0ec5",
              "sg-0fda2091991be53e1"
            ],
            "source_dest_check": true,
            "subnet_id": "subnet-0e403ca3314d02e09",
            "tags": {
              "Name": "diplom-public-network_interface-rproxy"
            },
            "tags_all": {
              "Name": "diplom-public-network_interface-rproxy"
            }
          },
          "sensitive_attributes": [],
          "private": "bnVsbA==",
          "dependencies": [
            "aws_security_group.allow_all_output",
            "aws_security_group.allow_internal_traffic",
            "aws_security_group.allow_ping",
            "aws_security_group.allow_ssh",
            "aws_security_group.allow_web",
            "aws_subnet.diplom-public-subnet",
            "aws_vpc.diplom-vpc"
          ]
        }
      ]
    },
    {
      "mode": "managed",
      "type": "aws_route_table",
      "name": "diplom-route-table-private-via-nat",
      "provider": "provider[\"registry.terraform.io/hashicorp/aws\"]",
      "instances": [
        {
          "schema_version": 0,
          "attributes": {
            "arn": "arn:aws:ec2:us-east-1:710137062404:route-table/rtb-0c0007aa12707357f",
            "id": "rtb-0c0007aa12707357f",
            "owner_id": "710137062404",
            "propagating_vgws": [],
            "route": [
              {
                "carrier_gateway_id": "",
                "cidr_block": "0.0.0.0/0",
                "destination_prefix_list_id": "",
                "egress_only_gateway_id": "",
                "gateway_id": "nat-0c5685d1876039a6d",
                "instance_id": "",
                "ipv6_cidr_block": "",
                "local_gateway_id": "",
                "nat_gateway_id": "",
                "network_interface_id": "",
                "transit_gateway_id": "",
                "vpc_endpoint_id": "",
                "vpc_peering_connection_id": ""
              }
            ],
            "tags": {
              "Name": "diplom-route-table-private-via-nat"
            },
            "tags_all": {
              "Name": "diplom-route-table-private-via-nat"
            },
            "timeouts": null,
            "vpc_id": "vpc-0cc19d0c558c01bf8"
          },
          "sensitive_attributes": [],
          "private": "eyJlMmJmYjczMC1lY2FhLTExZTYtOGY4OC0zNDM2M2JjN2M0YzAiOnsiY3JlYXRlIjozMDAwMDAwMDAwMDAsImRlbGV0ZSI6MzAwMDAwMDAwMDAwLCJ1cGRhdGUiOjEyMDAwMDAwMDAwMH19",
          "dependencies": [
            "aws_eip.diplom-elastic-ip_for_nat-gw",
            "aws_internet_gateway.diplom-igw",
            "aws_nat_gateway.diplom-nat-gw",
            "aws_subnet.diplom-public-subnet",
            "aws_vpc.diplom-vpc"
          ]
        }
      ]
    },
    {
      "mode": "managed",
      "type": "aws_route_table_association",
      "name": "diplom-private1-to-NAT-route_table-assoc",
      "provider": "provider[\"registry.terraform.io/hashicorp/aws\"]",
      "instances": [
        {
          "schema_version": 0,
          "attributes": {
            "gateway_id": "",
            "id": "rtbassoc-092aba52abe06208a",
            "route_table_id": "rtb-0c0007aa12707357f",
            "subnet_id": "subnet-046d8ffa9823a31be"
          },
          "sensitive_attributes": [],
          "private": "bnVsbA==",
          "dependencies": [
            "aws_eip.diplom-elastic-ip_for_nat-gw",
            "aws_internet_gateway.diplom-igw",
            "aws_nat_gateway.diplom-nat-gw",
            "aws_route_table.diplom-route-table-private-via-nat",
            "aws_subnet.diplom-private-subnet-1",
            "aws_subnet.diplom-public-subnet",
            "aws_vpc.diplom-vpc"
          ]
        }
      ]
    },
    {
      "mode": "managed",
      "type": "aws_security_group",
      "name": "allow_all_output",
      "provider": "provider[\"registry.terraform.io/hashicorp/aws\"]",
      "instances": [
        {
          "schema_version": 1,
          "attributes": {
            "arn": "arn:aws:ec2:us-east-1:710137062404:security-group/sg-0fda2091991be53e1",
            "description": "Allow All Output traffic",
            "egress": [
              {
                "cidr_blocks": [
                  "0.0.0.0/0"
                ],
                "description": "",
                "from_port": 0,
                "ipv6_cidr_blocks": [],
                "prefix_list_ids": [],
                "protocol": "-1",
                "security_groups": [],
                "self": false,
                "to_port": 0
              }
            ],
            "id": "sg-0fda2091991be53e1",
            "ingress": [],
            "name": "allow_output",
            "name_prefix": "",
            "owner_id": "710137062404",
            "revoke_rules_on_delete": false,
            "tags": {
              "Name": "diplom_allow_all_output"
            },
            "tags_all": {
              "Name": "diplom_allow_all_output"
            },
            "timeouts": null,
            "vpc_id": "vpc-0cc19d0c558c01bf8"
          },
          "sensitive_attributes": [],
          "private": "eyJlMmJmYjczMC1lY2FhLTExZTYtOGY4OC0zNDM2M2JjN2M0YzAiOnsiY3JlYXRlIjo2MDAwMDAwMDAwMDAsImRlbGV0ZSI6OTAwMDAwMDAwMDAwfSwic2NoZW1hX3ZlcnNpb24iOiIxIn0=",
          "dependencies": [
            "aws_vpc.diplom-vpc"
          ]
        }
      ]
    },
    {
      "mode": "managed",
      "type": "aws_security_group",
      "name": "allow_internal_traffic",
      "provider": "provider[\"registry.terraform.io/hashicorp/aws\"]",
      "instances": [
        {
          "schema_version": 1,
          "attributes": {
            "arn": "arn:aws:ec2:us-east-1:710137062404:security-group/sg-072527c81284a8791",
            "description": "Allow internal_traffic",
            "egress": [
              {
                "cidr_blocks": [
                  "192.168.0.0/16"
                ],
                "description": "",
                "from_port": 0,
                "ipv6_cidr_blocks": [],
                "prefix_list_ids": [],
                "protocol": "-1",
                "security_groups": [],
                "self": false,
                "to_port": 0
              }
            ],
            "id": "sg-072527c81284a8791",
            "ingress": [
              {
                "cidr_blocks": [
                  "192.168.0.0/16"
                ],
                "description": "",
                "from_port": 0,
                "ipv6_cidr_blocks": [],
                "prefix_list_ids": [],
                "protocol": "-1",
                "security_groups": [],
                "self": false,
                "to_port": 0
              }
            ],
            "name": "allow_internal_traffic",
            "name_prefix": "",
            "owner_id": "710137062404",
            "revoke_rules_on_delete": false,
            "tags": {
              "Name": "diplom_allow_internal_traffic"
            },
            "tags_all": {
              "Name": "diplom_allow_internal_traffic"
            },
            "timeouts": null,
            "vpc_id": "vpc-0cc19d0c558c01bf8"
          },
          "sensitive_attributes": [],
          "private": "eyJlMmJmYjczMC1lY2FhLTExZTYtOGY4OC0zNDM2M2JjN2M0YzAiOnsiY3JlYXRlIjo2MDAwMDAwMDAwMDAsImRlbGV0ZSI6OTAwMDAwMDAwMDAwfSwic2NoZW1hX3ZlcnNpb24iOiIxIn0=",
          "dependencies": [
            "aws_vpc.diplom-vpc"
          ]
        }
      ]
    },
    {
      "mode": "managed",
      "type": "aws_security_group",
      "name": "allow_ping",
      "provider": "provider[\"registry.terraform.io/hashicorp/aws\"]",
      "instances": [
        {
          "schema_version": 1,
          "attributes": {
            "arn": "arn:aws:ec2:us-east-1:710137062404:security-group/sg-0abb2ecfb225e7c1f",
            "description": "Allow ping",
            "egress": [
              {
                "cidr_blocks": [
                  "0.0.0.0/0"
                ],
                "description": "",
                "from_port": -1,
                "ipv6_cidr_blocks": [],
                "prefix_list_ids": [],
                "protocol": "icmp",
                "security_groups": [],
                "self": false,
                "to_port": -1
              }
            ],
            "id": "sg-0abb2ecfb225e7c1f",
            "ingress": [
              {
                "cidr_blocks": [
                  "0.0.0.0/0"
                ],
                "description": "",
                "from_port": -1,
                "ipv6_cidr_blocks": [],
                "prefix_list_ids": [],
                "protocol": "icmp",
                "security_groups": [],
                "self": false,
                "to_port": -1
              }
            ],
            "name": "allow_ping",
            "name_prefix": "",
            "owner_id": "710137062404",
            "revoke_rules_on_delete": false,
            "tags": {
              "Name": "diplom_allow_ping"
            },
            "tags_all": {
              "Name": "diplom_allow_ping"
            },
            "timeouts": null,
            "vpc_id": "vpc-0cc19d0c558c01bf8"
          },
          "sensitive_attributes": [],
          "private": "eyJlMmJmYjczMC1lY2FhLTExZTYtOGY4OC0zNDM2M2JjN2M0YzAiOnsiY3JlYXRlIjo2MDAwMDAwMDAwMDAsImRlbGV0ZSI6OTAwMDAwMDAwMDAwfSwic2NoZW1hX3ZlcnNpb24iOiIxIn0=",
          "dependencies": [
            "aws_vpc.diplom-vpc"
          ]
        }
      ]
    },
    {
      "mode": "managed",
      "type": "aws_security_group",
      "name": "allow_ssh",
      "provider": "provider[\"registry.terraform.io/hashicorp/aws\"]",
      "instances": [
        {
          "schema_version": 1,
          "attributes": {
            "arn": "arn:aws:ec2:us-east-1:710137062404:security-group/sg-0d72068735a5b0ec5",
            "description": "Allow ssh inbound traffic",
            "egress": [],
            "id": "sg-0d72068735a5b0ec5",
            "ingress": [
              {
                "cidr_blocks": [
                  "0.0.0.0/0"
                ],
                "description": "SSH to VMs",
                "from_port": 22,
                "ipv6_cidr_blocks": [],
                "prefix_list_ids": [],
                "protocol": "tcp",
                "security_groups": [],
                "self": false,
                "to_port": 22
              }
            ],
            "name": "allow_ssh",
            "name_prefix": "",
            "owner_id": "710137062404",
            "revoke_rules_on_delete": false,
            "tags": {
              "Name": "diplom_allow_ssh"
            },
            "tags_all": {
              "Name": "diplom_allow_ssh"
            },
            "timeouts": null,
            "vpc_id": "vpc-0cc19d0c558c01bf8"
          },
          "sensitive_attributes": [],
          "private": "eyJlMmJmYjczMC1lY2FhLTExZTYtOGY4OC0zNDM2M2JjN2M0YzAiOnsiY3JlYXRlIjo2MDAwMDAwMDAwMDAsImRlbGV0ZSI6OTAwMDAwMDAwMDAwfSwic2NoZW1hX3ZlcnNpb24iOiIxIn0=",
          "dependencies": [
            "aws_vpc.diplom-vpc"
          ]
        }
      ]
    },
    {
      "mode": "managed",
      "type": "aws_security_group",
      "name": "allow_web",
      "provider": "provider[\"registry.terraform.io/hashicorp/aws\"]",
      "instances": [
        {
          "schema_version": 1,
          "attributes": {
            "arn": "arn:aws:ec2:us-east-1:710137062404:security-group/sg-0679375fe2cd05553",
            "description": "Allow web inbound traffic",
            "egress": [],
            "id": "sg-0679375fe2cd05553",
            "ingress": [
              {
                "cidr_blocks": [
                  "0.0.0.0/0"
                ],
                "description": "http to VMs",
                "from_port": 80,
                "ipv6_cidr_blocks": [],
                "prefix_list_ids": [],
                "protocol": "tcp",
                "security_groups": [],
                "self": false,
                "to_port": 80
              },
              {
                "cidr_blocks": [
                  "0.0.0.0/0"
                ],
                "description": "https to VMs",
                "from_port": 443,
                "ipv6_cidr_blocks": [],
                "prefix_list_ids": [],
                "protocol": "tcp",
                "security_groups": [],
                "self": false,
                "to_port": 443
              }
            ],
            "name": "allow_web",
            "name_prefix": "",
            "owner_id": "710137062404",
            "revoke_rules_on_delete": false,
            "tags": {
              "Name": "diplom_allow_web"
            },
            "tags_all": {
              "Name": "diplom_allow_web"
            },
            "timeouts": null,
            "vpc_id": "vpc-0cc19d0c558c01bf8"
          },
          "sensitive_attributes": [],
          "private": "eyJlMmJmYjczMC1lY2FhLTExZTYtOGY4OC0zNDM2M2JjN2M0YzAiOnsiY3JlYXRlIjo2MDAwMDAwMDAwMDAsImRlbGV0ZSI6OTAwMDAwMDAwMDAwfSwic2NoZW1hX3ZlcnNpb24iOiIxIn0=",
          "dependencies": [
            "aws_vpc.diplom-vpc"
          ]
        }
      ]
    },
    {
      "mode": "managed",
      "type": "aws_subnet",
      "name": "diplom-private-subnet-1",
      "provider": "provider[\"registry.terraform.io/hashicorp/aws\"]",
      "instances": [
        {
          "schema_version": 1,
          "attributes": {
            "arn": "arn:aws:ec2:us-east-1:710137062404:subnet/subnet-046d8ffa9823a31be",
            "assign_ipv6_address_on_creation": false,
            "availability_zone": "us-east-1a",
            "availability_zone_id": "use1-az6",
            "cidr_block": "192.168.1.0/24",
            "customer_owned_ipv4_pool": "",
            "enable_dns64": false,
            "enable_resource_name_dns_a_record_on_launch": false,
            "enable_resource_name_dns_aaaa_record_on_launch": false,
            "id": "subnet-046d8ffa9823a31be",
            "ipv6_cidr_block": "",
            "ipv6_cidr_block_association_id": "",
            "ipv6_native": false,
            "map_customer_owned_ip_on_launch": false,
            "map_public_ip_on_launch": false,
            "outpost_arn": "",
            "owner_id": "710137062404",
            "private_dns_hostname_type_on_launch": "ip-name",
            "tags": {
              "Name": "diplom-private-Subnet-1"
            },
            "tags_all": {
              "Name": "diplom-private-Subnet-1"
            },
            "timeouts": null,
            "vpc_id": "vpc-0cc19d0c558c01bf8"
          },
          "sensitive_attributes": [],
          "private": "eyJlMmJmYjczMC1lY2FhLTExZTYtOGY4OC0zNDM2M2JjN2M0YzAiOnsiY3JlYXRlIjo2MDAwMDAwMDAwMDAsImRlbGV0ZSI6MTIwMDAwMDAwMDAwMH0sInNjaGVtYV92ZXJzaW9uIjoiMSJ9",
          "dependencies": [
            "aws_vpc.diplom-vpc"
          ]
        }
      ]
    },
    {
      "mode": "managed",
      "type": "aws_subnet",
      "name": "diplom-private-subnet-2",
      "provider": "provider[\"registry.terraform.io/hashicorp/aws\"]",
      "instances": [
        {
          "schema_version": 1,
          "attributes": {
            "arn": "arn:aws:ec2:us-east-1:710137062404:subnet/subnet-0c673b4bdaaf26486",
            "assign_ipv6_address_on_creation": false,
            "availability_zone": "us-east-1b",
            "availability_zone_id": "use1-az1",
            "cidr_block": "192.168.2.0/24",
            "customer_owned_ipv4_pool": "",
            "enable_dns64": false,
            "enable_resource_name_dns_a_record_on_launch": false,
            "enable_resource_name_dns_aaaa_record_on_launch": false,
            "id": "subnet-0c673b4bdaaf26486",
            "ipv6_cidr_block": "",
            "ipv6_cidr_block_association_id": "",
            "ipv6_native": false,
            "map_customer_owned_ip_on_launch": false,
            "map_public_ip_on_launch": false,
            "outpost_arn": "",
            "owner_id": "710137062404",
            "private_dns_hostname_type_on_launch": "ip-name",
            "tags": {
              "Name": "diplom-private-Subnet-2"
            },
            "tags_all": {
              "Name": "diplom-private-Subnet-2"
            },
            "timeouts": null,
            "vpc_id": "vpc-0cc19d0c558c01bf8"
          },
          "sensitive_attributes": [],
          "private": "eyJlMmJmYjczMC1lY2FhLTExZTYtOGY4OC0zNDM2M2JjN2M0YzAiOnsiY3JlYXRlIjo2MDAwMDAwMDAwMDAsImRlbGV0ZSI6MTIwMDAwMDAwMDAwMH0sInNjaGVtYV92ZXJzaW9uIjoiMSJ9",
          "dependencies": [
            "aws_vpc.diplom-vpc"
          ]
        }
      ]
    },
    {
      "mode": "managed",
      "type": "aws_subnet",
      "name": "diplom-public-subnet",
      "provider": "provider[\"registry.terraform.io/hashicorp/aws\"]",
      "instances": [
        {
          "schema_version": 1,
          "attributes": {
            "arn": "arn:aws:ec2:us-east-1:710137062404:subnet/subnet-0e403ca3314d02e09",
            "assign_ipv6_address_on_creation": false,
            "availability_zone": "us-east-1a",
            "availability_zone_id": "use1-az6",
            "cidr_block": "192.168.0.0/24",
            "customer_owned_ipv4_pool": "",
            "enable_dns64": false,
            "enable_resource_name_dns_a_record_on_launch": false,
            "enable_resource_name_dns_aaaa_record_on_launch": false,
            "id": "subnet-0e403ca3314d02e09",
            "ipv6_cidr_block": "",
            "ipv6_cidr_block_association_id": "",
            "ipv6_native": false,
            "map_customer_owned_ip_on_launch": false,
            "map_public_ip_on_launch": true,
            "outpost_arn": "",
            "owner_id": "710137062404",
            "private_dns_hostname_type_on_launch": "ip-name",
            "tags": {
              "Name": "diplom-public-Subnet"
            },
            "tags_all": {
              "Name": "diplom-public-Subnet"
            },
            "timeouts": null,
            "vpc_id": "vpc-0cc19d0c558c01bf8"
          },
          "sensitive_attributes": [],
          "private": "eyJlMmJmYjczMC1lY2FhLTExZTYtOGY4OC0zNDM2M2JjN2M0YzAiOnsiY3JlYXRlIjo2MDAwMDAwMDAwMDAsImRlbGV0ZSI6MTIwMDAwMDAwMDAwMH0sInNjaGVtYV92ZXJzaW9uIjoiMSJ9",
          "dependencies": [
            "aws_vpc.diplom-vpc"
          ]
        }
      ]
    },
    {
      "mode": "managed",
      "type": "aws_vpc",
      "name": "diplom-vpc",
      "provider": "provider[\"registry.terraform.io/hashicorp/aws\"]",
      "instances": [
        {
          "schema_version": 1,
          "attributes": {
            "arn": "arn:aws:ec2:us-east-1:710137062404:vpc/vpc-0cc19d0c558c01bf8",
            "assign_generated_ipv6_cidr_block": false,
            "cidr_block": "192.168.0.0/16",
            "default_network_acl_id": "acl-04768b80c7c56b778",
            "default_route_table_id": "rtb-0001967392b937eda",
            "default_security_group_id": "sg-0427c27f831beacaf",
            "dhcp_options_id": "dopt-0fb9af6d",
            "enable_classiclink": false,
            "enable_classiclink_dns_support": false,
            "enable_dns_hostnames": false,
            "enable_dns_support": true,
            "id": "vpc-0cc19d0c558c01bf8",
            "instance_tenancy": "default",
            "ipv4_ipam_pool_id": null,
            "ipv4_netmask_length": null,
            "ipv6_association_id": "",
            "ipv6_cidr_block": "",
            "ipv6_cidr_block_network_border_group": "",
            "ipv6_ipam_pool_id": "",
            "ipv6_netmask_length": 0,
            "main_route_table_id": "rtb-0001967392b937eda",
            "owner_id": "710137062404",
            "tags": {
              "Name": "diplom-vpc"
            },
            "tags_all": {
              "Name": "diplom-vpc"
            }
          },
          "sensitive_attributes": [],
          "private": "eyJzY2hlbWFfdmVyc2lvbiI6IjEifQ=="
        }
      ]
    },
    {
      "mode": "managed",
      "type": "cloudflare_record",
      "name": "diplom_domain-l2-record",
      "provider": "provider[\"registry.terraform.io/cloudflare/cloudflare\"]",
      "instances": [
        {
          "schema_version": 2,
          "attributes": {
            "allow_overwrite": true,
            "created_on": "2022-10-21T19:54:24.208808Z",
            "data": [],
            "hostname": "citytours.ge",
            "id": "49fe38804d4ec3be53201a5e96dcdc4c",
            "metadata": {
              "auto_added": "false",
              "managed_by_apps": "false",
              "managed_by_argo_tunnel": "false",
              "source": "primary"
            },
            "modified_on": "2022-10-21T19:54:24.208808Z",
            "name": "@",
            "priority": null,
            "proxiable": true,
            "proxied": false,
            "timeouts": null,
            "ttl": 60,
            "type": "A",
            "value": "184.73.0.112",
            "zone_id": "8b593594cfe4ab6f759b50457ca69118"
          },
          "sensitive_attributes": [],
          "private": "eyJlMmJmYjczMC1lY2FhLTExZTYtOGY4OC0zNDM2M2JjN2M0YzAiOnsiY3JlYXRlIjozMDAwMDAwMDAwMCwidXBkYXRlIjozMDAwMDAwMDAwMH0sInNjaGVtYV92ZXJzaW9uIjoiMiJ9",
          "dependencies": [
            "aws_eip.diplom-elastic-ip-rproxy",
            "aws_instance.diplom-vm-rproxy",
            "aws_internet_gateway.diplom-igw",
            "aws_key_pair.kp",
            "aws_network_interface.diplom-public-network_interface-rproxy",
            "aws_security_group.allow_all_output",
            "aws_security_group.allow_internal_traffic",
            "aws_security_group.allow_ping",
            "aws_security_group.allow_ssh",
            "aws_security_group.allow_web",
            "aws_subnet.diplom-public-subnet",
            "aws_vpc.diplom-vpc",
            "data.aws_ami.ubuntu",
            "data.cloudflare_zone.domain-zone",
            "tls_private_key.pk"
          ]
        }
      ]
    },
    {
      "mode": "managed",
      "type": "cloudflare_record",
      "name": "diplom_domain-l3-record-alertmanager",
      "provider": "provider[\"registry.terraform.io/cloudflare/cloudflare\"]",
      "instances": [
        {
          "schema_version": 2,
          "attributes": {
            "allow_overwrite": true,
            "created_on": "2022-10-21T19:52:58.082579Z",
            "data": [],
            "hostname": "alertmanager.citytours.ge",
            "id": "3427f731c97a19174059b5a105dd5c58",
            "metadata": {
              "auto_added": "false",
              "managed_by_apps": "false",
              "managed_by_argo_tunnel": "false",
              "source": "primary"
            },
            "modified_on": "2022-10-21T19:52:58.082579Z",
            "name": "alertmanager",
            "priority": null,
            "proxiable": true,
            "proxied": false,
            "timeouts": null,
            "ttl": 60,
            "type": "CNAME",
            "value": "citytours.ge",
            "zone_id": "8b593594cfe4ab6f759b50457ca69118"
          },
          "sensitive_attributes": [],
          "private": "eyJlMmJmYjczMC1lY2FhLTExZTYtOGY4OC0zNDM2M2JjN2M0YzAiOnsiY3JlYXRlIjozMDAwMDAwMDAwMCwidXBkYXRlIjozMDAwMDAwMDAwMH0sInNjaGVtYV92ZXJzaW9uIjoiMiJ9",
          "dependencies": [
            "data.cloudflare_zone.domain-zone"
          ]
        }
      ]
    },
    {
      "mode": "managed",
      "type": "cloudflare_record",
      "name": "diplom_domain-l3-record-gitlab",
      "provider": "provider[\"registry.terraform.io/cloudflare/cloudflare\"]",
      "instances": [
        {
          "schema_version": 2,
          "attributes": {
            "allow_overwrite": true,
            "created_on": "2022-10-21T19:52:58.638389Z",
            "data": [],
            "hostname": "gitlab.citytours.ge",
            "id": "295da372dc90aada7a148b356c9d61e1",
            "metadata": {
              "auto_added": "false",
              "managed_by_apps": "false",
              "managed_by_argo_tunnel": "false",
              "source": "primary"
            },
            "modified_on": "2022-10-21T19:52:58.638389Z",
            "name": "gitlab",
            "priority": null,
            "proxiable": true,
            "proxied": false,
            "timeouts": null,
            "ttl": 60,
            "type": "CNAME",
            "value": "citytours.ge",
            "zone_id": "8b593594cfe4ab6f759b50457ca69118"
          },
          "sensitive_attributes": [],
          "private": "eyJlMmJmYjczMC1lY2FhLTExZTYtOGY4OC0zNDM2M2JjN2M0YzAiOnsiY3JlYXRlIjozMDAwMDAwMDAwMCwidXBkYXRlIjozMDAwMDAwMDAwMH0sInNjaGVtYV92ZXJzaW9uIjoiMiJ9",
          "dependencies": [
            "data.cloudflare_zone.domain-zone"
          ]
        }
      ]
    },
    {
      "mode": "managed",
      "type": "cloudflare_record",
      "name": "diplom_domain-l3-record-grafana",
      "provider": "provider[\"registry.terraform.io/cloudflare/cloudflare\"]",
      "instances": [
        {
          "schema_version": 2,
          "attributes": {
            "allow_overwrite": true,
            "created_on": "2022-10-21T19:52:57.866476Z",
            "data": [],
            "hostname": "grafana.citytours.ge",
            "id": "8382edca0578aebc2c95014e9171fc13",
            "metadata": {
              "auto_added": "false",
              "managed_by_apps": "false",
              "managed_by_argo_tunnel": "false",
              "source": "primary"
            },
            "modified_on": "2022-10-21T19:52:57.866476Z",
            "name": "grafana",
            "priority": null,
            "proxiable": true,
            "proxied": false,
            "timeouts": null,
            "ttl": 60,
            "type": "CNAME",
            "value": "citytours.ge",
            "zone_id": "8b593594cfe4ab6f759b50457ca69118"
          },
          "sensitive_attributes": [],
          "private": "eyJlMmJmYjczMC1lY2FhLTExZTYtOGY4OC0zNDM2M2JjN2M0YzAiOnsiY3JlYXRlIjozMDAwMDAwMDAwMCwidXBkYXRlIjozMDAwMDAwMDAwMH0sInNjaGVtYV92ZXJzaW9uIjoiMiJ9",
          "dependencies": [
            "data.cloudflare_zone.domain-zone"
          ]
        }
      ]
    },
    {
      "mode": "managed",
      "type": "cloudflare_record",
      "name": "diplom_domain-l3-record-prometheus",
      "provider": "provider[\"registry.terraform.io/cloudflare/cloudflare\"]",
      "instances": [
        {
          "schema_version": 2,
          "attributes": {
            "allow_overwrite": true,
            "created_on": "2022-10-21T19:52:58.339111Z",
            "data": [],
            "hostname": "prometheus.citytours.ge",
            "id": "9f673300e8ce45b167fe1edca5fd1513",
            "metadata": {
              "auto_added": "false",
              "managed_by_apps": "false",
              "managed_by_argo_tunnel": "false",
              "source": "primary"
            },
            "modified_on": "2022-10-21T19:52:58.339111Z",
            "name": "prometheus",
            "priority": null,
            "proxiable": true,
            "proxied": false,
            "timeouts": null,
            "ttl": 60,
            "type": "CNAME",
            "value": "citytours.ge",
            "zone_id": "8b593594cfe4ab6f759b50457ca69118"
          },
          "sensitive_attributes": [],
          "private": "eyJlMmJmYjczMC1lY2FhLTExZTYtOGY4OC0zNDM2M2JjN2M0YzAiOnsiY3JlYXRlIjozMDAwMDAwMDAwMCwidXBkYXRlIjozMDAwMDAwMDAwMH0sInNjaGVtYV92ZXJzaW9uIjoiMiJ9",
          "dependencies": [
            "data.cloudflare_zone.domain-zone"
          ]
        }
      ]
    },
    {
      "mode": "managed",
      "type": "cloudflare_record",
      "name": "diplom_domain-l3-record-www",
      "provider": "provider[\"registry.terraform.io/cloudflare/cloudflare\"]",
      "instances": [
        {
          "schema_version": 2,
          "attributes": {
            "allow_overwrite": true,
            "created_on": "2022-10-21T19:52:57.860146Z",
            "data": [],
            "hostname": "www.citytours.ge",
            "id": "dd924aed88d68752408338975d76f1d7",
            "metadata": {
              "auto_added": "false",
              "managed_by_apps": "false",
              "managed_by_argo_tunnel": "false",
              "source": "primary"
            },
            "modified_on": "2022-10-21T19:52:57.860146Z",
            "name": "www",
            "priority": null,
            "proxiable": true,
            "proxied": false,
            "timeouts": null,
            "ttl": 60,
            "type": "CNAME",
            "value": "citytours.ge",
            "zone_id": "8b593594cfe4ab6f759b50457ca69118"
          },
          "sensitive_attributes": [],
          "private": "eyJlMmJmYjczMC1lY2FhLTExZTYtOGY4OC0zNDM2M2JjN2M0YzAiOnsiY3JlYXRlIjozMDAwMDAwMDAwMCwidXBkYXRlIjozMDAwMDAwMDAwMH0sInNjaGVtYV92ZXJzaW9uIjoiMiJ9",
          "dependencies": [
            "data.cloudflare_zone.domain-zone"
          ]
        }
      ]
    },
    {
      "mode": "managed",
      "type": "local_file",
      "name": "hosts",
      "provider": "provider[\"registry.terraform.io/hashicorp/local\"]",
      "instances": [
        {
          "schema_version": 0,
          "attributes": {
            "content": "# This file /etc/hosts was created by Terraform and was installed via Ansible.\n\n127.0.0.1 localhost\n\n192.168.0.4 citytours.ge\n192.168.1.6 app.citytours.ge\n192.168.1.7 gitlab.citytours.ge\n192.168.1.8 runner.citytours.ge\n\n192.168.1.4 db01.citytours.ge\n\n192.168.1.5 db02.citytours.ge\n\n192.168.1.9 monitoring.citytours.ge\n\n",
            "content_base64": null,
            "directory_permission": "0777",
            "file_permission": "0777",
            "filename": "../ansible/roles/common/files/hosts",
            "id": "6156c71793b15bd7b5203435384a1e681af25648",
            "sensitive_content": null,
            "source": null
          },
          "sensitive_attributes": [],
          "private": "bnVsbA==",
          "dependencies": [
            "aws_eip.diplom-elastic-ip-rproxy",
            "aws_instance.diplom-vm-db_node",
            "aws_instance.diplom-vm-gitlab_node",
            "aws_instance.diplom-vm-gitlabrunner_node",
            "aws_instance.diplom-vm-monitoring_node",
            "aws_instance.diplom-vm-rproxy",
            "aws_instance.diplom-vm-web_node",
            "aws_internet_gateway.diplom-igw",
            "aws_key_pair.kp",
            "aws_network_interface.diplom-private-network_interface-db_node",
            "aws_network_interface.diplom-private-network_interface-gitlab_node",
            "aws_network_interface.diplom-private-network_interface-gitlabrunner_node",
            "aws_network_interface.diplom-private-network_interface-monitoring_node",
            "aws_network_interface.diplom-private-network_interface-web_node",
            "aws_network_interface.diplom-public-network_interface-rproxy",
            "aws_security_group.allow_all_output",
            "aws_security_group.allow_internal_traffic",
            "aws_security_group.allow_ping",
            "aws_security_group.allow_ssh",
            "aws_security_group.allow_web",
            "aws_subnet.diplom-private-subnet-1",
            "aws_subnet.diplom-public-subnet",
            "aws_vpc.diplom-vpc",
            "data.aws_ami.ubuntu",
            "tls_private_key.pk"
          ]
        }
      ]
    },
    {
      "mode": "managed",
      "type": "local_file",
      "name": "inventory_full",
      "provider": "provider[\"registry.terraform.io/hashicorp/local\"]",
      "instances": [
        {
          "schema_version": 0,
          "attributes": {
            "content": "# Ansible inventory containing variable values from Terraform.\n# Generated by Terraform.\n[nodes:children]\nrproxys\nweb_nodes\ndb_nodes\ngitlab_nodes\ngitlabrunner_nodes\nmonitoring_nodes\n\n[rproxys]\nrproxy ansible_host=184.73.0.112 ansible_ssh_private_key_file=~/.ssh/alexander-key-to-aws.pem ansible_ssh_common_args='-o StrictHostKeyChecking=no'\n\n[web_nodes]\nweb_node ansible_host=192.168.1.6 ansible_ssh_private_key_file=~/.ssh/alexander-key-to-aws.pem ansible_ssh_common_args='-o StrictHostKeyChecking=no -o ProxyCommand=\"ssh -W %h:%p -q ubuntu@184.73.0.112 -i ~/.ssh/alexander-key-to-aws.pem -oStrictHostKeyChecking=accept-new\"'\n\n[db_nodes]\n\ndb01 ansible_host=192.168.1.4 ansible_ssh_private_key_file=~/.ssh/alexander-key-to-aws.pem ansible_ssh_common_args='-o StrictHostKeyChecking=no -o ProxyCommand=\"ssh -W %h:%p -q ubuntu@184.73.0.112 -i ~/.ssh/alexander-key-to-aws.pem -oStrictHostKeyChecking=accept-new\"'\n\ndb02 ansible_host=192.168.1.5 ansible_ssh_private_key_file=~/.ssh/alexander-key-to-aws.pem ansible_ssh_common_args='-o StrictHostKeyChecking=no -o ProxyCommand=\"ssh -W %h:%p -q ubuntu@184.73.0.112 -i ~/.ssh/alexander-key-to-aws.pem -oStrictHostKeyChecking=accept-new\"'\n\n\n[gitlab_nodes]\ngitlab_node ansible_host=192.168.1.7 ansible_ssh_private_key_file=~/.ssh/alexander-key-to-aws.pem ansible_ssh_common_args='-o StrictHostKeyChecking=no -o ProxyCommand=\"ssh -W %h:%p -q ubuntu@184.73.0.112 -i ~/.ssh/alexander-key-to-aws.pem -oStrictHostKeyChecking=accept-new\"'\n\n[gitlabrunner_nodes]\ngitlabrunner_node ansible_host=192.168.1.8 ansible_ssh_private_key_file=~/.ssh/alexander-key-to-aws.pem ansible_ssh_common_args='-o StrictHostKeyChecking=no -o ProxyCommand=\"ssh -W %h:%p -q ubuntu@184.73.0.112 -i ~/.ssh/alexander-key-to-aws.pem -oStrictHostKeyChecking=accept-new\"'\n\n[monitoring_nodes]\nmonitoring_node ansible_host=192.168.1.9 ansible_ssh_private_key_file=~/.ssh/alexander-key-to-aws.pem ansible_ssh_common_args='-o StrictHostKeyChecking=no -o ProxyCommand=\"ssh -W %h:%p -q ubuntu@184.73.0.112 -i ~/.ssh/alexander-key-to-aws.pem -oStrictHostKeyChecking=accept-new\"'\n\n",
            "content_base64": null,
            "directory_permission": "0777",
            "file_permission": "0777",
            "filename": "../ansible/inventory/inventory_full",
            "id": "34e0032ca3478fb95c18c0de2e3f97973fed31aa",
            "sensitive_content": null,
            "source": null
          },
          "sensitive_attributes": [],
          "private": "bnVsbA==",
          "dependencies": [
            "aws_eip.diplom-elastic-ip-rproxy",
            "aws_instance.diplom-vm-db_node",
            "aws_instance.diplom-vm-gitlab_node",
            "aws_instance.diplom-vm-gitlabrunner_node",
            "aws_instance.diplom-vm-monitoring_node",
            "aws_instance.diplom-vm-rproxy",
            "aws_instance.diplom-vm-web_node",
            "aws_internet_gateway.diplom-igw",
            "aws_key_pair.kp",
            "aws_network_interface.diplom-private-network_interface-db_node",
            "aws_network_interface.diplom-private-network_interface-gitlab_node",
            "aws_network_interface.diplom-private-network_interface-gitlabrunner_node",
            "aws_network_interface.diplom-private-network_interface-monitoring_node",
            "aws_network_interface.diplom-private-network_interface-web_node",
            "aws_network_interface.diplom-public-network_interface-rproxy",
            "aws_security_group.allow_all_output",
            "aws_security_group.allow_internal_traffic",
            "aws_security_group.allow_ping",
            "aws_security_group.allow_ssh",
            "aws_security_group.allow_web",
            "aws_subnet.diplom-private-subnet-1",
            "aws_subnet.diplom-public-subnet",
            "aws_vpc.diplom-vpc",
            "data.aws_ami.ubuntu",
            "tls_private_key.pk"
          ]
        }
      ]
    },
    {
      "mode": "managed",
      "type": "tls_private_key",
      "name": "pk",
      "provider": "provider[\"registry.terraform.io/hashicorp/tls\"]",
      "instances": [
        {
          "schema_version": 1,
          "attributes": {
            "algorithm": "RSA",
            "ecdsa_curve": "P224",
            "id": "ca10a0f9d38fcabb69a77397f9ed8d134a5e3d34",
            "private_key_openssh": "-----BEGIN OPENSSH PRIVATE KEY-----\nb3BlbnNzaC1rZXktdjEAAAAABG5vbmUAAAAEbm9uZQAAAAAAAAABAAACFwAAAAdz\nc2gtcnNhAAAAAwEAAQAAAgEAqKMpS/Cu9Y377YlU0hF4PU8cYCfQ5g735xpXIElH\neaP+dcGyhcFBg0OLbfT3oywCskgKaOF4ti+c+w/GEQK4XOl+tv7bloXLKQzj31+n\nZqVyxlA/LXs5+muE2RwIlindvvdYCNZXB6EZuVunceeBkDM+7UbG108lE5Q846Xq\nf/1H0sSEPIxXgWnsZYo/r0ILDNX5SsAdxR49fkHdnfAa/Qtc+K6TZDhCn40Q/vf2\nwIC3dpAVWnhkT5ZusvRJEe7I+ws18yAvxXxjQsVs8TqQz0ftu8GsRc898q+rm0ZX\nNhumGQljhkTyaDRHdIyYCtiMAI9GzEpL2BZOmWSdTYm8RVkm/WeKFNP4mlGAs1FW\n1/+KC3OqipZiFi/8q0DFOCdxLI7f5fdtaTBIRueyXaWjsy/K4hRG8twzrQ5IPPS9\nOYsifjVf2aw9gEf0St6IHigZheBySCIaEUutI8LNHGzDCM5hTCnt6t5vgkBHFmLY\nlZKkPkLFtltlQFwyiqClOGzeOv0f9XPdL8AoVVy1mwvTXiFo0EW2pY9cmPxThUoK\n40fH/ASGqa4mdZUYMZVA95yBSRGFQ26LQWWPl8QtYtnWDngNBCg33Ts0pAKDvjzA\nyf9f6X7ZC4tC6fZc2d2gracrDTDN7FlmmEK8Ba4H1nCYvwKZ9bjqF5shOSzq5yvs\nHwsAAAc4mhYHBJoWBwQAAAAHc3NoLXJzYQAAAgEAqKMpS/Cu9Y377YlU0hF4PU8c\nYCfQ5g735xpXIElHeaP+dcGyhcFBg0OLbfT3oywCskgKaOF4ti+c+w/GEQK4XOl+\ntv7bloXLKQzj31+nZqVyxlA/LXs5+muE2RwIlindvvdYCNZXB6EZuVunceeBkDM+\n7UbG108lE5Q846Xqf/1H0sSEPIxXgWnsZYo/r0ILDNX5SsAdxR49fkHdnfAa/Qtc\n+K6TZDhCn40Q/vf2wIC3dpAVWnhkT5ZusvRJEe7I+ws18yAvxXxjQsVs8TqQz0ft\nu8GsRc898q+rm0ZXNhumGQljhkTyaDRHdIyYCtiMAI9GzEpL2BZOmWSdTYm8RVkm\n/WeKFNP4mlGAs1FW1/+KC3OqipZiFi/8q0DFOCdxLI7f5fdtaTBIRueyXaWjsy/K\n4hRG8twzrQ5IPPS9OYsifjVf2aw9gEf0St6IHigZheBySCIaEUutI8LNHGzDCM5h\nTCnt6t5vgkBHFmLYlZKkPkLFtltlQFwyiqClOGzeOv0f9XPdL8AoVVy1mwvTXiFo\n0EW2pY9cmPxThUoK40fH/ASGqa4mdZUYMZVA95yBSRGFQ26LQWWPl8QtYtnWDngN\nBCg33Ts0pAKDvjzAyf9f6X7ZC4tC6fZc2d2gracrDTDN7FlmmEK8Ba4H1nCYvwKZ\n9bjqF5shOSzq5yvsHwsAAAADAQABAAACADgRt8NWDPX79U1vIdKOmGnaCdc2pdA4\nHdiq+1jyxF7/VbWVZ2Ptc3jPVmaC0mtgUK0yIrPoc5gvkIQxJGu3edD6mXUCm8Qa\nTAgkDwfP5/rK+7RQLhFTLV3DrfH5zikPVnkOCCk4Csuwlrr4bF4E2SE2yK9fnvEr\nkWpHGU+fdK6FagH78POovdd7fmvsYWxGCyKDalWeNse5XDzEbYj7sh18T7cnZD4o\nLo6Z+pKro1Ex+s3i7hacfM2xeLDrY/ggapZ9jbx+cSO6Tc5/kc9K56bjhXmt1TeI\nxlIQcoA4DPsiikE8y+hyuB5Jc5Cexlak1TfCa4m1Ei6QjCWYPGzxZLUnuVR49cuN\nnD/RGS154QCTK0IR9yR+VqyC8B4/fVg7q0cOYvHzLVpAV6nr2aA3wJPW51NvArtN\nJ25p3hr3p3t3/xa0j5pPLSkpo828wKmfimJDdqlQmVlfPKw06j6NxatdYCgHywzJ\nwHukI0j4nlq21DDBq34nHv3O52uagMcz3Idx/LZcBvmncpYx9Hq06ip3BXN4rBVG\n64M5ZnTjWUXGvXeIAaqF18omNOxaxceVJpuK2YOKYU8d9H858DKwhNAe5N4UWFRu\nC4T4yo9EaV9LqHaFkNOOjZW35e/JbQq8rrX3vxl0xrGxOjapYO2+LHQ/CyoZ/cOO\nT9IyIvZb3i2hAAABAQCd2e0LtA2EJrY9nRUSTRL5SMuoMnAe1ynIXsKZ/y/th6YZ\nL0xT35nDU4f8zdgpUD9Nj1TzRDYpWGfA8vwzVo6dmvlDVh1KtALo1kovkLZmtS5c\nAszslqeMigug3XGFXkY2ReG3EpydUGNSOZCfj3KEIx15JciFIhN6spD/lGG0AU+5\nF8zzLdYeOkHwUcCrK4ruaQV2BiJSKRTlBYf77u0+e3zxha2+Um2EKtjQ/+Ywvocp\nZ3WIQ/rYYg2x37zy7JByhGkZxFXqk2ayLorPI2wqHW+/O3pyAxk2Lyg/FcUpw5TY\nEEn88CZ61GOsF3iSSN5M8rtwSxJn1Y+UYPJqyRZDAAABAQDY+NRBP/QY6bqRrBB0\nNiqCn5WQ03KMrSg8rH5apMFITesSBP2GrseptekVOalkUVOagbU5iKJHrYO99bYp\nofSIiMg6Q+Rddv1GNca8/GrhHvGJw1WvZdvTWTstFzOKrvWr8pyP/cExl2Au1yH6\nTt5Fg97kf6dkEeY/ooHZCNCVOXjrh7KMEUbs4jfdkjjlhVzGpOAq3/mZ6wHzVAB0\noqFBGb4cceEKN1cagyql7ewXYKoWU8aW8pqOj6R/zOevZZBrHyEWmsn3+/e1blye\nxHM7MDbavk+RNhf0AqyVA/JTOVgEZgDqVcVupu+Qq9Fnkn9KDfegi2wwVWY5bxB+\nFM0ZAAABAQDG+JvVyR+KEbNM9yuIlGstZ2cvo0EL2tH4VYrSNMTerGxBmHpa/p67\nrQ5WY5peZtgU+nrQSQmY1sLgACLdB4rZc1sBKvZtKc5gNuALejDLwqiqUmgbN3yu\nvw+8VZoG5UdhLM6qO3zGUtd1MdzRh9IS7+0yqQeswZDKVQb+rvjDsqEksiyrKJXg\nN8lG5uTw7sd3qu5pXu53j5gO7FGEt3QBDNxyduywyIN4FC+0rJyIXibM5Eud/sCN\n4bIa0UJpfN4oII8Bd2B+LQ23UayJpzx2Cb9+WjXE4uwGxhQyQb/XssxuHVN05CZ0\ni2stvd8fIf5zuyM6+4R7Umiytl0kiq3DAAAAAAEC\n-----END OPENSSH PRIVATE KEY-----\n",
            "private_key_pem": "-----BEGIN RSA PRIVATE KEY-----\nMIIJKQIBAAKCAgEAqKMpS/Cu9Y377YlU0hF4PU8cYCfQ5g735xpXIElHeaP+dcGy\nhcFBg0OLbfT3oywCskgKaOF4ti+c+w/GEQK4XOl+tv7bloXLKQzj31+nZqVyxlA/\nLXs5+muE2RwIlindvvdYCNZXB6EZuVunceeBkDM+7UbG108lE5Q846Xqf/1H0sSE\nPIxXgWnsZYo/r0ILDNX5SsAdxR49fkHdnfAa/Qtc+K6TZDhCn40Q/vf2wIC3dpAV\nWnhkT5ZusvRJEe7I+ws18yAvxXxjQsVs8TqQz0ftu8GsRc898q+rm0ZXNhumGQlj\nhkTyaDRHdIyYCtiMAI9GzEpL2BZOmWSdTYm8RVkm/WeKFNP4mlGAs1FW1/+KC3Oq\nipZiFi/8q0DFOCdxLI7f5fdtaTBIRueyXaWjsy/K4hRG8twzrQ5IPPS9OYsifjVf\n2aw9gEf0St6IHigZheBySCIaEUutI8LNHGzDCM5hTCnt6t5vgkBHFmLYlZKkPkLF\ntltlQFwyiqClOGzeOv0f9XPdL8AoVVy1mwvTXiFo0EW2pY9cmPxThUoK40fH/ASG\nqa4mdZUYMZVA95yBSRGFQ26LQWWPl8QtYtnWDngNBCg33Ts0pAKDvjzAyf9f6X7Z\nC4tC6fZc2d2gracrDTDN7FlmmEK8Ba4H1nCYvwKZ9bjqF5shOSzq5yvsHwsCAwEA\nAQKCAgA4EbfDVgz1+/VNbyHSjphp2gnXNqXQOB3YqvtY8sRe/1W1lWdj7XN4z1Zm\ngtJrYFCtMiKz6HOYL5CEMSRrt3nQ+pl1ApvEGkwIJA8Hz+f6yvu0UC4RUy1dw63x\n+c4pD1Z5DggpOArLsJa6+GxeBNkhNsivX57xK5FqRxlPn3SuhWoB+/DzqL3Xe35r\n7GFsRgsig2pVnjbHuVw8xG2I+7IdfE+3J2Q+KC6OmfqSq6NRMfrN4u4WnHzNsXiw\n62P4IGqWfY28fnEjuk3Of5HPSuem44V5rdU3iMZSEHKAOAz7IopBPMvocrgeSXOQ\nnsZWpNU3wmuJtRIukIwlmDxs8WS1J7lUePXLjZw/0RkteeEAkytCEfckflasgvAe\nP31YO6tHDmLx8y1aQFep69mgN8CT1udTbwK7TSduad4a96d7d/8WtI+aTy0pKaPN\nvMCpn4piQ3apUJlZXzysNOo+jcWrXWAoB8sMycB7pCNI+J5attQwwat+Jx79zudr\nmoDHM9yHcfy2XAb5p3KWMfR6tOoqdwVzeKwVRuuDOWZ041lFxr13iAGqhdfKJjTs\nWsXHlSabitmDimFPHfR/OfAysITQHuTeFFhUbguE+MqPRGlfS6h2hZDTjo2Vt+Xv\nyW0KvK61978ZdMaxsTo2qWDtvix0PwsqGf3Djk/SMiL2W94toQKCAQEA2PjUQT/0\nGOm6kawQdDYqgp+VkNNyjK0oPKx+WqTBSE3rEgT9hq7HqbXpFTmpZFFTmoG1OYii\nR62DvfW2KaH0iIjIOkPkXXb9RjXGvPxq4R7xicNVr2Xb01k7LRcziq71q/Kcj/3B\nMZdgLtch+k7eRYPe5H+nZBHmP6KB2QjQlTl464eyjBFG7OI33ZI45YVcxqTgKt/5\nmesB81QAdKKhQRm+HHHhCjdXGoMqpe3sF2CqFlPGlvKajo+kf8znr2WQax8hFprJ\n9/v3tW5cnsRzOzA22r5PkTYX9AKslQPyUzlYBGYA6lXFbqbvkKvRZ5J/Sg33oIts\nMFVmOW8QfhTNGQKCAQEAxvib1ckfihGzTPcriJRrLWdnL6NBC9rR+FWK0jTE3qxs\nQZh6Wv6eu60OVmOaXmbYFPp60EkJmNbC4AAi3QeK2XNbASr2bSnOYDbgC3owy8Ko\nqlJoGzd8rr8PvFWaBuVHYSzOqjt8xlLXdTHc0YfSEu/tMqkHrMGQylUG/q74w7Kh\nJLIsqyiV4DfJRubk8O7Hd6ruaV7ud4+YDuxRhLd0AQzccnbssMiDeBQvtKyciF4m\nzORLnf7AjeGyGtFCaXzeKCCPAXdgfi0Nt1Gsiac8dgm/flo1xOLsBsYUMkG/17LM\nbh1TdOQmdItrLb3fHyH+c7sjOvuEe1JosrZdJIqtwwKCAQEAiRvE1W7ai5u3gDJh\nO263MlAyLZDRBECv+pduSU1vroc+kuaAZ0mvdnkzz2vetTwHPs3UfYTwN6dYZwQM\nlwZ3BoiZLuiUONPmfSWibu57g8MQE2RSk0IkxcvPb1EICw1AxeXMNdm+6d2ktDTS\njeCk6PzKL07TspL1EyVYNJQzavkkhoH7vDN2xF63utaaCcBavlSWK8HZcwBk/SUK\nHKpgiEkCL+tusAwEiQZ2PuC4npVBJlbOWbj5Hjl7VB9iER53QporSKOMGZ8qC4aw\nFMxDnRV8tIIqubKbNGE0Of6CdUD5c94ZmfuVhbUMEjnhXDfhJCTrZJJ2TZzJumWK\n4IG4kQKCAQAeBrJtprZNvbITMVGugMdTyMD3nWlZgqIhGbejVTdIazjDBWGhjb8i\nj1EUlF9dU6PUNqCGAh+iovYxm5OnS1YWzqOzH2qkuqRcPKu+z6fBeBS/70Oqp8r3\nC/ox77EYzUziS0K8ydFglGvTUb0DGb4IAZEIDh4MYgGZpw8xK/J6heBvizvWcH99\noK2NN5bhDQeo9XCZEixmepL13Y/HuW+WIPy7gVriqr+8RT+Vwl607ZBpZyJKK4Gf\nZ6nbBi1Bggh8gb1S+VLkd6QUQA0LkOM85OezB6YJmj0IIKg3lViAEolrLJ3FjBCJ\nkeiQtJCRQC4IBPuiEQbDHYKTRZX0x8DFAoIBAQCd2e0LtA2EJrY9nRUSTRL5SMuo\nMnAe1ynIXsKZ/y/th6YZL0xT35nDU4f8zdgpUD9Nj1TzRDYpWGfA8vwzVo6dmvlD\nVh1KtALo1kovkLZmtS5cAszslqeMigug3XGFXkY2ReG3EpydUGNSOZCfj3KEIx15\nJciFIhN6spD/lGG0AU+5F8zzLdYeOkHwUcCrK4ruaQV2BiJSKRTlBYf77u0+e3zx\nha2+Um2EKtjQ/+YwvocpZ3WIQ/rYYg2x37zy7JByhGkZxFXqk2ayLorPI2wqHW+/\nO3pyAxk2Lyg/FcUpw5TYEEn88CZ61GOsF3iSSN5M8rtwSxJn1Y+UYPJqyRZD\n-----END RSA PRIVATE KEY-----\n",
            "private_key_pem_pkcs8": "-----BEGIN PRIVATE KEY-----\nMIIJQwIBADANBgkqhkiG9w0BAQEFAASCCS0wggkpAgEAAoICAQCooylL8K71jfvt\niVTSEXg9TxxgJ9DmDvfnGlcgSUd5o/51wbKFwUGDQ4tt9PejLAKySApo4Xi2L5z7\nD8YRArhc6X62/tuWhcspDOPfX6dmpXLGUD8tezn6a4TZHAiWKd2+91gI1lcHoRm5\nW6dx54GQMz7tRsbXTyUTlDzjpep//UfSxIQ8jFeBaexlij+vQgsM1flKwB3FHj1+\nQd2d8Br9C1z4rpNkOEKfjRD+9/bAgLd2kBVaeGRPlm6y9EkR7sj7CzXzIC/FfGNC\nxWzxOpDPR+27waxFzz3yr6ubRlc2G6YZCWOGRPJoNEd0jJgK2IwAj0bMSkvYFk6Z\nZJ1NibxFWSb9Z4oU0/iaUYCzUVbX/4oLc6qKlmIWL/yrQMU4J3Esjt/l921pMEhG\n57JdpaOzL8riFEby3DOtDkg89L05iyJ+NV/ZrD2AR/RK3ogeKBmF4HJIIhoRS60j\nws0cbMMIzmFMKe3q3m+CQEcWYtiVkqQ+QsW2W2VAXDKKoKU4bN46/R/1c90vwChV\nXLWbC9NeIWjQRbalj1yY/FOFSgrjR8f8BIapriZ1lRgxlUD3nIFJEYVDbotBZY+X\nxC1i2dYOeA0EKDfdOzSkAoO+PMDJ/1/pftkLi0Lp9lzZ3aCtpysNMM3sWWaYQrwF\nrgfWcJi/Apn1uOoXmyE5LOrnK+wfCwIDAQABAoICADgRt8NWDPX79U1vIdKOmGna\nCdc2pdA4Hdiq+1jyxF7/VbWVZ2Ptc3jPVmaC0mtgUK0yIrPoc5gvkIQxJGu3edD6\nmXUCm8QaTAgkDwfP5/rK+7RQLhFTLV3DrfH5zikPVnkOCCk4Csuwlrr4bF4E2SE2\nyK9fnvErkWpHGU+fdK6FagH78POovdd7fmvsYWxGCyKDalWeNse5XDzEbYj7sh18\nT7cnZD4oLo6Z+pKro1Ex+s3i7hacfM2xeLDrY/ggapZ9jbx+cSO6Tc5/kc9K56bj\nhXmt1TeIxlIQcoA4DPsiikE8y+hyuB5Jc5Cexlak1TfCa4m1Ei6QjCWYPGzxZLUn\nuVR49cuNnD/RGS154QCTK0IR9yR+VqyC8B4/fVg7q0cOYvHzLVpAV6nr2aA3wJPW\n51NvArtNJ25p3hr3p3t3/xa0j5pPLSkpo828wKmfimJDdqlQmVlfPKw06j6Nxatd\nYCgHywzJwHukI0j4nlq21DDBq34nHv3O52uagMcz3Idx/LZcBvmncpYx9Hq06ip3\nBXN4rBVG64M5ZnTjWUXGvXeIAaqF18omNOxaxceVJpuK2YOKYU8d9H858DKwhNAe\n5N4UWFRuC4T4yo9EaV9LqHaFkNOOjZW35e/JbQq8rrX3vxl0xrGxOjapYO2+LHQ/\nCyoZ/cOOT9IyIvZb3i2hAoIBAQDY+NRBP/QY6bqRrBB0NiqCn5WQ03KMrSg8rH5a\npMFITesSBP2GrseptekVOalkUVOagbU5iKJHrYO99bYpofSIiMg6Q+Rddv1GNca8\n/GrhHvGJw1WvZdvTWTstFzOKrvWr8pyP/cExl2Au1yH6Tt5Fg97kf6dkEeY/ooHZ\nCNCVOXjrh7KMEUbs4jfdkjjlhVzGpOAq3/mZ6wHzVAB0oqFBGb4cceEKN1cagyql\n7ewXYKoWU8aW8pqOj6R/zOevZZBrHyEWmsn3+/e1blyexHM7MDbavk+RNhf0AqyV\nA/JTOVgEZgDqVcVupu+Qq9Fnkn9KDfegi2wwVWY5bxB+FM0ZAoIBAQDG+JvVyR+K\nEbNM9yuIlGstZ2cvo0EL2tH4VYrSNMTerGxBmHpa/p67rQ5WY5peZtgU+nrQSQmY\n1sLgACLdB4rZc1sBKvZtKc5gNuALejDLwqiqUmgbN3yuvw+8VZoG5UdhLM6qO3zG\nUtd1MdzRh9IS7+0yqQeswZDKVQb+rvjDsqEksiyrKJXgN8lG5uTw7sd3qu5pXu53\nj5gO7FGEt3QBDNxyduywyIN4FC+0rJyIXibM5Eud/sCN4bIa0UJpfN4oII8Bd2B+\nLQ23UayJpzx2Cb9+WjXE4uwGxhQyQb/XssxuHVN05CZ0i2stvd8fIf5zuyM6+4R7\nUmiytl0kiq3DAoIBAQCJG8TVbtqLm7eAMmE7brcyUDItkNEEQK/6l25JTW+uhz6S\n5oBnSa92eTPPa961PAc+zdR9hPA3p1hnBAyXBncGiJku6JQ40+Z9JaJu7nuDwxAT\nZFKTQiTFy89vUQgLDUDF5cw12b7p3aS0NNKN4KTo/MovTtOykvUTJVg0lDNq+SSG\ngfu8M3bEXre61poJwFq+VJYrwdlzAGT9JQocqmCISQIv626wDASJBnY+4LielUEm\nVs5ZuPkeOXtUH2IRHndCmitIo4wZnyoLhrAUzEOdFXy0giq5sps0YTQ5/oJ1QPlz\n3hmZ+5WFtQwSOeFcN+EkJOtkknZNnMm6ZYrggbiRAoIBAB4Gsm2mtk29shMxUa6A\nx1PIwPedaVmCoiEZt6NVN0hrOMMFYaGNvyKPURSUX11To9Q2oIYCH6Ki9jGbk6dL\nVhbOo7MfaqS6pFw8q77Pp8F4FL/vQ6qnyvcL+jHvsRjNTOJLQrzJ0WCUa9NRvQMZ\nvggBkQgOHgxiAZmnDzEr8nqF4G+LO9Zwf32grY03luENB6j1cJkSLGZ6kvXdj8e5\nb5Yg/LuBWuKqv7xFP5XCXrTtkGlnIkorgZ9nqdsGLUGCCHyBvVL5UuR3pBRADQuQ\n4zzk57MHpgmaPQggqDeVWIASiWssncWMEImR6JC0kJFALggE+6IRBsMdgpNFlfTH\nwMUCggEBAJ3Z7Qu0DYQmtj2dFRJNEvlIy6gycB7XKchewpn/L+2HphkvTFPfmcNT\nh/zN2ClQP02PVPNENilYZ8Dy/DNWjp2a+UNWHUq0AujWSi+Qtma1LlwCzOyWp4yK\nC6DdcYVeRjZF4bcSnJ1QY1I5kJ+PcoQjHXklyIUiE3qykP+UYbQBT7kXzPMt1h46\nQfBRwKsriu5pBXYGIlIpFOUFh/vu7T57fPGFrb5SbYQq2ND/5jC+hylndYhD+thi\nDbHfvPLskHKEaRnEVeqTZrIuis8jbCodb787enIDGTYvKD8VxSnDlNgQSfzwJnrU\nY6wXeJJI3kzyu3BLEmfVj5Rg8mrJFkM=\n-----END PRIVATE KEY-----\n",
            "public_key_fingerprint_md5": "b5:fd:10:8a:d5:f8:8a:fe:74:97:0b:fc:b9:b0:eb:7f",
            "public_key_fingerprint_sha256": "SHA256:4dCbGfvSGRhCaXO/5+ACMN3dWTBZRHfCYa49hO+t/Y8",
            "public_key_openssh": "ssh-rsa AAAAB3NzaC1yc2EAAAADAQABAAACAQCooylL8K71jfvtiVTSEXg9TxxgJ9DmDvfnGlcgSUd5o/51wbKFwUGDQ4tt9PejLAKySApo4Xi2L5z7D8YRArhc6X62/tuWhcspDOPfX6dmpXLGUD8tezn6a4TZHAiWKd2+91gI1lcHoRm5W6dx54GQMz7tRsbXTyUTlDzjpep//UfSxIQ8jFeBaexlij+vQgsM1flKwB3FHj1+Qd2d8Br9C1z4rpNkOEKfjRD+9/bAgLd2kBVaeGRPlm6y9EkR7sj7CzXzIC/FfGNCxWzxOpDPR+27waxFzz3yr6ubRlc2G6YZCWOGRPJoNEd0jJgK2IwAj0bMSkvYFk6ZZJ1NibxFWSb9Z4oU0/iaUYCzUVbX/4oLc6qKlmIWL/yrQMU4J3Esjt/l921pMEhG57JdpaOzL8riFEby3DOtDkg89L05iyJ+NV/ZrD2AR/RK3ogeKBmF4HJIIhoRS60jws0cbMMIzmFMKe3q3m+CQEcWYtiVkqQ+QsW2W2VAXDKKoKU4bN46/R/1c90vwChVXLWbC9NeIWjQRbalj1yY/FOFSgrjR8f8BIapriZ1lRgxlUD3nIFJEYVDbotBZY+XxC1i2dYOeA0EKDfdOzSkAoO+PMDJ/1/pftkLi0Lp9lzZ3aCtpysNMM3sWWaYQrwFrgfWcJi/Apn1uOoXmyE5LOrnK+wfCw==\n",
            "public_key_pem": "-----BEGIN PUBLIC KEY-----\nMIICIjANBgkqhkiG9w0BAQEFAAOCAg8AMIICCgKCAgEAqKMpS/Cu9Y377YlU0hF4\nPU8cYCfQ5g735xpXIElHeaP+dcGyhcFBg0OLbfT3oywCskgKaOF4ti+c+w/GEQK4\nXOl+tv7bloXLKQzj31+nZqVyxlA/LXs5+muE2RwIlindvvdYCNZXB6EZuVunceeB\nkDM+7UbG108lE5Q846Xqf/1H0sSEPIxXgWnsZYo/r0ILDNX5SsAdxR49fkHdnfAa\n/Qtc+K6TZDhCn40Q/vf2wIC3dpAVWnhkT5ZusvRJEe7I+ws18yAvxXxjQsVs8TqQ\nz0ftu8GsRc898q+rm0ZXNhumGQljhkTyaDRHdIyYCtiMAI9GzEpL2BZOmWSdTYm8\nRVkm/WeKFNP4mlGAs1FW1/+KC3OqipZiFi/8q0DFOCdxLI7f5fdtaTBIRueyXaWj\nsy/K4hRG8twzrQ5IPPS9OYsifjVf2aw9gEf0St6IHigZheBySCIaEUutI8LNHGzD\nCM5hTCnt6t5vgkBHFmLYlZKkPkLFtltlQFwyiqClOGzeOv0f9XPdL8AoVVy1mwvT\nXiFo0EW2pY9cmPxThUoK40fH/ASGqa4mdZUYMZVA95yBSRGFQ26LQWWPl8QtYtnW\nDngNBCg33Ts0pAKDvjzAyf9f6X7ZC4tC6fZc2d2gracrDTDN7FlmmEK8Ba4H1nCY\nvwKZ9bjqF5shOSzq5yvsHwsCAwEAAQ==\n-----END PUBLIC KEY-----\n",
            "rsa_bits": 4096
          },
          "sensitive_attributes": []
        }
      ]
    }
  ]
}
