{
  "version": 4,
  "terraform_version": "1.2.4",
  "serial": 3087,
  "lineage": "1831fd9d-fcc2-92cd-9299-d9c13e360c68",
  "outputs": {
    "instance_rproxy_id": {
      "value": "i-0ddcd0ecf9409386d",
      "type": "string"
    },
    "instance_rproxy_local_ip": {
      "value": "192.168.0.4",
      "type": "string"
    },
    "instance_rproxy_public_ip": {
      "value": "52.72.39.179",
      "type": "string"
    },
    "region": {
      "value": "us-east-1",
      "type": "string"
    }
  },
  "resources": [
    {
      "mode": "data",
      "type": "aws_ami",
      "name": "ubuntu",
      "provider": "provider[\"registry.terraform.io/hashicorp/aws\"]",
      "instances": [
        {
          "schema_version": 0,
          "attributes": {
            "architecture": "x86_64",
            "arn": "arn:aws:ec2:us-east-1::image/ami-01d08089481510ba2",
            "block_device_mappings": [
              {
                "device_name": "/dev/sda1",
                "ebs": {
                  "delete_on_termination": "true",
                  "encrypted": "false",
                  "iops": "0",
                  "snapshot_id": "snap-0b7ba8f7ca31ae59e",
                  "throughput": "0",
                  "volume_size": "8",
                  "volume_type": "gp2"
                },
                "no_device": "",
                "virtual_name": ""
              },
              {
                "device_name": "/dev/sdb",
                "ebs": {},
                "no_device": "",
                "virtual_name": "ephemeral0"
              },
              {
                "device_name": "/dev/sdc",
                "ebs": {},
                "no_device": "",
                "virtual_name": "ephemeral1"
              }
            ],
            "creation_date": "2022-10-18T22:50:09.000Z",
            "description": "Canonical, Ubuntu, 20.04 LTS, amd64 focal image build on 2022-10-18",
            "ena_support": true,
            "executable_users": null,
            "filter": [
              {
                "name": "name",
                "values": [
                  "ubuntu/images/hvm-ssd/ubuntu-focal-20.04-amd64-server-*"
                ]
              },
              {
                "name": "virtualization-type",
                "values": [
                  "hvm"
                ]
              }
            ],
            "hypervisor": "xen",
            "id": "ami-01d08089481510ba2",
            "image_id": "ami-01d08089481510ba2",
            "image_location": "amazon/ubuntu/images/hvm-ssd/ubuntu-focal-20.04-amd64-server-20221018",
            "image_owner_alias": "amazon",
            "image_type": "machine",
            "kernel_id": null,
            "most_recent": true,
            "name": "ubuntu/images/hvm-ssd/ubuntu-focal-20.04-amd64-server-20221018",
            "name_regex": null,
            "owner_id": "099720109477",
            "owners": [
              "099720109477"
            ],
            "platform": null,
            "platform_details": "Linux/UNIX",
            "product_codes": [],
            "public": true,
            "ramdisk_id": null,
            "root_device_name": "/dev/sda1",
            "root_device_type": "ebs",
            "root_snapshot_id": "snap-0b7ba8f7ca31ae59e",
            "sriov_net_support": "simple",
            "state": "available",
            "state_reason": {
              "code": "UNSET",
              "message": "UNSET"
            },
            "tags": {},
            "usage_operation": "RunInstances",
            "virtualization_type": "hvm"
          },
          "sensitive_attributes": []
        }
      ]
    },
    {
      "mode": "data",
      "type": "aws_region",
      "name": "current",
      "provider": "provider[\"registry.terraform.io/hashicorp/aws\"]",
      "instances": [
        {
          "schema_version": 0,
          "attributes": {
            "description": "US East (N. Virginia)",
            "endpoint": "ec2.us-east-1.amazonaws.com",
            "id": "us-east-1",
            "name": "us-east-1"
          },
          "sensitive_attributes": []
        }
      ]
    },
    {
      "mode": "data",
      "type": "cloudflare_zone",
      "name": "domain-zone",
      "provider": "provider[\"registry.terraform.io/cloudflare/cloudflare\"]",
      "instances": [
        {
          "schema_version": 0,
          "attributes": {
            "account_id": "0224fa3a10066028d16b2f8bf64bab16",
            "id": "8b593594cfe4ab6f759b50457ca69118",
            "name": "citytours.ge",
            "name_servers": [
              "april.ns.cloudflare.com",
              "evan.ns.cloudflare.com"
            ],
            "paused": false,
            "plan": "Free Website",
            "status": "active",
            "vanity_name_servers": [],
            "zone_id": "8b593594cfe4ab6f759b50457ca69118"
          },
          "sensitive_attributes": []
        }
      ]
    },
    {
      "mode": "managed",
      "type": "aws_default_route_table",
      "name": "diplom-default-route-table",
      "provider": "provider[\"registry.terraform.io/hashicorp/aws\"]",
      "instances": [
        {
          "schema_version": 0,
          "attributes": {
            "arn": "arn:aws:ec2:us-east-1:710137062404:route-table/rtb-0f373f8330a8a69f0",
            "default_route_table_id": "rtb-0f373f8330a8a69f0",
            "id": "rtb-0f373f8330a8a69f0",
            "owner_id": "710137062404",
            "propagating_vgws": null,
            "route": [
              {
                "cidr_block": "0.0.0.0/0",
                "destination_prefix_list_id": "",
                "egress_only_gateway_id": "",
                "gateway_id": "igw-033e853bd420634fd",
                "instance_id": "",
                "ipv6_cidr_block": "",
                "nat_gateway_id": "",
                "network_interface_id": "",
                "transit_gateway_id": "",
                "vpc_endpoint_id": "",
                "vpc_peering_connection_id": ""
              }
            ],
            "tags": {
              "Name": "diplom-default-route-table"
            },
            "tags_all": {
              "Name": "diplom-default-route-table"
            },
            "timeouts": null,
            "vpc_id": "vpc-09d272d89dc44b549"
          },
          "sensitive_attributes": [],
          "private": "eyJlMmJmYjczMC1lY2FhLTExZTYtOGY4OC0zNDM2M2JjN2M0YzAiOnsiY3JlYXRlIjoxMjAwMDAwMDAwMDAsInVwZGF0ZSI6MTIwMDAwMDAwMDAwfX0=",
          "dependencies": [
            "aws_internet_gateway.diplom-igw",
            "aws_vpc.diplom-vpc"
          ]
        }
      ]
    },
    {
      "mode": "managed",
      "type": "aws_eip",
      "name": "diplom-elastic-ip-rproxy",
      "provider": "provider[\"registry.terraform.io/hashicorp/aws\"]",
      "instances": [
        {
          "schema_version": 0,
          "attributes": {
            "address": null,
            "allocation_id": "eipalloc-08b315afd42650603",
            "associate_with_private_ip": "192.168.0.4",
            "association_id": "eipassoc-0f561bc91e0798244",
            "carrier_ip": "",
            "customer_owned_ip": "",
            "customer_owned_ipv4_pool": "",
            "domain": "vpc",
            "id": "eipalloc-08b315afd42650603",
            "instance": "",
            "network_border_group": "us-east-1",
            "network_interface": "eni-01461e7b6ca456879",
            "private_dns": "ip-192-168-0-4.ec2.internal",
            "private_ip": "192.168.0.4",
            "public_dns": "ec2-52-72-39-179.compute-1.amazonaws.com",
            "public_ip": "52.72.39.179",
            "public_ipv4_pool": "amazon",
            "tags": null,
            "tags_all": {},
            "timeouts": null,
            "vpc": true
          },
          "sensitive_attributes": [],
          "private": "eyJlMmJmYjczMC1lY2FhLTExZTYtOGY4OC0zNDM2M2JjN2M0YzAiOnsiZGVsZXRlIjoxODAwMDAwMDAwMDAsInJlYWQiOjkwMDAwMDAwMDAwMCwidXBkYXRlIjozMDAwMDAwMDAwMDB9fQ==",
          "dependencies": [
            "aws_internet_gateway.diplom-igw",
            "aws_network_interface.diplom-public-network_interface-rproxy",
            "aws_security_group.allow_all_output",
            "aws_security_group.allow_internal_traffic",
            "aws_security_group.allow_ping",
            "aws_security_group.allow_ssh",
            "aws_security_group.allow_web",
            "aws_subnet.diplom-public-subnet",
            "aws_vpc.diplom-vpc",
            "null_resource.wait"
          ]
        }
      ]
    },
    {
      "mode": "managed",
      "type": "aws_eip",
      "name": "diplom-elastic-ip_for_nat-gw",
      "provider": "provider[\"registry.terraform.io/hashicorp/aws\"]",
      "instances": [
        {
          "schema_version": 0,
          "attributes": {
            "address": null,
            "allocation_id": "eipalloc-08dceadd5d4598e8b",
            "associate_with_private_ip": null,
            "association_id": "",
            "carrier_ip": "",
            "customer_owned_ip": "",
            "customer_owned_ipv4_pool": "",
            "domain": "vpc",
            "id": "eipalloc-08dceadd5d4598e8b",
            "instance": "",
            "network_border_group": "us-east-1",
            "network_interface": "",
            "private_dns": null,
            "private_ip": "",
            "public_dns": "ec2-44-197-106-32.compute-1.amazonaws.com",
            "public_ip": "44.197.106.32",
            "public_ipv4_pool": "amazon",
            "tags": {
              "Name": "diplom-elastic-ip_for_nat-gw"
            },
            "tags_all": {
              "Name": "diplom-elastic-ip_for_nat-gw"
            },
            "timeouts": null,
            "vpc": true
          },
          "sensitive_attributes": [],
          "private": "eyJlMmJmYjczMC1lY2FhLTExZTYtOGY4OC0zNDM2M2JjN2M0YzAiOnsiZGVsZXRlIjoxODAwMDAwMDAwMDAsInJlYWQiOjkwMDAwMDAwMDAwMCwidXBkYXRlIjozMDAwMDAwMDAwMDB9fQ=="
        }
      ]
    },
    {
      "mode": "managed",
      "type": "aws_instance",
      "name": "diplom-vm-db_node",
      "provider": "provider[\"registry.terraform.io/hashicorp/aws\"]",
      "instances": [
        {
          "index_key": 0,
          "schema_version": 1,
          "attributes": {
            "ami": "ami-01d08089481510ba2",
            "arn": "arn:aws:ec2:us-east-1:710137062404:instance/i-01b3199a19fdf799d",
            "associate_public_ip_address": false,
            "availability_zone": "us-east-1a",
            "capacity_reservation_specification": [
              {
                "capacity_reservation_preference": "open",
                "capacity_reservation_target": []
              }
            ],
            "cpu_core_count": 1,
            "cpu_threads_per_core": 1,
            "credit_specification": [
              {
                "cpu_credits": "standard"
              }
            ],
            "disable_api_termination": false,
            "ebs_block_device": [],
            "ebs_optimized": false,
            "enclave_options": [
              {
                "enabled": false
              }
            ],
            "ephemeral_block_device": [],
            "get_password_data": false,
            "hibernation": false,
            "host_id": null,
            "iam_instance_profile": "",
            "id": "i-01b3199a19fdf799d",
            "instance_initiated_shutdown_behavior": "stop",
            "instance_state": "running",
            "instance_type": "t2.small",
            "ipv6_address_count": 0,
            "ipv6_addresses": [],
            "key_name": "alexander-key-to-aws",
            "launch_template": [],
            "metadata_options": [
              {
                "http_endpoint": "enabled",
                "http_put_response_hop_limit": 1,
                "http_tokens": "optional",
                "instance_metadata_tags": "disabled"
              }
            ],
            "monitoring": false,
            "network_interface": [
              {
                "delete_on_termination": false,
                "device_index": 0,
                "network_interface_id": "eni-02a83a38be3a184b1"
              }
            ],
            "outpost_arn": "",
            "password_data": "",
            "placement_group": "",
            "placement_partition_number": null,
            "primary_network_interface_id": "eni-02a83a38be3a184b1",
            "private_dns": "ip-192-168-1-4.ec2.internal",
            "private_ip": "192.168.1.4",
            "public_dns": "",
            "public_ip": "",
            "root_block_device": [
              {
                "delete_on_termination": true,
                "device_name": "/dev/sda1",
                "encrypted": false,
                "iops": 100,
                "kms_key_id": "",
                "tags": {},
                "throughput": 0,
                "volume_id": "vol-0969e9b0fbd138e13",
                "volume_size": 8,
                "volume_type": "gp2"
              }
            ],
            "secondary_private_ips": [],
            "security_groups": [],
            "source_dest_check": true,
            "subnet_id": "subnet-0293888df758f876e",
            "tags": {
              "Name": "diplom-vm-db_node_1"
            },
            "tags_all": {
              "Name": "diplom-vm-db_node_1"
            },
            "tenancy": "default",
            "timeouts": null,
            "user_data": null,
            "user_data_base64": null,
            "volume_tags": null,
            "vpc_security_group_ids": [
              "sg-00a98381ca3af5622",
              "sg-0119bcd3815752a15",
              "sg-0688bcd20a2e61199",
              "sg-0ce3082419dc63a80",
              "sg-0e49331fc01c2f665"
            ]
          },
          "sensitive_attributes": [],
          "private": "eyJlMmJmYjczMC1lY2FhLTExZTYtOGY4OC0zNDM2M2JjN2M0YzAiOnsiY3JlYXRlIjo2MDAwMDAwMDAwMDAsImRlbGV0ZSI6MTIwMDAwMDAwMDAwMCwidXBkYXRlIjo2MDAwMDAwMDAwMDB9LCJzY2hlbWFfdmVyc2lvbiI6IjEifQ==",
          "dependencies": [
            "aws_key_pair.kp",
            "aws_network_interface.diplom-private-network_interface-db_node",
            "aws_security_group.allow_all_output",
            "aws_security_group.allow_internal_traffic",
            "aws_security_group.allow_ping",
            "aws_security_group.allow_ssh",
            "aws_security_group.allow_web",
            "aws_subnet.diplom-private-subnet-1",
            "aws_vpc.diplom-vpc",
            "data.aws_ami.ubuntu",
            "tls_private_key.pk"
          ]
        },
        {
          "index_key": 1,
          "schema_version": 1,
          "attributes": {
            "ami": "ami-01d08089481510ba2",
            "arn": "arn:aws:ec2:us-east-1:710137062404:instance/i-0c3b570ae75a9236d",
            "associate_public_ip_address": false,
            "availability_zone": "us-east-1a",
            "capacity_reservation_specification": [
              {
                "capacity_reservation_preference": "open",
                "capacity_reservation_target": []
              }
            ],
            "cpu_core_count": 1,
            "cpu_threads_per_core": 1,
            "credit_specification": [
              {
                "cpu_credits": "standard"
              }
            ],
            "disable_api_termination": false,
            "ebs_block_device": [],
            "ebs_optimized": false,
            "enclave_options": [
              {
                "enabled": false
              }
            ],
            "ephemeral_block_device": [],
            "get_password_data": false,
            "hibernation": false,
            "host_id": null,
            "iam_instance_profile": "",
            "id": "i-0c3b570ae75a9236d",
            "instance_initiated_shutdown_behavior": "stop",
            "instance_state": "running",
            "instance_type": "t2.small",
            "ipv6_address_count": 0,
            "ipv6_addresses": [],
            "key_name": "alexander-key-to-aws",
            "launch_template": [],
            "metadata_options": [
              {
                "http_endpoint": "enabled",
                "http_put_response_hop_limit": 1,
                "http_tokens": "optional",
                "instance_metadata_tags": "disabled"
              }
            ],
            "monitoring": false,
            "network_interface": [
              {
                "delete_on_termination": false,
                "device_index": 0,
                "network_interface_id": "eni-0758e3a9966c1dd8c"
              }
            ],
            "outpost_arn": "",
            "password_data": "",
            "placement_group": "",
            "placement_partition_number": null,
            "primary_network_interface_id": "eni-0758e3a9966c1dd8c",
            "private_dns": "ip-192-168-1-5.ec2.internal",
            "private_ip": "192.168.1.5",
            "public_dns": "",
            "public_ip": "",
            "root_block_device": [
              {
                "delete_on_termination": true,
                "device_name": "/dev/sda1",
                "encrypted": false,
                "iops": 100,
                "kms_key_id": "",
                "tags": {},
                "throughput": 0,
                "volume_id": "vol-0feffc076a3cfd42c",
                "volume_size": 8,
                "volume_type": "gp2"
              }
            ],
            "secondary_private_ips": [],
            "security_groups": [],
            "source_dest_check": true,
            "subnet_id": "subnet-0293888df758f876e",
            "tags": {
              "Name": "diplom-vm-db_node_2"
            },
            "tags_all": {
              "Name": "diplom-vm-db_node_2"
            },
            "tenancy": "default",
            "timeouts": null,
            "user_data": null,
            "user_data_base64": null,
            "volume_tags": null,
            "vpc_security_group_ids": [
              "sg-00a98381ca3af5622",
              "sg-0119bcd3815752a15",
              "sg-0688bcd20a2e61199",
              "sg-0ce3082419dc63a80",
              "sg-0e49331fc01c2f665"
            ]
          },
          "sensitive_attributes": [],
          "private": "eyJlMmJmYjczMC1lY2FhLTExZTYtOGY4OC0zNDM2M2JjN2M0YzAiOnsiY3JlYXRlIjo2MDAwMDAwMDAwMDAsImRlbGV0ZSI6MTIwMDAwMDAwMDAwMCwidXBkYXRlIjo2MDAwMDAwMDAwMDB9LCJzY2hlbWFfdmVyc2lvbiI6IjEifQ==",
          "dependencies": [
            "aws_key_pair.kp",
            "aws_network_interface.diplom-private-network_interface-db_node",
            "aws_security_group.allow_all_output",
            "aws_security_group.allow_internal_traffic",
            "aws_security_group.allow_ping",
            "aws_security_group.allow_ssh",
            "aws_security_group.allow_web",
            "aws_subnet.diplom-private-subnet-1",
            "aws_vpc.diplom-vpc",
            "data.aws_ami.ubuntu",
            "tls_private_key.pk"
          ]
        }
      ]
    },
    {
      "mode": "managed",
      "type": "aws_instance",
      "name": "diplom-vm-gitlab_node",
      "provider": "provider[\"registry.terraform.io/hashicorp/aws\"]",
      "instances": [
        {
          "schema_version": 1,
          "attributes": {
            "ami": "ami-01d08089481510ba2",
            "arn": "arn:aws:ec2:us-east-1:710137062404:instance/i-0545c23733110fd38",
            "associate_public_ip_address": false,
            "availability_zone": "us-east-1a",
            "capacity_reservation_specification": [
              {
                "capacity_reservation_preference": "open",
                "capacity_reservation_target": []
              }
            ],
            "cpu_core_count": 2,
            "cpu_threads_per_core": 2,
            "credit_specification": [
              {
                "cpu_credits": "unlimited"
              }
            ],
            "disable_api_termination": false,
            "ebs_block_device": [],
            "ebs_optimized": false,
            "enclave_options": [
              {
                "enabled": false
              }
            ],
            "ephemeral_block_device": [],
            "get_password_data": false,
            "hibernation": false,
            "host_id": null,
            "iam_instance_profile": "",
            "id": "i-0545c23733110fd38",
            "instance_initiated_shutdown_behavior": "stop",
            "instance_state": "running",
            "instance_type": "t3.xlarge",
            "ipv6_address_count": 0,
            "ipv6_addresses": [],
            "key_name": "alexander-key-to-aws",
            "launch_template": [],
            "metadata_options": [
              {
                "http_endpoint": "enabled",
                "http_put_response_hop_limit": 1,
                "http_tokens": "optional",
                "instance_metadata_tags": "disabled"
              }
            ],
            "monitoring": false,
            "network_interface": [
              {
                "delete_on_termination": false,
                "device_index": 0,
                "network_interface_id": "eni-08a5f9c8d1e319b2c"
              }
            ],
            "outpost_arn": "",
            "password_data": "",
            "placement_group": "",
            "placement_partition_number": null,
            "primary_network_interface_id": "eni-08a5f9c8d1e319b2c",
            "private_dns": "ip-192-168-1-7.ec2.internal",
            "private_ip": "192.168.1.7",
            "public_dns": "",
            "public_ip": "",
            "root_block_device": [
              {
                "delete_on_termination": true,
                "device_name": "/dev/sda1",
                "encrypted": false,
                "iops": 100,
                "kms_key_id": "",
                "tags": null,
                "throughput": 0,
                "volume_id": "vol-0bf603950a56e6c94",
                "volume_size": 20,
                "volume_type": "gp2"
              }
            ],
            "secondary_private_ips": [],
            "security_groups": [],
            "source_dest_check": true,
            "subnet_id": "subnet-0293888df758f876e",
            "tags": {
              "Name": "diplom-vm-gitlab_node"
            },
            "tags_all": {
              "Name": "diplom-vm-gitlab_node"
            },
            "tenancy": "default",
            "timeouts": null,
            "user_data": null,
            "user_data_base64": null,
            "volume_tags": null,
            "vpc_security_group_ids": [
              "sg-00a98381ca3af5622",
              "sg-0119bcd3815752a15",
              "sg-0688bcd20a2e61199",
              "sg-0ce3082419dc63a80",
              "sg-0e49331fc01c2f665"
            ]
          },
          "sensitive_attributes": [],
          "private": "eyJlMmJmYjczMC1lY2FhLTExZTYtOGY4OC0zNDM2M2JjN2M0YzAiOnsiY3JlYXRlIjo2MDAwMDAwMDAwMDAsImRlbGV0ZSI6MTIwMDAwMDAwMDAwMCwidXBkYXRlIjo2MDAwMDAwMDAwMDB9LCJzY2hlbWFfdmVyc2lvbiI6IjEifQ==",
          "dependencies": [
            "aws_key_pair.kp",
            "aws_network_interface.diplom-private-network_interface-gitlab_node",
            "aws_security_group.allow_all_output",
            "aws_security_group.allow_internal_traffic",
            "aws_security_group.allow_ping",
            "aws_security_group.allow_ssh",
            "aws_security_group.allow_web",
            "aws_subnet.diplom-private-subnet-1",
            "aws_vpc.diplom-vpc",
            "data.aws_ami.ubuntu",
            "tls_private_key.pk"
          ]
        }
      ]
    },
    {
      "mode": "managed",
      "type": "aws_instance",
      "name": "diplom-vm-gitlabrunner_node",
      "provider": "provider[\"registry.terraform.io/hashicorp/aws\"]",
      "instances": [
        {
          "schema_version": 1,
          "attributes": {
            "ami": "ami-01d08089481510ba2",
            "arn": "arn:aws:ec2:us-east-1:710137062404:instance/i-0d69771c1b8d24cb2",
            "associate_public_ip_address": false,
            "availability_zone": "us-east-1a",
            "capacity_reservation_specification": [
              {
                "capacity_reservation_preference": "open",
                "capacity_reservation_target": []
              }
            ],
            "cpu_core_count": 1,
            "cpu_threads_per_core": 2,
            "credit_specification": [
              {
                "cpu_credits": "unlimited"
              }
            ],
            "disable_api_termination": false,
            "ebs_block_device": [],
            "ebs_optimized": false,
            "enclave_options": [
              {
                "enabled": false
              }
            ],
            "ephemeral_block_device": [],
            "get_password_data": false,
            "hibernation": false,
            "host_id": null,
            "iam_instance_profile": "",
            "id": "i-0d69771c1b8d24cb2",
            "instance_initiated_shutdown_behavior": "stop",
            "instance_state": "running",
            "instance_type": "t3.micro",
            "ipv6_address_count": 0,
            "ipv6_addresses": [],
            "key_name": "alexander-key-to-aws",
            "launch_template": [],
            "metadata_options": [
              {
                "http_endpoint": "enabled",
                "http_put_response_hop_limit": 1,
                "http_tokens": "optional",
                "instance_metadata_tags": "disabled"
              }
            ],
            "monitoring": false,
            "network_interface": [
              {
                "delete_on_termination": false,
                "device_index": 0,
                "network_interface_id": "eni-09c8652da3d1a8614"
              }
            ],
            "outpost_arn": "",
            "password_data": "",
            "placement_group": "",
            "placement_partition_number": null,
            "primary_network_interface_id": "eni-09c8652da3d1a8614",
            "private_dns": "ip-192-168-1-8.ec2.internal",
            "private_ip": "192.168.1.8",
            "public_dns": "",
            "public_ip": "",
            "root_block_device": [
              {
                "delete_on_termination": true,
                "device_name": "/dev/sda1",
                "encrypted": false,
                "iops": 100,
                "kms_key_id": "",
                "tags": {},
                "throughput": 0,
                "volume_id": "vol-0f6237fa2e6b7fe75",
                "volume_size": 8,
                "volume_type": "gp2"
              }
            ],
            "secondary_private_ips": [],
            "security_groups": [],
            "source_dest_check": true,
            "subnet_id": "subnet-0293888df758f876e",
            "tags": {
              "Name": "diplom-vm-gitlabrunner_node"
            },
            "tags_all": {
              "Name": "diplom-vm-gitlabrunner_node"
            },
            "tenancy": "default",
            "timeouts": null,
            "user_data": null,
            "user_data_base64": null,
            "volume_tags": null,
            "vpc_security_group_ids": [
              "sg-00a98381ca3af5622",
              "sg-0119bcd3815752a15",
              "sg-0688bcd20a2e61199",
              "sg-0ce3082419dc63a80",
              "sg-0e49331fc01c2f665"
            ]
          },
          "sensitive_attributes": [],
          "private": "eyJlMmJmYjczMC1lY2FhLTExZTYtOGY4OC0zNDM2M2JjN2M0YzAiOnsiY3JlYXRlIjo2MDAwMDAwMDAwMDAsImRlbGV0ZSI6MTIwMDAwMDAwMDAwMCwidXBkYXRlIjo2MDAwMDAwMDAwMDB9LCJzY2hlbWFfdmVyc2lvbiI6IjEifQ==",
          "dependencies": [
            "aws_key_pair.kp",
            "aws_network_interface.diplom-private-network_interface-gitlabrunner_node",
            "aws_security_group.allow_all_output",
            "aws_security_group.allow_internal_traffic",
            "aws_security_group.allow_ping",
            "aws_security_group.allow_ssh",
            "aws_security_group.allow_web",
            "aws_subnet.diplom-private-subnet-1",
            "aws_vpc.diplom-vpc",
            "data.aws_ami.ubuntu",
            "tls_private_key.pk"
          ]
        }
      ]
    },
    {
      "mode": "managed",
      "type": "aws_instance",
      "name": "diplom-vm-monitoring_node",
      "provider": "provider[\"registry.terraform.io/hashicorp/aws\"]",
      "instances": [
        {
          "schema_version": 1,
          "attributes": {
            "ami": "ami-01d08089481510ba2",
            "arn": "arn:aws:ec2:us-east-1:710137062404:instance/i-0d972f4a77bb35890",
            "associate_public_ip_address": false,
            "availability_zone": "us-east-1a",
            "capacity_reservation_specification": [
              {
                "capacity_reservation_preference": "open",
                "capacity_reservation_target": []
              }
            ],
            "cpu_core_count": 1,
            "cpu_threads_per_core": 2,
            "credit_specification": [
              {
                "cpu_credits": "unlimited"
              }
            ],
            "disable_api_termination": false,
            "ebs_block_device": [],
            "ebs_optimized": false,
            "enclave_options": [
              {
                "enabled": false
              }
            ],
            "ephemeral_block_device": [],
            "get_password_data": false,
            "hibernation": false,
            "host_id": null,
            "iam_instance_profile": "",
            "id": "i-0d972f4a77bb35890",
            "instance_initiated_shutdown_behavior": "stop",
            "instance_state": "running",
            "instance_type": "t3.micro",
            "ipv6_address_count": 0,
            "ipv6_addresses": [],
            "key_name": "alexander-key-to-aws",
            "launch_template": [],
            "metadata_options": [
              {
                "http_endpoint": "enabled",
                "http_put_response_hop_limit": 1,
                "http_tokens": "optional",
                "instance_metadata_tags": "disabled"
              }
            ],
            "monitoring": false,
            "network_interface": [
              {
                "delete_on_termination": false,
                "device_index": 0,
                "network_interface_id": "eni-084cd2623ca9dd294"
              }
            ],
            "outpost_arn": "",
            "password_data": "",
            "placement_group": "",
            "placement_partition_number": null,
            "primary_network_interface_id": "eni-084cd2623ca9dd294",
            "private_dns": "ip-192-168-1-9.ec2.internal",
            "private_ip": "192.168.1.9",
            "public_dns": "",
            "public_ip": "",
            "root_block_device": [
              {
                "delete_on_termination": true,
                "device_name": "/dev/sda1",
                "encrypted": false,
                "iops": 100,
                "kms_key_id": "",
                "tags": {},
                "throughput": 0,
                "volume_id": "vol-0c2774627f8d0886a",
                "volume_size": 8,
                "volume_type": "gp2"
              }
            ],
            "secondary_private_ips": [],
            "security_groups": [],
            "source_dest_check": true,
            "subnet_id": "subnet-0293888df758f876e",
            "tags": {
              "Name": "diplom-vm-monitoring_node"
            },
            "tags_all": {
              "Name": "diplom-vm-monitoring_node"
            },
            "tenancy": "default",
            "timeouts": null,
            "user_data": null,
            "user_data_base64": null,
            "volume_tags": null,
            "vpc_security_group_ids": [
              "sg-00a98381ca3af5622",
              "sg-0119bcd3815752a15",
              "sg-0688bcd20a2e61199",
              "sg-0ce3082419dc63a80",
              "sg-0e49331fc01c2f665"
            ]
          },
          "sensitive_attributes": [],
          "private": "eyJlMmJmYjczMC1lY2FhLTExZTYtOGY4OC0zNDM2M2JjN2M0YzAiOnsiY3JlYXRlIjo2MDAwMDAwMDAwMDAsImRlbGV0ZSI6MTIwMDAwMDAwMDAwMCwidXBkYXRlIjo2MDAwMDAwMDAwMDB9LCJzY2hlbWFfdmVyc2lvbiI6IjEifQ==",
          "dependencies": [
            "aws_key_pair.kp",
            "aws_network_interface.diplom-private-network_interface-monitoring_node",
            "aws_security_group.allow_all_output",
            "aws_security_group.allow_internal_traffic",
            "aws_security_group.allow_ping",
            "aws_security_group.allow_ssh",
            "aws_security_group.allow_web",
            "aws_subnet.diplom-private-subnet-1",
            "aws_vpc.diplom-vpc",
            "data.aws_ami.ubuntu",
            "tls_private_key.pk"
          ]
        }
      ]
    },
    {
      "mode": "managed",
      "type": "aws_instance",
      "name": "diplom-vm-rproxy",
      "provider": "provider[\"registry.terraform.io/hashicorp/aws\"]",
      "instances": [
        {
          "schema_version": 1,
          "attributes": {
            "ami": "ami-01d08089481510ba2",
            "arn": "arn:aws:ec2:us-east-1:710137062404:instance/i-0ddcd0ecf9409386d",
            "associate_public_ip_address": true,
            "availability_zone": "us-east-1a",
            "capacity_reservation_specification": [
              {
                "capacity_reservation_preference": "open",
                "capacity_reservation_target": []
              }
            ],
            "cpu_core_count": 1,
            "cpu_threads_per_core": 1,
            "credit_specification": [
              {
                "cpu_credits": "standard"
              }
            ],
            "disable_api_termination": false,
            "ebs_block_device": [],
            "ebs_optimized": false,
            "enclave_options": [
              {
                "enabled": false
              }
            ],
            "ephemeral_block_device": [],
            "get_password_data": false,
            "hibernation": false,
            "host_id": null,
            "iam_instance_profile": "",
            "id": "i-0ddcd0ecf9409386d",
            "instance_initiated_shutdown_behavior": "stop",
            "instance_state": "running",
            "instance_type": "t2.micro",
            "ipv6_address_count": 0,
            "ipv6_addresses": [],
            "key_name": "alexander-key-to-aws",
            "launch_template": [],
            "metadata_options": [
              {
                "http_endpoint": "enabled",
                "http_put_response_hop_limit": 1,
                "http_tokens": "optional",
                "instance_metadata_tags": "disabled"
              }
            ],
            "monitoring": false,
            "network_interface": [
              {
                "delete_on_termination": false,
                "device_index": 0,
                "network_interface_id": "eni-01461e7b6ca456879"
              }
            ],
            "outpost_arn": "",
            "password_data": "",
            "placement_group": "",
            "placement_partition_number": null,
            "primary_network_interface_id": "eni-01461e7b6ca456879",
            "private_dns": "ip-192-168-0-4.ec2.internal",
            "private_ip": "192.168.0.4",
            "public_dns": "",
            "public_ip": "52.72.39.179",
            "root_block_device": [
              {
                "delete_on_termination": true,
                "device_name": "/dev/sda1",
                "encrypted": false,
                "iops": 100,
                "kms_key_id": "",
                "tags": {},
                "throughput": 0,
                "volume_id": "vol-0331152e1339fb7ac",
                "volume_size": 8,
                "volume_type": "gp2"
              }
            ],
            "secondary_private_ips": [],
            "security_groups": [],
            "source_dest_check": true,
            "subnet_id": "subnet-0bad824644ae31fa2",
            "tags": {
              "Name": "diplom-vm-rproxy"
            },
            "tags_all": {
              "Name": "diplom-vm-rproxy"
            },
            "tenancy": "default",
            "timeouts": null,
            "user_data": null,
            "user_data_base64": null,
            "volume_tags": null,
            "vpc_security_group_ids": [
              "sg-00a98381ca3af5622",
              "sg-0119bcd3815752a15",
              "sg-0688bcd20a2e61199",
              "sg-0ce3082419dc63a80",
              "sg-0e49331fc01c2f665"
            ]
          },
          "sensitive_attributes": [],
          "private": "eyJlMmJmYjczMC1lY2FhLTExZTYtOGY4OC0zNDM2M2JjN2M0YzAiOnsiY3JlYXRlIjo2MDAwMDAwMDAwMDAsImRlbGV0ZSI6MTIwMDAwMDAwMDAwMCwidXBkYXRlIjo2MDAwMDAwMDAwMDB9LCJzY2hlbWFfdmVyc2lvbiI6IjEifQ==",
          "dependencies": [
            "aws_eip.diplom-elastic-ip-rproxy",
            "aws_internet_gateway.diplom-igw",
            "aws_key_pair.kp",
            "aws_network_interface.diplom-public-network_interface-rproxy",
            "aws_security_group.allow_all_output",
            "aws_security_group.allow_internal_traffic",
            "aws_security_group.allow_ping",
            "aws_security_group.allow_ssh",
            "aws_security_group.allow_web",
            "aws_subnet.diplom-public-subnet",
            "aws_vpc.diplom-vpc",
            "data.aws_ami.ubuntu",
            "null_resource.wait",
            "tls_private_key.pk"
          ]
        }
      ]
    },
    {
      "mode": "managed",
      "type": "aws_instance",
      "name": "diplom-vm-web_node",
      "provider": "provider[\"registry.terraform.io/hashicorp/aws\"]",
      "instances": [
        {
          "schema_version": 1,
          "attributes": {
            "ami": "ami-01d08089481510ba2",
            "arn": "arn:aws:ec2:us-east-1:710137062404:instance/i-09ba8ca7d78e2db98",
            "associate_public_ip_address": false,
            "availability_zone": "us-east-1a",
            "capacity_reservation_specification": [
              {
                "capacity_reservation_preference": "open",
                "capacity_reservation_target": []
              }
            ],
            "cpu_core_count": 1,
            "cpu_threads_per_core": 1,
            "credit_specification": [
              {
                "cpu_credits": "standard"
              }
            ],
            "disable_api_termination": false,
            "ebs_block_device": [],
            "ebs_optimized": false,
            "enclave_options": [
              {
                "enabled": false
              }
            ],
            "ephemeral_block_device": [],
            "get_password_data": false,
            "hibernation": false,
            "host_id": null,
            "iam_instance_profile": "",
            "id": "i-09ba8ca7d78e2db98",
            "instance_initiated_shutdown_behavior": "stop",
            "instance_state": "running",
            "instance_type": "t2.micro",
            "ipv6_address_count": 0,
            "ipv6_addresses": [],
            "key_name": "alexander-key-to-aws",
            "launch_template": [],
            "metadata_options": [
              {
                "http_endpoint": "enabled",
                "http_put_response_hop_limit": 1,
                "http_tokens": "optional",
                "instance_metadata_tags": "disabled"
              }
            ],
            "monitoring": false,
            "network_interface": [
              {
                "delete_on_termination": false,
                "device_index": 0,
                "network_interface_id": "eni-0c1e8c97bf934595f"
              }
            ],
            "outpost_arn": "",
            "password_data": "",
            "placement_group": "",
            "placement_partition_number": null,
            "primary_network_interface_id": "eni-0c1e8c97bf934595f",
            "private_dns": "ip-192-168-1-6.ec2.internal",
            "private_ip": "192.168.1.6",
            "public_dns": "",
            "public_ip": "",
            "root_block_device": [
              {
                "delete_on_termination": true,
                "device_name": "/dev/sda1",
                "encrypted": false,
                "iops": 100,
                "kms_key_id": "",
                "tags": {},
                "throughput": 0,
                "volume_id": "vol-08bd90a29ec8dedfa",
                "volume_size": 8,
                "volume_type": "gp2"
              }
            ],
            "secondary_private_ips": [],
            "security_groups": [],
            "source_dest_check": true,
            "subnet_id": "subnet-0293888df758f876e",
            "tags": {
              "Name": "diplom-vm-web_node"
            },
            "tags_all": {
              "Name": "diplom-vm-web_node"
            },
            "tenancy": "default",
            "timeouts": null,
            "user_data": null,
            "user_data_base64": null,
            "volume_tags": null,
            "vpc_security_group_ids": [
              "sg-00a98381ca3af5622",
              "sg-0119bcd3815752a15",
              "sg-0688bcd20a2e61199",
              "sg-0ce3082419dc63a80",
              "sg-0e49331fc01c2f665"
            ]
          },
          "sensitive_attributes": [],
          "private": "eyJlMmJmYjczMC1lY2FhLTExZTYtOGY4OC0zNDM2M2JjN2M0YzAiOnsiY3JlYXRlIjo2MDAwMDAwMDAwMDAsImRlbGV0ZSI6MTIwMDAwMDAwMDAwMCwidXBkYXRlIjo2MDAwMDAwMDAwMDB9LCJzY2hlbWFfdmVyc2lvbiI6IjEifQ==",
          "dependencies": [
            "aws_key_pair.kp",
            "aws_network_interface.diplom-private-network_interface-web_node",
            "aws_security_group.allow_all_output",
            "aws_security_group.allow_internal_traffic",
            "aws_security_group.allow_ping",
            "aws_security_group.allow_ssh",
            "aws_security_group.allow_web",
            "aws_subnet.diplom-private-subnet-1",
            "aws_vpc.diplom-vpc",
            "data.aws_ami.ubuntu",
            "tls_private_key.pk"
          ]
        }
      ]
    },
    {
      "mode": "managed",
      "type": "aws_internet_gateway",
      "name": "diplom-igw",
      "provider": "provider[\"registry.terraform.io/hashicorp/aws\"]",
      "instances": [
        {
          "schema_version": 0,
          "attributes": {
            "arn": "arn:aws:ec2:us-east-1:710137062404:internet-gateway/igw-033e853bd420634fd",
            "id": "igw-033e853bd420634fd",
            "owner_id": "710137062404",
            "tags": {
              "Name": "diplom-internet-gateway"
            },
            "tags_all": {
              "Name": "diplom-internet-gateway"
            },
            "vpc_id": "vpc-09d272d89dc44b549"
          },
          "sensitive_attributes": [],
          "private": "bnVsbA==",
          "dependencies": [
            "aws_vpc.diplom-vpc"
          ]
        }
      ]
    },
    {
      "mode": "managed",
      "type": "aws_key_pair",
      "name": "kp",
      "provider": "provider[\"registry.terraform.io/hashicorp/aws\"]",
      "instances": [
        {
          "schema_version": 1,
          "attributes": {
            "arn": "arn:aws:ec2:us-east-1:710137062404:key-pair/alexander-key-to-aws",
            "fingerprint": "f4:ab:7f:b5:d0:5c:95:32:ee:af:3d:4e:9a:ed:ce:0d",
            "id": "alexander-key-to-aws",
            "key_name": "alexander-key-to-aws",
            "key_name_prefix": "",
            "key_pair_id": "key-0c1de9ff080a1f1aa",
            "public_key": "ssh-rsa AAAAB3NzaC1yc2EAAAADAQABAAACAQDYb2Fn15PO25A4h+f9jhkEQvNyNG1jomdqKvUCFMvDZz5X+Jmeahdn8Q10pIv87IFCBbz4xHVYOpPEjb9zsyPVAHKdRpW/zDolDegb6NUCrNCkKJrzp1ItXghcP4G06v0eqItwQoxr3iwBPBx9Cp8CPme47Dq0ZhoSWOKvnPTY342DLOty1nq7MepNZCtAScP1VNpcOVBNX/bhDrIkQTOn8ZtaYdceccCeU61irlJ1mluw500b7TzGqSinrUhtZDVfPtwPj240x1Rf2UnJC1J24ctTCCsP+IvsMVETYuapaEaUtZxYK4aQ7kSXasAANHW0TQixrMpH4rD39lIpZ/+X50plHut+55ZX9q7eam3ZwDnM+xD8zwa6ZNl1o1sYRnkySgGxp2u/CbpbDxHzhUHgxNqxdfcUG7qTvbGZlKpDZzTPRqueKmHm6Ts8S3uBj2ixjIr1NA/jKX+ecsOQnEqghCtZDjJNZKsNyVtFJTWvRu/VZNEETJlPI0Ui3XrJKqUAIsk0x7OLtzUxELAKHTeBAcK9GTitaZT0iS7QM5ytCnyIgh1geaqkJ3nU5nzM9xca0cPFAeby9nVCxrQnb4DPJerEwQBqA6XHh3YS22OBOUnTvvbx8KWl3GjySDlc29xi+JuGf/rRQ00cEamC/gsXa2V39aFCCZsS6n8Zeb4Ksw==",
            "tags": null,
            "tags_all": {}
          },
          "sensitive_attributes": [],
          "private": "eyJzY2hlbWFfdmVyc2lvbiI6IjEifQ==",
          "dependencies": [
            "tls_private_key.pk"
          ]
        }
      ]
    },
    {
      "mode": "managed",
      "type": "aws_nat_gateway",
      "name": "diplom-nat-gw",
      "provider": "provider[\"registry.terraform.io/hashicorp/aws\"]",
      "instances": [
        {
          "schema_version": 0,
          "attributes": {
            "allocation_id": "eipalloc-08dceadd5d4598e8b",
            "connectivity_type": "public",
            "id": "nat-0b3284a87d393278a",
            "network_interface_id": "eni-040d2186da23a306d",
            "private_ip": "192.168.0.16",
            "public_ip": "44.197.106.32",
            "subnet_id": "subnet-0bad824644ae31fa2",
            "tags": {
              "Name": "diplom-nat-gw"
            },
            "tags_all": {
              "Name": "diplom-nat-gw"
            }
          },
          "sensitive_attributes": [],
          "private": "bnVsbA==",
          "dependencies": [
            "aws_eip.diplom-elastic-ip_for_nat-gw",
            "aws_internet_gateway.diplom-igw",
            "aws_subnet.diplom-public-subnet",
            "aws_vpc.diplom-vpc"
          ]
        }
      ]
    },
    {
      "mode": "managed",
      "type": "aws_network_interface",
      "name": "diplom-private-network_interface-db_node",
      "provider": "provider[\"registry.terraform.io/hashicorp/aws\"]",
      "instances": [
        {
          "index_key": 0,
          "schema_version": 0,
          "attributes": {
            "arn": "arn:aws:ec2:us-east-1:710137062404:network-interface/eni-02a83a38be3a184b1",
            "attachment": [],
            "description": "",
            "id": "eni-02a83a38be3a184b1",
            "interface_type": "interface",
            "ipv4_prefix_count": 0,
            "ipv4_prefixes": [],
            "ipv6_address_count": 0,
            "ipv6_address_list": [],
            "ipv6_address_list_enabled": false,
            "ipv6_addresses": [],
            "ipv6_prefix_count": 0,
            "ipv6_prefixes": [],
            "mac_address": "0e:20:6f:98:88:2f",
            "outpost_arn": "",
            "owner_id": "710137062404",
            "private_dns_name": "",
            "private_ip": "192.168.1.4",
            "private_ip_list": [
              "192.168.1.4"
            ],
            "private_ip_list_enabled": false,
            "private_ips": [
              "192.168.1.4"
            ],
            "private_ips_count": 0,
            "security_groups": [
              "sg-00a98381ca3af5622",
              "sg-0119bcd3815752a15",
              "sg-0688bcd20a2e61199",
              "sg-0ce3082419dc63a80",
              "sg-0e49331fc01c2f665"
            ],
            "source_dest_check": true,
            "subnet_id": "subnet-0293888df758f876e",
            "tags": {
              "Name": "diplom-private-network_interface-db_0_node"
            },
            "tags_all": {
              "Name": "diplom-private-network_interface-db_0_node"
            }
          },
          "sensitive_attributes": [],
          "private": "bnVsbA==",
          "dependencies": [
            "aws_security_group.allow_all_output",
            "aws_security_group.allow_internal_traffic",
            "aws_security_group.allow_ping",
            "aws_security_group.allow_ssh",
            "aws_security_group.allow_web",
            "aws_subnet.diplom-private-subnet-1",
            "aws_vpc.diplom-vpc"
          ]
        },
        {
          "index_key": 1,
          "schema_version": 0,
          "attributes": {
            "arn": "arn:aws:ec2:us-east-1:710137062404:network-interface/eni-0758e3a9966c1dd8c",
            "attachment": [],
            "description": "",
            "id": "eni-0758e3a9966c1dd8c",
            "interface_type": "interface",
            "ipv4_prefix_count": 0,
            "ipv4_prefixes": [],
            "ipv6_address_count": 0,
            "ipv6_address_list": [],
            "ipv6_address_list_enabled": false,
            "ipv6_addresses": [],
            "ipv6_prefix_count": 0,
            "ipv6_prefixes": [],
            "mac_address": "0e:92:2f:c2:d9:43",
            "outpost_arn": "",
            "owner_id": "710137062404",
            "private_dns_name": "",
            "private_ip": "192.168.1.5",
            "private_ip_list": [
              "192.168.1.5"
            ],
            "private_ip_list_enabled": false,
            "private_ips": [
              "192.168.1.5"
            ],
            "private_ips_count": 0,
            "security_groups": [
              "sg-00a98381ca3af5622",
              "sg-0119bcd3815752a15",
              "sg-0688bcd20a2e61199",
              "sg-0ce3082419dc63a80",
              "sg-0e49331fc01c2f665"
            ],
            "source_dest_check": true,
            "subnet_id": "subnet-0293888df758f876e",
            "tags": {
              "Name": "diplom-private-network_interface-db_1_node"
            },
            "tags_all": {
              "Name": "diplom-private-network_interface-db_1_node"
            }
          },
          "sensitive_attributes": [],
          "private": "bnVsbA==",
          "dependencies": [
            "aws_security_group.allow_all_output",
            "aws_security_group.allow_internal_traffic",
            "aws_security_group.allow_ping",
            "aws_security_group.allow_ssh",
            "aws_security_group.allow_web",
            "aws_subnet.diplom-private-subnet-1",
            "aws_vpc.diplom-vpc"
          ]
        }
      ]
    },
    {
      "mode": "managed",
      "type": "aws_network_interface",
      "name": "diplom-private-network_interface-gitlab_node",
      "provider": "provider[\"registry.terraform.io/hashicorp/aws\"]",
      "instances": [
        {
          "schema_version": 0,
          "attributes": {
            "arn": "arn:aws:ec2:us-east-1:710137062404:network-interface/eni-08a5f9c8d1e319b2c",
            "attachment": [],
            "description": "",
            "id": "eni-08a5f9c8d1e319b2c",
            "interface_type": "interface",
            "ipv4_prefix_count": 0,
            "ipv4_prefixes": [],
            "ipv6_address_count": 0,
            "ipv6_address_list": [],
            "ipv6_address_list_enabled": false,
            "ipv6_addresses": [],
            "ipv6_prefix_count": 0,
            "ipv6_prefixes": [],
            "mac_address": "0e:56:c1:ff:77:0d",
            "outpost_arn": "",
            "owner_id": "710137062404",
            "private_dns_name": "",
            "private_ip": "192.168.1.7",
            "private_ip_list": [
              "192.168.1.7"
            ],
            "private_ip_list_enabled": false,
            "private_ips": [
              "192.168.1.7"
            ],
            "private_ips_count": 0,
            "security_groups": [
              "sg-00a98381ca3af5622",
              "sg-0119bcd3815752a15",
              "sg-0688bcd20a2e61199",
              "sg-0ce3082419dc63a80",
              "sg-0e49331fc01c2f665"
            ],
            "source_dest_check": true,
            "subnet_id": "subnet-0293888df758f876e",
            "tags": {
              "Name": "diplom-private-network_interface-gitlab_node"
            },
            "tags_all": {
              "Name": "diplom-private-network_interface-gitlab_node"
            }
          },
          "sensitive_attributes": [],
          "private": "bnVsbA==",
          "dependencies": [
            "aws_security_group.allow_all_output",
            "aws_security_group.allow_internal_traffic",
            "aws_security_group.allow_ping",
            "aws_security_group.allow_ssh",
            "aws_security_group.allow_web",
            "aws_subnet.diplom-private-subnet-1",
            "aws_vpc.diplom-vpc"
          ]
        }
      ]
    },
    {
      "mode": "managed",
      "type": "aws_network_interface",
      "name": "diplom-private-network_interface-gitlabrunner_node",
      "provider": "provider[\"registry.terraform.io/hashicorp/aws\"]",
      "instances": [
        {
          "schema_version": 0,
          "attributes": {
            "arn": "arn:aws:ec2:us-east-1:710137062404:network-interface/eni-09c8652da3d1a8614",
            "attachment": [],
            "description": "",
            "id": "eni-09c8652da3d1a8614",
            "interface_type": "interface",
            "ipv4_prefix_count": 0,
            "ipv4_prefixes": [],
            "ipv6_address_count": 0,
            "ipv6_address_list": [],
            "ipv6_address_list_enabled": false,
            "ipv6_addresses": [],
            "ipv6_prefix_count": 0,
            "ipv6_prefixes": [],
            "mac_address": "0e:9f:50:4b:39:dd",
            "outpost_arn": "",
            "owner_id": "710137062404",
            "private_dns_name": "",
            "private_ip": "192.168.1.8",
            "private_ip_list": [
              "192.168.1.8"
            ],
            "private_ip_list_enabled": false,
            "private_ips": [
              "192.168.1.8"
            ],
            "private_ips_count": 0,
            "security_groups": [
              "sg-00a98381ca3af5622",
              "sg-0119bcd3815752a15",
              "sg-0688bcd20a2e61199",
              "sg-0ce3082419dc63a80",
              "sg-0e49331fc01c2f665"
            ],
            "source_dest_check": true,
            "subnet_id": "subnet-0293888df758f876e",
            "tags": {
              "Name": "diplom-private-network_interface-gitlabrunner_node"
            },
            "tags_all": {
              "Name": "diplom-private-network_interface-gitlabrunner_node"
            }
          },
          "sensitive_attributes": [],
          "private": "bnVsbA==",
          "dependencies": [
            "aws_security_group.allow_all_output",
            "aws_security_group.allow_internal_traffic",
            "aws_security_group.allow_ping",
            "aws_security_group.allow_ssh",
            "aws_security_group.allow_web",
            "aws_subnet.diplom-private-subnet-1",
            "aws_vpc.diplom-vpc"
          ]
        }
      ]
    },
    {
      "mode": "managed",
      "type": "aws_network_interface",
      "name": "diplom-private-network_interface-monitoring_node",
      "provider": "provider[\"registry.terraform.io/hashicorp/aws\"]",
      "instances": [
        {
          "schema_version": 0,
          "attributes": {
            "arn": "arn:aws:ec2:us-east-1:710137062404:network-interface/eni-084cd2623ca9dd294",
            "attachment": [],
            "description": "",
            "id": "eni-084cd2623ca9dd294",
            "interface_type": "interface",
            "ipv4_prefix_count": 0,
            "ipv4_prefixes": [],
            "ipv6_address_count": 0,
            "ipv6_address_list": [],
            "ipv6_address_list_enabled": false,
            "ipv6_addresses": [],
            "ipv6_prefix_count": 0,
            "ipv6_prefixes": [],
            "mac_address": "0e:27:00:3b:d9:7d",
            "outpost_arn": "",
            "owner_id": "710137062404",
            "private_dns_name": "",
            "private_ip": "192.168.1.9",
            "private_ip_list": [
              "192.168.1.9"
            ],
            "private_ip_list_enabled": false,
            "private_ips": [
              "192.168.1.9"
            ],
            "private_ips_count": 0,
            "security_groups": [
              "sg-00a98381ca3af5622",
              "sg-0119bcd3815752a15",
              "sg-0688bcd20a2e61199",
              "sg-0ce3082419dc63a80",
              "sg-0e49331fc01c2f665"
            ],
            "source_dest_check": true,
            "subnet_id": "subnet-0293888df758f876e",
            "tags": {
              "Name": "diplom-private-network_interface-monitoring_node"
            },
            "tags_all": {
              "Name": "diplom-private-network_interface-monitoring_node"
            }
          },
          "sensitive_attributes": [],
          "private": "bnVsbA==",
          "dependencies": [
            "aws_security_group.allow_all_output",
            "aws_security_group.allow_internal_traffic",
            "aws_security_group.allow_ping",
            "aws_security_group.allow_ssh",
            "aws_security_group.allow_web",
            "aws_subnet.diplom-private-subnet-1",
            "aws_vpc.diplom-vpc"
          ]
        }
      ]
    },
    {
      "mode": "managed",
      "type": "aws_network_interface",
      "name": "diplom-private-network_interface-web_node",
      "provider": "provider[\"registry.terraform.io/hashicorp/aws\"]",
      "instances": [
        {
          "schema_version": 0,
          "attributes": {
            "arn": "arn:aws:ec2:us-east-1:710137062404:network-interface/eni-0c1e8c97bf934595f",
            "attachment": [],
            "description": "",
            "id": "eni-0c1e8c97bf934595f",
            "interface_type": "interface",
            "ipv4_prefix_count": 0,
            "ipv4_prefixes": [],
            "ipv6_address_count": 0,
            "ipv6_address_list": [],
            "ipv6_address_list_enabled": false,
            "ipv6_addresses": [],
            "ipv6_prefix_count": 0,
            "ipv6_prefixes": [],
            "mac_address": "0e:bd:5e:b7:92:0b",
            "outpost_arn": "",
            "owner_id": "710137062404",
            "private_dns_name": "",
            "private_ip": "192.168.1.6",
            "private_ip_list": [
              "192.168.1.6"
            ],
            "private_ip_list_enabled": false,
            "private_ips": [
              "192.168.1.6"
            ],
            "private_ips_count": 0,
            "security_groups": [
              "sg-00a98381ca3af5622",
              "sg-0119bcd3815752a15",
              "sg-0688bcd20a2e61199",
              "sg-0ce3082419dc63a80",
              "sg-0e49331fc01c2f665"
            ],
            "source_dest_check": true,
            "subnet_id": "subnet-0293888df758f876e",
            "tags": {
              "Name": "diplom-private-network_interface-web_node"
            },
            "tags_all": {
              "Name": "diplom-private-network_interface-web_node"
            }
          },
          "sensitive_attributes": [],
          "private": "bnVsbA==",
          "dependencies": [
            "aws_security_group.allow_all_output",
            "aws_security_group.allow_internal_traffic",
            "aws_security_group.allow_ping",
            "aws_security_group.allow_ssh",
            "aws_security_group.allow_web",
            "aws_subnet.diplom-private-subnet-1",
            "aws_vpc.diplom-vpc"
          ]
        }
      ]
    },
    {
      "mode": "managed",
      "type": "aws_network_interface",
      "name": "diplom-public-network_interface-rproxy",
      "provider": "provider[\"registry.terraform.io/hashicorp/aws\"]",
      "instances": [
        {
          "schema_version": 0,
          "attributes": {
            "arn": "arn:aws:ec2:us-east-1:710137062404:network-interface/eni-01461e7b6ca456879",
            "attachment": [],
            "description": "",
            "id": "eni-01461e7b6ca456879",
            "interface_type": "interface",
            "ipv4_prefix_count": 0,
            "ipv4_prefixes": [],
            "ipv6_address_count": 0,
            "ipv6_address_list": [],
            "ipv6_address_list_enabled": false,
            "ipv6_addresses": [],
            "ipv6_prefix_count": 0,
            "ipv6_prefixes": [],
            "mac_address": "0e:f0:4a:ce:eb:f5",
            "outpost_arn": "",
            "owner_id": "710137062404",
            "private_dns_name": "",
            "private_ip": "192.168.0.4",
            "private_ip_list": [
              "192.168.0.4"
            ],
            "private_ip_list_enabled": false,
            "private_ips": [
              "192.168.0.4"
            ],
            "private_ips_count": 0,
            "security_groups": [
              "sg-00a98381ca3af5622",
              "sg-0119bcd3815752a15",
              "sg-0688bcd20a2e61199",
              "sg-0ce3082419dc63a80",
              "sg-0e49331fc01c2f665"
            ],
            "source_dest_check": true,
            "subnet_id": "subnet-0bad824644ae31fa2",
            "tags": {
              "Name": "diplom-public-network_interface-rproxy"
            },
            "tags_all": {
              "Name": "diplom-public-network_interface-rproxy"
            }
          },
          "sensitive_attributes": [],
          "private": "bnVsbA==",
          "dependencies": [
            "aws_security_group.allow_all_output",
            "aws_security_group.allow_internal_traffic",
            "aws_security_group.allow_ping",
            "aws_security_group.allow_ssh",
            "aws_security_group.allow_web",
            "aws_subnet.diplom-public-subnet",
            "aws_vpc.diplom-vpc"
          ]
        }
      ]
    },
    {
      "mode": "managed",
      "type": "aws_route_table",
      "name": "diplom-route-table-private-via-nat",
      "provider": "provider[\"registry.terraform.io/hashicorp/aws\"]",
      "instances": [
        {
          "schema_version": 0,
          "attributes": {
            "arn": "arn:aws:ec2:us-east-1:710137062404:route-table/rtb-05e7c55cabc4bed6e",
            "id": "rtb-05e7c55cabc4bed6e",
            "owner_id": "710137062404",
            "propagating_vgws": [],
            "route": [
              {
                "carrier_gateway_id": "",
                "cidr_block": "0.0.0.0/0",
                "destination_prefix_list_id": "",
                "egress_only_gateway_id": "",
                "gateway_id": "nat-0b3284a87d393278a",
                "instance_id": "",
                "ipv6_cidr_block": "",
                "local_gateway_id": "",
                "nat_gateway_id": "",
                "network_interface_id": "",
                "transit_gateway_id": "",
                "vpc_endpoint_id": "",
                "vpc_peering_connection_id": ""
              }
            ],
            "tags": {
              "Name": "diplom-route-table-private-via-nat"
            },
            "tags_all": {
              "Name": "diplom-route-table-private-via-nat"
            },
            "timeouts": null,
            "vpc_id": "vpc-09d272d89dc44b549"
          },
          "sensitive_attributes": [],
          "private": "eyJlMmJmYjczMC1lY2FhLTExZTYtOGY4OC0zNDM2M2JjN2M0YzAiOnsiY3JlYXRlIjozMDAwMDAwMDAwMDAsImRlbGV0ZSI6MzAwMDAwMDAwMDAwLCJ1cGRhdGUiOjEyMDAwMDAwMDAwMH19",
          "dependencies": [
            "aws_eip.diplom-elastic-ip_for_nat-gw",
            "aws_internet_gateway.diplom-igw",
            "aws_nat_gateway.diplom-nat-gw",
            "aws_subnet.diplom-public-subnet",
            "aws_vpc.diplom-vpc"
          ]
        }
      ]
    },
    {
      "mode": "managed",
      "type": "aws_route_table_association",
      "name": "diplom-private1-to-NAT-route_table-assoc",
      "provider": "provider[\"registry.terraform.io/hashicorp/aws\"]",
      "instances": [
        {
          "schema_version": 0,
          "attributes": {
            "gateway_id": "",
            "id": "rtbassoc-0cd237070c3a166f3",
            "route_table_id": "rtb-05e7c55cabc4bed6e",
            "subnet_id": "subnet-0293888df758f876e"
          },
          "sensitive_attributes": [],
          "private": "bnVsbA==",
          "dependencies": [
            "aws_eip.diplom-elastic-ip_for_nat-gw",
            "aws_internet_gateway.diplom-igw",
            "aws_nat_gateway.diplom-nat-gw",
            "aws_route_table.diplom-route-table-private-via-nat",
            "aws_subnet.diplom-private-subnet-1",
            "aws_subnet.diplom-public-subnet",
            "aws_vpc.diplom-vpc"
          ]
        }
      ]
    },
    {
      "mode": "managed",
      "type": "aws_security_group",
      "name": "allow_all_output",
      "provider": "provider[\"registry.terraform.io/hashicorp/aws\"]",
      "instances": [
        {
          "schema_version": 1,
          "attributes": {
            "arn": "arn:aws:ec2:us-east-1:710137062404:security-group/sg-00a98381ca3af5622",
            "description": "Allow All Output traffic",
            "egress": [
              {
                "cidr_blocks": [
                  "0.0.0.0/0"
                ],
                "description": "",
                "from_port": 0,
                "ipv6_cidr_blocks": [],
                "prefix_list_ids": [],
                "protocol": "-1",
                "security_groups": [],
                "self": false,
                "to_port": 0
              }
            ],
            "id": "sg-00a98381ca3af5622",
            "ingress": [],
            "name": "allow_output",
            "name_prefix": "",
            "owner_id": "710137062404",
            "revoke_rules_on_delete": false,
            "tags": {
              "Name": "diplom_allow_all_output"
            },
            "tags_all": {
              "Name": "diplom_allow_all_output"
            },
            "timeouts": null,
            "vpc_id": "vpc-09d272d89dc44b549"
          },
          "sensitive_attributes": [],
          "private": "eyJlMmJmYjczMC1lY2FhLTExZTYtOGY4OC0zNDM2M2JjN2M0YzAiOnsiY3JlYXRlIjo2MDAwMDAwMDAwMDAsImRlbGV0ZSI6OTAwMDAwMDAwMDAwfSwic2NoZW1hX3ZlcnNpb24iOiIxIn0=",
          "dependencies": [
            "aws_vpc.diplom-vpc"
          ]
        }
      ]
    },
    {
      "mode": "managed",
      "type": "aws_security_group",
      "name": "allow_internal_traffic",
      "provider": "provider[\"registry.terraform.io/hashicorp/aws\"]",
      "instances": [
        {
          "schema_version": 1,
          "attributes": {
            "arn": "arn:aws:ec2:us-east-1:710137062404:security-group/sg-0688bcd20a2e61199",
            "description": "Allow internal_traffic",
            "egress": [
              {
                "cidr_blocks": [
                  "192.168.0.0/16"
                ],
                "description": "",
                "from_port": 0,
                "ipv6_cidr_blocks": [],
                "prefix_list_ids": [],
                "protocol": "-1",
                "security_groups": [],
                "self": false,
                "to_port": 0
              }
            ],
            "id": "sg-0688bcd20a2e61199",
            "ingress": [
              {
                "cidr_blocks": [
                  "192.168.0.0/16"
                ],
                "description": "",
                "from_port": 0,
                "ipv6_cidr_blocks": [],
                "prefix_list_ids": [],
                "protocol": "-1",
                "security_groups": [],
                "self": false,
                "to_port": 0
              }
            ],
            "name": "allow_internal_traffic",
            "name_prefix": "",
            "owner_id": "710137062404",
            "revoke_rules_on_delete": false,
            "tags": {
              "Name": "diplom_allow_internal_traffic"
            },
            "tags_all": {
              "Name": "diplom_allow_internal_traffic"
            },
            "timeouts": null,
            "vpc_id": "vpc-09d272d89dc44b549"
          },
          "sensitive_attributes": [],
          "private": "eyJlMmJmYjczMC1lY2FhLTExZTYtOGY4OC0zNDM2M2JjN2M0YzAiOnsiY3JlYXRlIjo2MDAwMDAwMDAwMDAsImRlbGV0ZSI6OTAwMDAwMDAwMDAwfSwic2NoZW1hX3ZlcnNpb24iOiIxIn0=",
          "dependencies": [
            "aws_vpc.diplom-vpc"
          ]
        }
      ]
    },
    {
      "mode": "managed",
      "type": "aws_security_group",
      "name": "allow_ping",
      "provider": "provider[\"registry.terraform.io/hashicorp/aws\"]",
      "instances": [
        {
          "schema_version": 1,
          "attributes": {
            "arn": "arn:aws:ec2:us-east-1:710137062404:security-group/sg-0119bcd3815752a15",
            "description": "Allow ping",
            "egress": [
              {
                "cidr_blocks": [
                  "0.0.0.0/0"
                ],
                "description": "",
                "from_port": -1,
                "ipv6_cidr_blocks": [],
                "prefix_list_ids": [],
                "protocol": "icmp",
                "security_groups": [],
                "self": false,
                "to_port": -1
              }
            ],
            "id": "sg-0119bcd3815752a15",
            "ingress": [
              {
                "cidr_blocks": [
                  "0.0.0.0/0"
                ],
                "description": "",
                "from_port": -1,
                "ipv6_cidr_blocks": [],
                "prefix_list_ids": [],
                "protocol": "icmp",
                "security_groups": [],
                "self": false,
                "to_port": -1
              }
            ],
            "name": "allow_ping",
            "name_prefix": "",
            "owner_id": "710137062404",
            "revoke_rules_on_delete": false,
            "tags": {
              "Name": "diplom_allow_ping"
            },
            "tags_all": {
              "Name": "diplom_allow_ping"
            },
            "timeouts": null,
            "vpc_id": "vpc-09d272d89dc44b549"
          },
          "sensitive_attributes": [],
          "private": "eyJlMmJmYjczMC1lY2FhLTExZTYtOGY4OC0zNDM2M2JjN2M0YzAiOnsiY3JlYXRlIjo2MDAwMDAwMDAwMDAsImRlbGV0ZSI6OTAwMDAwMDAwMDAwfSwic2NoZW1hX3ZlcnNpb24iOiIxIn0=",
          "dependencies": [
            "aws_vpc.diplom-vpc"
          ]
        }
      ]
    },
    {
      "mode": "managed",
      "type": "aws_security_group",
      "name": "allow_ssh",
      "provider": "provider[\"registry.terraform.io/hashicorp/aws\"]",
      "instances": [
        {
          "schema_version": 1,
          "attributes": {
            "arn": "arn:aws:ec2:us-east-1:710137062404:security-group/sg-0e49331fc01c2f665",
            "description": "Allow ssh inbound traffic",
            "egress": [],
            "id": "sg-0e49331fc01c2f665",
            "ingress": [
              {
                "cidr_blocks": [
                  "0.0.0.0/0"
                ],
                "description": "SSH to VMs",
                "from_port": 22,
                "ipv6_cidr_blocks": [],
                "prefix_list_ids": [],
                "protocol": "tcp",
                "security_groups": [],
                "self": false,
                "to_port": 22
              }
            ],
            "name": "allow_ssh",
            "name_prefix": "",
            "owner_id": "710137062404",
            "revoke_rules_on_delete": false,
            "tags": {
              "Name": "diplom_allow_ssh"
            },
            "tags_all": {
              "Name": "diplom_allow_ssh"
            },
            "timeouts": null,
            "vpc_id": "vpc-09d272d89dc44b549"
          },
          "sensitive_attributes": [],
          "private": "eyJlMmJmYjczMC1lY2FhLTExZTYtOGY4OC0zNDM2M2JjN2M0YzAiOnsiY3JlYXRlIjo2MDAwMDAwMDAwMDAsImRlbGV0ZSI6OTAwMDAwMDAwMDAwfSwic2NoZW1hX3ZlcnNpb24iOiIxIn0=",
          "dependencies": [
            "aws_vpc.diplom-vpc"
          ]
        }
      ]
    },
    {
      "mode": "managed",
      "type": "aws_security_group",
      "name": "allow_web",
      "provider": "provider[\"registry.terraform.io/hashicorp/aws\"]",
      "instances": [
        {
          "schema_version": 1,
          "attributes": {
            "arn": "arn:aws:ec2:us-east-1:710137062404:security-group/sg-0ce3082419dc63a80",
            "description": "Allow web inbound traffic",
            "egress": [],
            "id": "sg-0ce3082419dc63a80",
            "ingress": [
              {
                "cidr_blocks": [
                  "0.0.0.0/0"
                ],
                "description": "http to VMs",
                "from_port": 80,
                "ipv6_cidr_blocks": [],
                "prefix_list_ids": [],
                "protocol": "tcp",
                "security_groups": [],
                "self": false,
                "to_port": 80
              },
              {
                "cidr_blocks": [
                  "0.0.0.0/0"
                ],
                "description": "https to VMs",
                "from_port": 443,
                "ipv6_cidr_blocks": [],
                "prefix_list_ids": [],
                "protocol": "tcp",
                "security_groups": [],
                "self": false,
                "to_port": 443
              }
            ],
            "name": "allow_web",
            "name_prefix": "",
            "owner_id": "710137062404",
            "revoke_rules_on_delete": false,
            "tags": {
              "Name": "diplom_allow_web"
            },
            "tags_all": {
              "Name": "diplom_allow_web"
            },
            "timeouts": null,
            "vpc_id": "vpc-09d272d89dc44b549"
          },
          "sensitive_attributes": [],
          "private": "eyJlMmJmYjczMC1lY2FhLTExZTYtOGY4OC0zNDM2M2JjN2M0YzAiOnsiY3JlYXRlIjo2MDAwMDAwMDAwMDAsImRlbGV0ZSI6OTAwMDAwMDAwMDAwfSwic2NoZW1hX3ZlcnNpb24iOiIxIn0=",
          "dependencies": [
            "aws_vpc.diplom-vpc"
          ]
        }
      ]
    },
    {
      "mode": "managed",
      "type": "aws_subnet",
      "name": "diplom-private-subnet-1",
      "provider": "provider[\"registry.terraform.io/hashicorp/aws\"]",
      "instances": [
        {
          "schema_version": 1,
          "attributes": {
            "arn": "arn:aws:ec2:us-east-1:710137062404:subnet/subnet-0293888df758f876e",
            "assign_ipv6_address_on_creation": false,
            "availability_zone": "us-east-1a",
            "availability_zone_id": "use1-az6",
            "cidr_block": "192.168.1.0/24",
            "customer_owned_ipv4_pool": "",
            "enable_dns64": false,
            "enable_resource_name_dns_a_record_on_launch": false,
            "enable_resource_name_dns_aaaa_record_on_launch": false,
            "id": "subnet-0293888df758f876e",
            "ipv6_cidr_block": "",
            "ipv6_cidr_block_association_id": "",
            "ipv6_native": false,
            "map_customer_owned_ip_on_launch": false,
            "map_public_ip_on_launch": false,
            "outpost_arn": "",
            "owner_id": "710137062404",
            "private_dns_hostname_type_on_launch": "ip-name",
            "tags": {
              "Name": "diplom-private-Subnet-1"
            },
            "tags_all": {
              "Name": "diplom-private-Subnet-1"
            },
            "timeouts": null,
            "vpc_id": "vpc-09d272d89dc44b549"
          },
          "sensitive_attributes": [],
          "private": "eyJlMmJmYjczMC1lY2FhLTExZTYtOGY4OC0zNDM2M2JjN2M0YzAiOnsiY3JlYXRlIjo2MDAwMDAwMDAwMDAsImRlbGV0ZSI6MTIwMDAwMDAwMDAwMH0sInNjaGVtYV92ZXJzaW9uIjoiMSJ9",
          "dependencies": [
            "aws_vpc.diplom-vpc"
          ]
        }
      ]
    },
    {
      "mode": "managed",
      "type": "aws_subnet",
      "name": "diplom-private-subnet-2",
      "provider": "provider[\"registry.terraform.io/hashicorp/aws\"]",
      "instances": [
        {
          "schema_version": 1,
          "attributes": {
            "arn": "arn:aws:ec2:us-east-1:710137062404:subnet/subnet-08c7549fa58c2f2be",
            "assign_ipv6_address_on_creation": false,
            "availability_zone": "us-east-1b",
            "availability_zone_id": "use1-az1",
            "cidr_block": "192.168.2.0/24",
            "customer_owned_ipv4_pool": "",
            "enable_dns64": false,
            "enable_resource_name_dns_a_record_on_launch": false,
            "enable_resource_name_dns_aaaa_record_on_launch": false,
            "id": "subnet-08c7549fa58c2f2be",
            "ipv6_cidr_block": "",
            "ipv6_cidr_block_association_id": "",
            "ipv6_native": false,
            "map_customer_owned_ip_on_launch": false,
            "map_public_ip_on_launch": false,
            "outpost_arn": "",
            "owner_id": "710137062404",
            "private_dns_hostname_type_on_launch": "ip-name",
            "tags": {
              "Name": "diplom-private-Subnet-2"
            },
            "tags_all": {
              "Name": "diplom-private-Subnet-2"
            },
            "timeouts": null,
            "vpc_id": "vpc-09d272d89dc44b549"
          },
          "sensitive_attributes": [],
          "private": "eyJlMmJmYjczMC1lY2FhLTExZTYtOGY4OC0zNDM2M2JjN2M0YzAiOnsiY3JlYXRlIjo2MDAwMDAwMDAwMDAsImRlbGV0ZSI6MTIwMDAwMDAwMDAwMH0sInNjaGVtYV92ZXJzaW9uIjoiMSJ9",
          "dependencies": [
            "aws_vpc.diplom-vpc"
          ]
        }
      ]
    },
    {
      "mode": "managed",
      "type": "aws_subnet",
      "name": "diplom-public-subnet",
      "provider": "provider[\"registry.terraform.io/hashicorp/aws\"]",
      "instances": [
        {
          "schema_version": 1,
          "attributes": {
            "arn": "arn:aws:ec2:us-east-1:710137062404:subnet/subnet-0bad824644ae31fa2",
            "assign_ipv6_address_on_creation": false,
            "availability_zone": "us-east-1a",
            "availability_zone_id": "use1-az6",
            "cidr_block": "192.168.0.0/24",
            "customer_owned_ipv4_pool": "",
            "enable_dns64": false,
            "enable_resource_name_dns_a_record_on_launch": false,
            "enable_resource_name_dns_aaaa_record_on_launch": false,
            "id": "subnet-0bad824644ae31fa2",
            "ipv6_cidr_block": "",
            "ipv6_cidr_block_association_id": "",
            "ipv6_native": false,
            "map_customer_owned_ip_on_launch": false,
            "map_public_ip_on_launch": true,
            "outpost_arn": "",
            "owner_id": "710137062404",
            "private_dns_hostname_type_on_launch": "ip-name",
            "tags": {
              "Name": "diplom-public-Subnet"
            },
            "tags_all": {
              "Name": "diplom-public-Subnet"
            },
            "timeouts": null,
            "vpc_id": "vpc-09d272d89dc44b549"
          },
          "sensitive_attributes": [],
          "private": "eyJlMmJmYjczMC1lY2FhLTExZTYtOGY4OC0zNDM2M2JjN2M0YzAiOnsiY3JlYXRlIjo2MDAwMDAwMDAwMDAsImRlbGV0ZSI6MTIwMDAwMDAwMDAwMH0sInNjaGVtYV92ZXJzaW9uIjoiMSJ9",
          "dependencies": [
            "aws_vpc.diplom-vpc"
          ]
        }
      ]
    },
    {
      "mode": "managed",
      "type": "aws_vpc",
      "name": "diplom-vpc",
      "provider": "provider[\"registry.terraform.io/hashicorp/aws\"]",
      "instances": [
        {
          "schema_version": 1,
          "attributes": {
            "arn": "arn:aws:ec2:us-east-1:710137062404:vpc/vpc-09d272d89dc44b549",
            "assign_generated_ipv6_cidr_block": false,
            "cidr_block": "192.168.0.0/16",
            "default_network_acl_id": "acl-0f854e0def6fdaf92",
            "default_route_table_id": "rtb-0f373f8330a8a69f0",
            "default_security_group_id": "sg-0b13c6721f7f7cb1b",
            "dhcp_options_id": "dopt-0fb9af6d",
            "enable_classiclink": false,
            "enable_classiclink_dns_support": false,
            "enable_dns_hostnames": false,
            "enable_dns_support": true,
            "id": "vpc-09d272d89dc44b549",
            "instance_tenancy": "default",
            "ipv4_ipam_pool_id": null,
            "ipv4_netmask_length": null,
            "ipv6_association_id": "",
            "ipv6_cidr_block": "",
            "ipv6_cidr_block_network_border_group": "",
            "ipv6_ipam_pool_id": "",
            "ipv6_netmask_length": 0,
            "main_route_table_id": "rtb-0f373f8330a8a69f0",
            "owner_id": "710137062404",
            "tags": {
              "Name": "diplom-vpc"
            },
            "tags_all": {
              "Name": "diplom-vpc"
            }
          },
          "sensitive_attributes": [],
          "private": "eyJzY2hlbWFfdmVyc2lvbiI6IjEifQ=="
        }
      ]
    },
    {
      "mode": "managed",
      "type": "cloudflare_record",
      "name": "diplom_domain-l2-record",
      "provider": "provider[\"registry.terraform.io/cloudflare/cloudflare\"]",
      "instances": [
        {
          "schema_version": 2,
          "attributes": {
            "allow_overwrite": true,
            "created_on": "2022-10-20T12:09:00.492927Z",
            "data": [],
            "hostname": "citytours.ge",
            "id": "5c01fbee7bca0d134e61b3a874a92a0a",
            "metadata": {
              "auto_added": "false",
              "managed_by_apps": "false",
              "managed_by_argo_tunnel": "false",
              "source": "primary"
            },
            "modified_on": "2022-10-20T12:09:00.492927Z",
            "name": "@",
            "priority": null,
            "proxiable": true,
            "proxied": false,
            "timeouts": null,
            "ttl": 60,
            "type": "A",
            "value": "52.72.39.179",
            "zone_id": "8b593594cfe4ab6f759b50457ca69118"
          },
          "sensitive_attributes": [],
          "private": "eyJlMmJmYjczMC1lY2FhLTExZTYtOGY4OC0zNDM2M2JjN2M0YzAiOnsiY3JlYXRlIjozMDAwMDAwMDAwMCwidXBkYXRlIjozMDAwMDAwMDAwMH0sInNjaGVtYV92ZXJzaW9uIjoiMiJ9",
          "dependencies": [
            "aws_eip.diplom-elastic-ip-rproxy",
            "aws_instance.diplom-vm-rproxy",
            "aws_internet_gateway.diplom-igw",
            "aws_key_pair.kp",
            "aws_network_interface.diplom-public-network_interface-rproxy",
            "aws_security_group.allow_all_output",
            "aws_security_group.allow_internal_traffic",
            "aws_security_group.allow_ping",
            "aws_security_group.allow_ssh",
            "aws_security_group.allow_web",
            "aws_subnet.diplom-public-subnet",
            "aws_vpc.diplom-vpc",
            "data.aws_ami.ubuntu",
            "data.cloudflare_zone.domain-zone",
            "null_resource.wait",
            "tls_private_key.pk"
          ]
        }
      ]
    },
    {
      "mode": "managed",
      "type": "cloudflare_record",
      "name": "diplom_domain-l3-record-alertmanager",
      "provider": "provider[\"registry.terraform.io/cloudflare/cloudflare\"]",
      "instances": [
        {
          "schema_version": 2,
          "attributes": {
            "allow_overwrite": false,
            "created_on": "2022-10-20T12:07:09.805556Z",
            "data": [],
            "hostname": "alertmanager1.citytours.ge",
            "id": "213dedfab24b9d6e828e115ae8976f79",
            "metadata": {
              "auto_added": "false",
              "managed_by_apps": "false",
              "managed_by_argo_tunnel": "false",
              "source": "primary"
            },
            "modified_on": "2022-10-20T12:07:09.805556Z",
            "name": "alertmanager1",
            "priority": null,
            "proxiable": true,
            "proxied": false,
            "timeouts": null,
            "ttl": 60,
            "type": "CNAME",
            "value": "citytours.ge",
            "zone_id": "8b593594cfe4ab6f759b50457ca69118"
          },
          "sensitive_attributes": [],
          "private": "eyJlMmJmYjczMC1lY2FhLTExZTYtOGY4OC0zNDM2M2JjN2M0YzAiOnsiY3JlYXRlIjozMDAwMDAwMDAwMCwidXBkYXRlIjozMDAwMDAwMDAwMH0sInNjaGVtYV92ZXJzaW9uIjoiMiJ9",
          "dependencies": [
            "data.cloudflare_zone.domain-zone"
          ]
        }
      ]
    },
    {
      "mode": "managed",
      "type": "cloudflare_record",
      "name": "diplom_domain-l3-record-gitlab",
      "provider": "provider[\"registry.terraform.io/cloudflare/cloudflare\"]",
      "instances": [
        {
          "schema_version": 2,
          "attributes": {
            "allow_overwrite": false,
            "created_on": "2022-10-20T12:07:09.98455Z",
            "data": [],
            "hostname": "gitlab1.citytours.ge",
            "id": "c826992b8d3630387e8d6cc32acca53c",
            "metadata": {
              "auto_added": "false",
              "managed_by_apps": "false",
              "managed_by_argo_tunnel": "false",
              "source": "primary"
            },
            "modified_on": "2022-10-20T12:07:09.98455Z",
            "name": "gitlab1",
            "priority": null,
            "proxiable": true,
            "proxied": false,
            "timeouts": null,
            "ttl": 60,
            "type": "CNAME",
            "value": "citytours.ge",
            "zone_id": "8b593594cfe4ab6f759b50457ca69118"
          },
          "sensitive_attributes": [],
          "private": "eyJlMmJmYjczMC1lY2FhLTExZTYtOGY4OC0zNDM2M2JjN2M0YzAiOnsiY3JlYXRlIjozMDAwMDAwMDAwMCwidXBkYXRlIjozMDAwMDAwMDAwMH0sInNjaGVtYV92ZXJzaW9uIjoiMiJ9",
          "dependencies": [
            "data.cloudflare_zone.domain-zone"
          ]
        }
      ]
    },
    {
      "mode": "managed",
      "type": "cloudflare_record",
      "name": "diplom_domain-l3-record-grafana",
      "provider": "provider[\"registry.terraform.io/cloudflare/cloudflare\"]",
      "instances": [
        {
          "schema_version": 2,
          "attributes": {
            "allow_overwrite": false,
            "created_on": "2022-10-20T12:07:09.782153Z",
            "data": [],
            "hostname": "grafana1.citytours.ge",
            "id": "94cc8f934c153fc8b2b9bdebfc5a8f9f",
            "metadata": {
              "auto_added": "false",
              "managed_by_apps": "false",
              "managed_by_argo_tunnel": "false",
              "source": "primary"
            },
            "modified_on": "2022-10-20T12:07:09.782153Z",
            "name": "grafana1",
            "priority": null,
            "proxiable": true,
            "proxied": false,
            "timeouts": null,
            "ttl": 60,
            "type": "CNAME",
            "value": "citytours.ge",
            "zone_id": "8b593594cfe4ab6f759b50457ca69118"
          },
          "sensitive_attributes": [],
          "private": "eyJlMmJmYjczMC1lY2FhLTExZTYtOGY4OC0zNDM2M2JjN2M0YzAiOnsiY3JlYXRlIjozMDAwMDAwMDAwMCwidXBkYXRlIjozMDAwMDAwMDAwMH0sInNjaGVtYV92ZXJzaW9uIjoiMiJ9",
          "dependencies": [
            "data.cloudflare_zone.domain-zone"
          ]
        }
      ]
    },
    {
      "mode": "managed",
      "type": "cloudflare_record",
      "name": "diplom_domain-l3-record-prometheus",
      "provider": "provider[\"registry.terraform.io/cloudflare/cloudflare\"]",
      "instances": [
        {
          "schema_version": 2,
          "attributes": {
            "allow_overwrite": false,
            "created_on": "2022-10-20T12:07:10.434317Z",
            "data": [],
            "hostname": "prometheus1.citytours.ge",
            "id": "ffbaa04e5ccb01b5aa83301e93cc2c23",
            "metadata": {
              "auto_added": "false",
              "managed_by_apps": "false",
              "managed_by_argo_tunnel": "false",
              "source": "primary"
            },
            "modified_on": "2022-10-20T12:07:10.434317Z",
            "name": "prometheus1",
            "priority": null,
            "proxiable": true,
            "proxied": false,
            "timeouts": null,
            "ttl": 60,
            "type": "CNAME",
            "value": "citytours.ge",
            "zone_id": "8b593594cfe4ab6f759b50457ca69118"
          },
          "sensitive_attributes": [],
          "private": "eyJlMmJmYjczMC1lY2FhLTExZTYtOGY4OC0zNDM2M2JjN2M0YzAiOnsiY3JlYXRlIjozMDAwMDAwMDAwMCwidXBkYXRlIjozMDAwMDAwMDAwMH0sInNjaGVtYV92ZXJzaW9uIjoiMiJ9",
          "dependencies": [
            "data.cloudflare_zone.domain-zone"
          ]
        }
      ]
    },
    {
      "mode": "managed",
      "type": "cloudflare_record",
      "name": "diplom_domain-l3-record-www",
      "provider": "provider[\"registry.terraform.io/cloudflare/cloudflare\"]",
      "instances": [
        {
          "schema_version": 2,
          "attributes": {
            "allow_overwrite": false,
            "created_on": "2022-10-20T12:07:09.629225Z",
            "data": [],
            "hostname": "www1.citytours.ge",
            "id": "75ab3fa026409eb108e9c49fee2288a1",
            "metadata": {
              "auto_added": "false",
              "managed_by_apps": "false",
              "managed_by_argo_tunnel": "false",
              "source": "primary"
            },
            "modified_on": "2022-10-20T12:07:09.629225Z",
            "name": "www1",
            "priority": null,
            "proxiable": true,
            "proxied": false,
            "timeouts": null,
            "ttl": 60,
            "type": "CNAME",
            "value": "citytours.ge",
            "zone_id": "8b593594cfe4ab6f759b50457ca69118"
          },
          "sensitive_attributes": [],
          "private": "eyJlMmJmYjczMC1lY2FhLTExZTYtOGY4OC0zNDM2M2JjN2M0YzAiOnsiY3JlYXRlIjozMDAwMDAwMDAwMCwidXBkYXRlIjozMDAwMDAwMDAwMH0sInNjaGVtYV92ZXJzaW9uIjoiMiJ9",
          "dependencies": [
            "data.cloudflare_zone.domain-zone"
          ]
        }
      ]
    },
    {
      "mode": "managed",
      "type": "local_file",
      "name": "hosts",
      "provider": "provider[\"registry.terraform.io/hashicorp/local\"]",
      "instances": [
        {
          "schema_version": 0,
          "attributes": {
            "content": "# this hosts creates in Terraform and was installed via Ansible.\n127.0.0.1 localhost\n#192.168.1.6 app.citytours.ge\n192.168.1.6 app.citytours.ge\n192.168.0.4 citytours.ge\n192.168.1.7 gitlab.citytours.ge\n192.168.1.8 runner.citytours.ge\n\n192.168.1.4 db01.citytours.ge\n\n192.168.1.5 db02.citytours.ge\n\n192.168.1.9 monitoring.citytours.ge\n\n",
            "content_base64": null,
            "directory_permission": "0777",
            "file_permission": "0777",
            "filename": "../ansible/commonfiles/hosts",
            "id": "5d7142c446c8f8c9b18a0ac9439aed1f00972d4f",
            "sensitive_content": null,
            "source": null
          },
          "sensitive_attributes": [],
          "private": "bnVsbA==",
          "dependencies": [
            "aws_eip.diplom-elastic-ip-rproxy",
            "aws_instance.diplom-vm-db_node",
            "aws_instance.diplom-vm-gitlab_node",
            "aws_instance.diplom-vm-gitlabrunner_node",
            "aws_instance.diplom-vm-monitoring_node",
            "aws_instance.diplom-vm-rproxy",
            "aws_instance.diplom-vm-web_node",
            "aws_internet_gateway.diplom-igw",
            "aws_key_pair.kp",
            "aws_network_interface.diplom-private-network_interface-db_node",
            "aws_network_interface.diplom-private-network_interface-gitlab_node",
            "aws_network_interface.diplom-private-network_interface-gitlabrunner_node",
            "aws_network_interface.diplom-private-network_interface-monitoring_node",
            "aws_network_interface.diplom-private-network_interface-web_node",
            "aws_network_interface.diplom-public-network_interface-rproxy",
            "aws_security_group.allow_all_output",
            "aws_security_group.allow_internal_traffic",
            "aws_security_group.allow_ping",
            "aws_security_group.allow_ssh",
            "aws_security_group.allow_web",
            "aws_subnet.diplom-private-subnet-1",
            "aws_subnet.diplom-public-subnet",
            "aws_vpc.diplom-vpc",
            "data.aws_ami.ubuntu",
            "null_resource.wait",
            "tls_private_key.pk"
          ]
        }
      ]
    },
    {
      "mode": "managed",
      "type": "local_file",
      "name": "inventory_full1",
      "provider": "provider[\"registry.terraform.io/hashicorp/local\"]",
      "instances": [
        {
          "schema_version": 0,
          "attributes": {
            "content": "# Ansible inventory containing variable values from Terraform.\n# Generated by Terraform.\n[nodes:children]\ndb_nodes\ngitlab_nodes\ngitlabrunner_nodes\nmonitoring_nodes\nrproxys\nweb_nodes\n\n[db_nodes]\n\ndb01 ansible_host=192.168.1.4 ansible_ssh_private_key_file=~/.ssh/alexander-key-to-aws.pem ansible_ssh_common_args='-o StrictHostKeyChecking=no -o ProxyCommand=\"ssh -W %h:%p -q ubuntu@52.72.39.179 -i ~/.ssh/alexander-key-to-aws.pem -oStrictHostKeyChecking=accept-new\"'\n\ndb02 ansible_host=192.168.1.5 ansible_ssh_private_key_file=~/.ssh/alexander-key-to-aws.pem ansible_ssh_common_args='-o StrictHostKeyChecking=no -o ProxyCommand=\"ssh -W %h:%p -q ubuntu@52.72.39.179 -i ~/.ssh/alexander-key-to-aws.pem -oStrictHostKeyChecking=accept-new\"'\n\n\n[gitlab_nodes]\ngitlab_node ansible_host=192.168.1.7 ansible_ssh_private_key_file=~/.ssh/alexander-key-to-aws.pem ansible_ssh_common_args='-o StrictHostKeyChecking=no -o ProxyCommand=\"ssh -W %h:%p -q ubuntu@52.72.39.179 -i ~/.ssh/alexander-key-to-aws.pem -oStrictHostKeyChecking=accept-new\"'\n\n[gitlabrunner_nodes]\ngitlabrunner_node ansible_host=192.168.1.8 ansible_ssh_private_key_file=~/.ssh/alexander-key-to-aws.pem ansible_ssh_common_args='-o StrictHostKeyChecking=no -o ProxyCommand=\"ssh -W %h:%p -q ubuntu@52.72.39.179 -i ~/.ssh/alexander-key-to-aws.pem -oStrictHostKeyChecking=accept-new\"'\n\n[monitoring_nodes]\nmonitoring_node ansible_host=192.168.1.9 ansible_ssh_private_key_file=~/.ssh/alexander-key-to-aws.pem ansible_ssh_common_args='-o StrictHostKeyChecking=no -o ProxyCommand=\"ssh -W %h:%p -q ubuntu@52.72.39.179 -i ~/.ssh/alexander-key-to-aws.pem -oStrictHostKeyChecking=accept-new\"'\n\n[rproxys]\nrproxy ansible_host=52.72.39.179 ansible_ssh_private_key_file=~/.ssh/alexander-key-to-aws.pem ansible_ssh_common_args='-o StrictHostKeyChecking=no'\n\n[web_nodes]\nweb_node ansible_host=192.168.1.6 ansible_ssh_private_key_file=~/.ssh/alexander-key-to-aws.pem ansible_ssh_common_args='-o StrictHostKeyChecking=no -o ProxyCommand=\"ssh -W %h:%p -q ubuntu@52.72.39.179 -i ~/.ssh/alexander-key-to-aws.pem -oStrictHostKeyChecking=accept-new\"'\n\n",
            "content_base64": null,
            "directory_permission": "0777",
            "file_permission": "0777",
            "filename": "../ansible/inventory/inventory_full",
            "id": "7c335f040b6bbb2fc1eb3c9dc4abf97e542bef61",
            "sensitive_content": null,
            "source": null
          },
          "sensitive_attributes": [],
          "private": "bnVsbA==",
          "dependencies": [
            "aws_eip.diplom-elastic-ip-rproxy",
            "aws_instance.diplom-vm-db_node",
            "aws_instance.diplom-vm-gitlab_node",
            "aws_instance.diplom-vm-gitlabrunner_node",
            "aws_instance.diplom-vm-monitoring_node",
            "aws_instance.diplom-vm-rproxy",
            "aws_instance.diplom-vm-web_node",
            "aws_internet_gateway.diplom-igw",
            "aws_key_pair.kp",
            "aws_network_interface.diplom-private-network_interface-db_node",
            "aws_network_interface.diplom-private-network_interface-gitlab_node",
            "aws_network_interface.diplom-private-network_interface-gitlabrunner_node",
            "aws_network_interface.diplom-private-network_interface-monitoring_node",
            "aws_network_interface.diplom-private-network_interface-web_node",
            "aws_network_interface.diplom-public-network_interface-rproxy",
            "aws_security_group.allow_all_output",
            "aws_security_group.allow_internal_traffic",
            "aws_security_group.allow_ping",
            "aws_security_group.allow_ssh",
            "aws_security_group.allow_web",
            "aws_subnet.diplom-private-subnet-1",
            "aws_subnet.diplom-public-subnet",
            "aws_vpc.diplom-vpc",
            "data.aws_ami.ubuntu",
            "null_resource.wait",
            "tls_private_key.pk"
          ]
        }
      ]
    },
    {
      "mode": "managed",
      "type": "null_resource",
      "name": "wait",
      "provider": "provider[\"registry.terraform.io/hashicorp/null\"]",
      "instances": [
        {
          "schema_version": 0,
          "attributes": {
            "id": "5915867972678946549",
            "triggers": null
          },
          "sensitive_attributes": [],
          "private": "bnVsbA=="
        }
      ]
    },
    {
      "mode": "managed",
      "type": "tls_private_key",
      "name": "pk",
      "provider": "provider[\"registry.terraform.io/hashicorp/tls\"]",
      "instances": [
        {
          "schema_version": 1,
          "attributes": {
            "algorithm": "RSA",
            "ecdsa_curve": "P224",
            "id": "06551700908a0a0703cf56fd9608a4acda7ff7e4",
            "private_key_openssh": "-----BEGIN OPENSSH PRIVATE KEY-----\nb3BlbnNzaC1rZXktdjEAAAAABG5vbmUAAAAEbm9uZQAAAAAAAAABAAACFwAAAAdz\nc2gtcnNhAAAAAwEAAQAAAgEA2G9hZ9eTztuQOIfn/Y4ZBELzcjRtY6Jnair1AhTL\nw2c+V/iZnmoXZ/ENdKSL/OyBQgW8+MR1WDqTxI2/c7Mj1QBynUaVv8w6JQ3oG+jV\nAqzQpCia86dSLV4IXD+BtOr9HqiLcEKMa94sATwcfQqfAj5nuOw6tGYaEljir5z0\n2N+NgyzrctZ6uzHqTWQrQEnD9VTaXDlQTV/24Q6yJEEzp/GbWmHXHnHAnlOtYq5S\ndZpbsOdNG+08xqkop61IbWQ1Xz7cD49uNMdUX9lJyQtSduHLUwgrD/iL7DFRE2Lm\nqWhGlLWcWCuGkO5El2rAADR1tE0IsazKR+Kw9/ZSKWf/l+dKZR7rfueWV/au3mpt\n2cA5zPsQ/M8GumTZdaNbGEZ5MkoBsadrvwm6Ww8R84VB4MTasXX3FBu6k72xmZSq\nQ2c0z0arniph5uk7PEt7gY9osYyK9TQP4yl/nnLDkJxKoIQrWQ4yTWSrDclbRSU1\nr0bv1WTRBEyZTyNFIt16ySqlACLJNMezi7c1MRCwCh03gQHCvRk4rWmU9Iku0DOc\nrQp8iIIdYHmqpCd51OZ8zPcXGtHDxQHm8vZ1Qsa0J2+AzyXqxMEAagOlx4d2Ettj\ngTlJ07728fClpdxo8kg5XNvcYvibhn/60UNNHBGpgv4LF2tld/WhQgmbEup/GXm+\nCrMAAAc4YYQnhmGEJ4YAAAAHc3NoLXJzYQAAAgEA2G9hZ9eTztuQOIfn/Y4ZBELz\ncjRtY6Jnair1AhTLw2c+V/iZnmoXZ/ENdKSL/OyBQgW8+MR1WDqTxI2/c7Mj1QBy\nnUaVv8w6JQ3oG+jVAqzQpCia86dSLV4IXD+BtOr9HqiLcEKMa94sATwcfQqfAj5n\nuOw6tGYaEljir5z02N+NgyzrctZ6uzHqTWQrQEnD9VTaXDlQTV/24Q6yJEEzp/Gb\nWmHXHnHAnlOtYq5SdZpbsOdNG+08xqkop61IbWQ1Xz7cD49uNMdUX9lJyQtSduHL\nUwgrD/iL7DFRE2LmqWhGlLWcWCuGkO5El2rAADR1tE0IsazKR+Kw9/ZSKWf/l+dK\nZR7rfueWV/au3mpt2cA5zPsQ/M8GumTZdaNbGEZ5MkoBsadrvwm6Ww8R84VB4MTa\nsXX3FBu6k72xmZSqQ2c0z0arniph5uk7PEt7gY9osYyK9TQP4yl/nnLDkJxKoIQr\nWQ4yTWSrDclbRSU1r0bv1WTRBEyZTyNFIt16ySqlACLJNMezi7c1MRCwCh03gQHC\nvRk4rWmU9Iku0DOcrQp8iIIdYHmqpCd51OZ8zPcXGtHDxQHm8vZ1Qsa0J2+AzyXq\nxMEAagOlx4d2EttjgTlJ07728fClpdxo8kg5XNvcYvibhn/60UNNHBGpgv4LF2tl\nd/WhQgmbEup/GXm+CrMAAAADAQABAAACAGbqV3vkQ3F6cBKhdUvZFMY0+8PTcCyP\nXfNa59QMhXOuFTQJjyqHsgeH1OkhETu8Th5R0jDMYiwI9pjg+iePCDvRka59kNl5\nyDA0c6lJxngWKsPUVxIC/w15iCotPIUFtESuylcgHdtw8qXHqpg+w6tydym0kpmT\nb1RIFcqBrN+vNYApjO+3UvbOXmZcekCAkwCGT6rIyglw11je/xBEPMbgGQoaOgtM\n9dWTXn/s+mLXekAdTEo6PcsNRrqsqCL0Inje0A9KGZJZMiK9lNtXWegTp/YcjTVz\n7zzpmm7IeXwWjHFMBkLat4sU8WK6rP+r8khA1SB/VFRoU9QkuZ7cx+jYO9D1Ur4r\nGClLzLuiEvBTwp2Ls0m5Q6R7WHLlFN+pEoWG4k/L7zwPplmV7olzC0gEN8v8z3D3\nEV1yok+zZuT4SEC7CefBa2sX9PVjoNY0PP+QabxqcHRadqcQkAbpnhWmI/xXSYlA\nrcuIG0wVjqhQI6Zr0jkg4Aoa6tj4vaIqhW4kTSdoEKcz9seaxFsImL7sCk5ucgDe\nBaXYJSL4lPdn4Vc3Z/6dmJ7SQdeC1hCztoY9Ly9yVB/SDRpEP7aQY8BfQ+m+vBlY\nCmwbw1ilgYiRk7tIQsFb+RZW1+RgabwOFJjJjhjMqRJdWUjDvNlrAMiImhV1BUaO\nQqqDuMYBPbGBAAABAQC2T11MoBdx1FjxDaoLLn7zPXI3zN3ly5tCoVlYeaVDYPDU\ncq9Nm7R+lngUW5X7WogXn9P9Dd8jeIIyNUyo2KL80Bz9eS2MlRU6WTtbW0CGfM9g\n0Sw6Ij3Ink9+4yIw0S6Vw/yyrrEsnUNglhyuq+TpfwwsNYAasezXljmIxsbPquFe\nLF+rdA+zVDvPjOdpxtMjI6BRDPwtgABK8bQ6oW8E6aSGPI9oZZBqiWr1f7/cqKBD\nVC+dJfH5C5baY6J0JWq3fuMF9Z6qTjYX9lm+Jp4LFMa+rMQhIoqNouv0AP57hiL5\nzoZ+PLNyTzLR/cmc1G26m1tAqNqYdaQ27I/+I0SwAAABAQD3dr9WOLcImwn7d/p3\nF40H0BY+MIb+BSDtThcHy5O1/ofQK1907T3JbJXNDvnCAXgTKwPJqZ2UOqKgOrXb\n5fMI9ytZQ5vdKXMmS9grEdCKTawSHKjAcMi52+d09BbI+w5PiKH+iaU7n4AeXd5G\nyvGCuwGGoyxB4BiwGXV3PUYezMEu9+Hk1PvbjR/a6T2byUg31rbFyS1eZbNY0ibl\n8KJHmr25OMaOx67Nitvye4y6wmP+bNnkA14DUSOt8m6XlKGkyJaV/WzxAfBuDpJ8\nM5KYC6t0OEO288aeEcwmRY27EGApbspp5LYdNlpcbIOj/pIx3OTu4crXQdbjFvrw\n823zAAABAQDf5qFtz74KBl3pBsW6x/+X6lb5dnwjKQAFgZNRcJMUmwtEtoQG0MCQ\na4f0yFnnnvx71MI2pUxZl6VO638y4EID6pzPltwulflqEPRI2Dc5xPjl3MpAstZL\nXu1nrLs146iMVy8BFi5qCFbzEYsKQwgavfp9hp09Mbu0Ilq4V8rCxL8ffmOLTnzC\n+JF7E9kGg2U/2DThsnT+lkMSYtRq1/NbvPjntIkt0cLhUTuBI8xZrkgCZAx/bXvP\nkkOLDwA4u3L4H6I203C0RP14KLpvjL4+TOmWgqILgdQ0C5hRGtWHbZtVYczDs1Jw\niwuiJmv2NkF5Of2KHTV/eeYOoA57fGBBAAAAAAEC\n-----END OPENSSH PRIVATE KEY-----\n",
            "private_key_pem": "-----BEGIN RSA PRIVATE KEY-----\nMIIJKAIBAAKCAgEA2G9hZ9eTztuQOIfn/Y4ZBELzcjRtY6Jnair1AhTLw2c+V/iZ\nnmoXZ/ENdKSL/OyBQgW8+MR1WDqTxI2/c7Mj1QBynUaVv8w6JQ3oG+jVAqzQpCia\n86dSLV4IXD+BtOr9HqiLcEKMa94sATwcfQqfAj5nuOw6tGYaEljir5z02N+Ngyzr\nctZ6uzHqTWQrQEnD9VTaXDlQTV/24Q6yJEEzp/GbWmHXHnHAnlOtYq5SdZpbsOdN\nG+08xqkop61IbWQ1Xz7cD49uNMdUX9lJyQtSduHLUwgrD/iL7DFRE2LmqWhGlLWc\nWCuGkO5El2rAADR1tE0IsazKR+Kw9/ZSKWf/l+dKZR7rfueWV/au3mpt2cA5zPsQ\n/M8GumTZdaNbGEZ5MkoBsadrvwm6Ww8R84VB4MTasXX3FBu6k72xmZSqQ2c0z0ar\nniph5uk7PEt7gY9osYyK9TQP4yl/nnLDkJxKoIQrWQ4yTWSrDclbRSU1r0bv1WTR\nBEyZTyNFIt16ySqlACLJNMezi7c1MRCwCh03gQHCvRk4rWmU9Iku0DOcrQp8iIId\nYHmqpCd51OZ8zPcXGtHDxQHm8vZ1Qsa0J2+AzyXqxMEAagOlx4d2EttjgTlJ0772\n8fClpdxo8kg5XNvcYvibhn/60UNNHBGpgv4LF2tld/WhQgmbEup/GXm+CrMCAwEA\nAQKCAgBm6ld75ENxenASoXVL2RTGNPvD03Asj13zWufUDIVzrhU0CY8qh7IHh9Tp\nIRE7vE4eUdIwzGIsCPaY4Ponjwg70ZGufZDZecgwNHOpScZ4FirD1FcSAv8NeYgq\nLTyFBbRErspXIB3bcPKlx6qYPsOrcncptJKZk29USBXKgazfrzWAKYzvt1L2zl5m\nXHpAgJMAhk+qyMoJcNdY3v8QRDzG4BkKGjoLTPXVk15/7Ppi13pAHUxKOj3LDUa6\nrKgi9CJ43tAPShmSWTIivZTbV1noE6f2HI01c+886ZpuyHl8FoxxTAZC2reLFPFi\nuqz/q/JIQNUgf1RUaFPUJLme3Mfo2DvQ9VK+KxgpS8y7ohLwU8Kdi7NJuUOke1hy\n5RTfqRKFhuJPy+88D6ZZle6JcwtIBDfL/M9w9xFdcqJPs2bk+EhAuwnnwWtrF/T1\nY6DWNDz/kGm8anB0WnanEJAG6Z4VpiP8V0mJQK3LiBtMFY6oUCOma9I5IOAKGurY\n+L2iKoVuJE0naBCnM/bHmsRbCJi+7ApObnIA3gWl2CUi+JT3Z+FXN2f+nZie0kHX\ngtYQs7aGPS8vclQf0g0aRD+2kGPAX0PpvrwZWApsG8NYpYGIkZO7SELBW/kWVtfk\nYGm8DhSYyY4YzKkSXVlIw7zZawDIiJoVdQVGjkKqg7jGAT2xgQKCAQEA93a/Vji3\nCJsJ+3f6dxeNB9AWPjCG/gUg7U4XB8uTtf6H0CtfdO09yWyVzQ75wgF4EysDyamd\nlDqioDq12+XzCPcrWUOb3SlzJkvYKxHQik2sEhyowHDIudvndPQWyPsOT4ih/oml\nO5+AHl3eRsrxgrsBhqMsQeAYsBl1dz1GHszBLvfh5NT7240f2uk9m8lIN9a2xckt\nXmWzWNIm5fCiR5q9uTjGjseuzYrb8nuMusJj/mzZ5ANeA1EjrfJul5ShpMiWlf1s\n8QHwbg6SfDOSmAurdDhDtvPGnhHMJkWNuxBgKW7KaeS2HTZaXGyDo/6SMdzk7uHK\n10HW4xb68PNt8wKCAQEA3+ahbc++CgZd6QbFusf/l+pW+XZ8IykABYGTUXCTFJsL\nRLaEBtDAkGuH9MhZ5578e9TCNqVMWZelTut/MuBCA+qcz5bcLpX5ahD0SNg3OcT4\n5dzKQLLWS17tZ6y7NeOojFcvARYuaghW8xGLCkMIGr36fYadPTG7tCJauFfKwsS/\nH35ji058wviRexPZBoNlP9g04bJ0/pZDEmLUatfzW7z457SJLdHC4VE7gSPMWa5I\nAmQMf217z5JDiw8AOLty+B+iNtNwtET9eCi6b4y+PkzploKiC4HUNAuYURrVh22b\nVWHMw7NScIsLoiZr9jZBeTn9ih01f3nmDqAOe3xgQQKCAQBlvDT3PoPJDuwwrOeU\nlGMPhjXOxWaKAhPCW6tOMhx84rJ1G4+341zWdUS0s+ZsIux5fOKmwoudB+oZ02k2\niTe8RNlWblwitUq4wM+TDVTdtwb5vzyFORjciBKE22COqd/9RJ/MpEwA0hb65P5f\nvklBxJ3g+y5TusyLgTvwlIlCWk1FgPUmfYU5grBI8EC6zipZgnVLpOR4/XiZGHST\nbbVZmL1M65F924v6xo6cBr0ZfpdbXubJPbUlyfLQLW3X9Wvq8eguq6xg/LoalPUW\nCKHIzmtjcUotadUK4Sg7x7Z35EiUYA7pL/TK17CYdKg+AIeb5kNcDgm1K0UrwSPT\ncVCPAoIBAC3aACMJ0QQii6bF8UYv4OLOZaNOpVtZ8Rwvjei2ohgtLCCVM/JlW5n3\nu27gfLDXOSNuzZr9POZ4DK1dwr27eSluKVDFty9/HQWglTY5uQ2GjeYc0fpv5Tyo\nIvwBPpFpnsGmtQSG81hZftzmMdAXLBi14Q9FuvumLKdWBbgMmoRKYE1lx6Lmntwa\npUhMJzyTOe/aKfIyZo0gXnnsbU24DakyyNJCgXk1pLAZv5LRru6Kp0p+DKUn2ZwH\neveGSehUUtYHPGP35vOz0SiDRrLDYs5FV+yvsdmja76AxV+OnD3Qr2fL0HAfT/mm\nL+qz7ZYNRFk8C/T1yFfjsb46/txA+0ECggEBALZPXUygF3HUWPENqgsufvM9cjfM\n3eXLm0KhWVh5pUNg8NRyr02btH6WeBRblftaiBef0/0N3yN4gjI1TKjYovzQHP15\nLYyVFTpZO1tbQIZ8z2DRLDoiPcieT37jIjDRLpXD/LKusSydQ2CWHK6r5Ol/DCw1\ngBqx7NeWOYjGxs+q4V4sX6t0D7NUO8+M52nG0yMjoFEM/C2AAErxtDqhbwTppIY8\nj2hlkGqJavV/v9yooENUL50l8fkLltpjonQlard+4wX1nqpONhf2Wb4mngsUxr6s\nxCEiio2i6/QA/nuGIvnOhn48s3JPMtH9yZzUbbqbW0Co2ph1pDbsj/4jRLA=\n-----END RSA PRIVATE KEY-----\n",
            "private_key_pem_pkcs8": "-----BEGIN PRIVATE KEY-----\nMIIJQgIBADANBgkqhkiG9w0BAQEFAASCCSwwggkoAgEAAoICAQDYb2Fn15PO25A4\nh+f9jhkEQvNyNG1jomdqKvUCFMvDZz5X+Jmeahdn8Q10pIv87IFCBbz4xHVYOpPE\njb9zsyPVAHKdRpW/zDolDegb6NUCrNCkKJrzp1ItXghcP4G06v0eqItwQoxr3iwB\nPBx9Cp8CPme47Dq0ZhoSWOKvnPTY342DLOty1nq7MepNZCtAScP1VNpcOVBNX/bh\nDrIkQTOn8ZtaYdceccCeU61irlJ1mluw500b7TzGqSinrUhtZDVfPtwPj240x1Rf\n2UnJC1J24ctTCCsP+IvsMVETYuapaEaUtZxYK4aQ7kSXasAANHW0TQixrMpH4rD3\n9lIpZ/+X50plHut+55ZX9q7eam3ZwDnM+xD8zwa6ZNl1o1sYRnkySgGxp2u/Cbpb\nDxHzhUHgxNqxdfcUG7qTvbGZlKpDZzTPRqueKmHm6Ts8S3uBj2ixjIr1NA/jKX+e\ncsOQnEqghCtZDjJNZKsNyVtFJTWvRu/VZNEETJlPI0Ui3XrJKqUAIsk0x7OLtzUx\nELAKHTeBAcK9GTitaZT0iS7QM5ytCnyIgh1geaqkJ3nU5nzM9xca0cPFAeby9nVC\nxrQnb4DPJerEwQBqA6XHh3YS22OBOUnTvvbx8KWl3GjySDlc29xi+JuGf/rRQ00c\nEamC/gsXa2V39aFCCZsS6n8Zeb4KswIDAQABAoICAGbqV3vkQ3F6cBKhdUvZFMY0\n+8PTcCyPXfNa59QMhXOuFTQJjyqHsgeH1OkhETu8Th5R0jDMYiwI9pjg+iePCDvR\nka59kNl5yDA0c6lJxngWKsPUVxIC/w15iCotPIUFtESuylcgHdtw8qXHqpg+w6ty\ndym0kpmTb1RIFcqBrN+vNYApjO+3UvbOXmZcekCAkwCGT6rIyglw11je/xBEPMbg\nGQoaOgtM9dWTXn/s+mLXekAdTEo6PcsNRrqsqCL0Inje0A9KGZJZMiK9lNtXWegT\np/YcjTVz7zzpmm7IeXwWjHFMBkLat4sU8WK6rP+r8khA1SB/VFRoU9QkuZ7cx+jY\nO9D1Ur4rGClLzLuiEvBTwp2Ls0m5Q6R7WHLlFN+pEoWG4k/L7zwPplmV7olzC0gE\nN8v8z3D3EV1yok+zZuT4SEC7CefBa2sX9PVjoNY0PP+QabxqcHRadqcQkAbpnhWm\nI/xXSYlArcuIG0wVjqhQI6Zr0jkg4Aoa6tj4vaIqhW4kTSdoEKcz9seaxFsImL7s\nCk5ucgDeBaXYJSL4lPdn4Vc3Z/6dmJ7SQdeC1hCztoY9Ly9yVB/SDRpEP7aQY8Bf\nQ+m+vBlYCmwbw1ilgYiRk7tIQsFb+RZW1+RgabwOFJjJjhjMqRJdWUjDvNlrAMiI\nmhV1BUaOQqqDuMYBPbGBAoIBAQD3dr9WOLcImwn7d/p3F40H0BY+MIb+BSDtThcH\ny5O1/ofQK1907T3JbJXNDvnCAXgTKwPJqZ2UOqKgOrXb5fMI9ytZQ5vdKXMmS9gr\nEdCKTawSHKjAcMi52+d09BbI+w5PiKH+iaU7n4AeXd5GyvGCuwGGoyxB4BiwGXV3\nPUYezMEu9+Hk1PvbjR/a6T2byUg31rbFyS1eZbNY0ibl8KJHmr25OMaOx67Nitvy\ne4y6wmP+bNnkA14DUSOt8m6XlKGkyJaV/WzxAfBuDpJ8M5KYC6t0OEO288aeEcwm\nRY27EGApbspp5LYdNlpcbIOj/pIx3OTu4crXQdbjFvrw823zAoIBAQDf5qFtz74K\nBl3pBsW6x/+X6lb5dnwjKQAFgZNRcJMUmwtEtoQG0MCQa4f0yFnnnvx71MI2pUxZ\nl6VO638y4EID6pzPltwulflqEPRI2Dc5xPjl3MpAstZLXu1nrLs146iMVy8BFi5q\nCFbzEYsKQwgavfp9hp09Mbu0Ilq4V8rCxL8ffmOLTnzC+JF7E9kGg2U/2DThsnT+\nlkMSYtRq1/NbvPjntIkt0cLhUTuBI8xZrkgCZAx/bXvPkkOLDwA4u3L4H6I203C0\nRP14KLpvjL4+TOmWgqILgdQ0C5hRGtWHbZtVYczDs1JwiwuiJmv2NkF5Of2KHTV/\neeYOoA57fGBBAoIBAGW8NPc+g8kO7DCs55SUYw+GNc7FZooCE8Jbq04yHHzisnUb\nj7fjXNZ1RLSz5mwi7Hl84qbCi50H6hnTaTaJN7xE2VZuXCK1SrjAz5MNVN23Bvm/\nPIU5GNyIEoTbYI6p3/1En8ykTADSFvrk/l++SUHEneD7LlO6zIuBO/CUiUJaTUWA\n9SZ9hTmCsEjwQLrOKlmCdUuk5Hj9eJkYdJNttVmYvUzrkX3bi/rGjpwGvRl+l1te\n5sk9tSXJ8tAtbdf1a+rx6C6rrGD8uhqU9RYIocjOa2NxSi1p1QrhKDvHtnfkSJRg\nDukv9MrXsJh0qD4Ah5vmQ1wOCbUrRSvBI9NxUI8CggEALdoAIwnRBCKLpsXxRi/g\n4s5lo06lW1nxHC+N6LaiGC0sIJUz8mVbmfe7buB8sNc5I27Nmv085ngMrV3Cvbt5\nKW4pUMW3L38dBaCVNjm5DYaN5hzR+m/lPKgi/AE+kWmewaa1BIbzWFl+3OYx0Bcs\nGLXhD0W6+6Ysp1YFuAyahEpgTWXHouae3BqlSEwnPJM579op8jJmjSBeeextTbgN\nqTLI0kKBeTWksBm/ktGu7oqnSn4MpSfZnAd694ZJ6FRS1gc8Y/fm87PRKINGssNi\nzkVX7K+x2aNrvoDFX46cPdCvZ8vQcB9P+aYv6rPtlg1EWTwL9PXIV+Oxvjr+3ED7\nQQKCAQEAtk9dTKAXcdRY8Q2qCy5+8z1yN8zd5cubQqFZWHmlQ2Dw1HKvTZu0fpZ4\nFFuV+1qIF5/T/Q3fI3iCMjVMqNii/NAc/XktjJUVOlk7W1tAhnzPYNEsOiI9yJ5P\nfuMiMNEulcP8sq6xLJ1DYJYcrqvk6X8MLDWAGrHs15Y5iMbGz6rhXixfq3QPs1Q7\nz4znacbTIyOgUQz8LYAASvG0OqFvBOmkhjyPaGWQaolq9X+/3KigQ1QvnSXx+QuW\n2mOidCVqt37jBfWeqk42F/ZZviaeCxTGvqzEISKKjaLr9AD+e4Yi+c6Gfjyzck8y\n0f3JnNRtuptbQKjamHWkNuyP/iNEsA==\n-----END PRIVATE KEY-----\n",
            "public_key_fingerprint_md5": "d0:77:2c:c6:e9:48:fd:d5:9d:50:5c:b3:92:4a:ce:24",
            "public_key_fingerprint_sha256": "SHA256:GJxAGoP6Wv8bcMyJxwc6sMCaDfPKYRIUecxeCcS2xo8",
            "public_key_openssh": "ssh-rsa AAAAB3NzaC1yc2EAAAADAQABAAACAQDYb2Fn15PO25A4h+f9jhkEQvNyNG1jomdqKvUCFMvDZz5X+Jmeahdn8Q10pIv87IFCBbz4xHVYOpPEjb9zsyPVAHKdRpW/zDolDegb6NUCrNCkKJrzp1ItXghcP4G06v0eqItwQoxr3iwBPBx9Cp8CPme47Dq0ZhoSWOKvnPTY342DLOty1nq7MepNZCtAScP1VNpcOVBNX/bhDrIkQTOn8ZtaYdceccCeU61irlJ1mluw500b7TzGqSinrUhtZDVfPtwPj240x1Rf2UnJC1J24ctTCCsP+IvsMVETYuapaEaUtZxYK4aQ7kSXasAANHW0TQixrMpH4rD39lIpZ/+X50plHut+55ZX9q7eam3ZwDnM+xD8zwa6ZNl1o1sYRnkySgGxp2u/CbpbDxHzhUHgxNqxdfcUG7qTvbGZlKpDZzTPRqueKmHm6Ts8S3uBj2ixjIr1NA/jKX+ecsOQnEqghCtZDjJNZKsNyVtFJTWvRu/VZNEETJlPI0Ui3XrJKqUAIsk0x7OLtzUxELAKHTeBAcK9GTitaZT0iS7QM5ytCnyIgh1geaqkJ3nU5nzM9xca0cPFAeby9nVCxrQnb4DPJerEwQBqA6XHh3YS22OBOUnTvvbx8KWl3GjySDlc29xi+JuGf/rRQ00cEamC/gsXa2V39aFCCZsS6n8Zeb4Ksw==\n",
            "public_key_pem": "-----BEGIN PUBLIC KEY-----\nMIICIjANBgkqhkiG9w0BAQEFAAOCAg8AMIICCgKCAgEA2G9hZ9eTztuQOIfn/Y4Z\nBELzcjRtY6Jnair1AhTLw2c+V/iZnmoXZ/ENdKSL/OyBQgW8+MR1WDqTxI2/c7Mj\n1QBynUaVv8w6JQ3oG+jVAqzQpCia86dSLV4IXD+BtOr9HqiLcEKMa94sATwcfQqf\nAj5nuOw6tGYaEljir5z02N+NgyzrctZ6uzHqTWQrQEnD9VTaXDlQTV/24Q6yJEEz\np/GbWmHXHnHAnlOtYq5SdZpbsOdNG+08xqkop61IbWQ1Xz7cD49uNMdUX9lJyQtS\nduHLUwgrD/iL7DFRE2LmqWhGlLWcWCuGkO5El2rAADR1tE0IsazKR+Kw9/ZSKWf/\nl+dKZR7rfueWV/au3mpt2cA5zPsQ/M8GumTZdaNbGEZ5MkoBsadrvwm6Ww8R84VB\n4MTasXX3FBu6k72xmZSqQ2c0z0arniph5uk7PEt7gY9osYyK9TQP4yl/nnLDkJxK\noIQrWQ4yTWSrDclbRSU1r0bv1WTRBEyZTyNFIt16ySqlACLJNMezi7c1MRCwCh03\ngQHCvRk4rWmU9Iku0DOcrQp8iIIdYHmqpCd51OZ8zPcXGtHDxQHm8vZ1Qsa0J2+A\nzyXqxMEAagOlx4d2EttjgTlJ07728fClpdxo8kg5XNvcYvibhn/60UNNHBGpgv4L\nF2tld/WhQgmbEup/GXm+CrMCAwEAAQ==\n-----END PUBLIC KEY-----\n",
            "rsa_bits": 4096
          },
          "sensitive_attributes": []
        }
      ]
    }
  ]
}
